// !$*UTF8*$!
{
	archiveVersion = 1;
	classes = {
	};
	objectVersion = 46;
	objects = {

/* Begin PBXBuildFile section */
		D4E06E632037015D0095F442 /* NaiveC.framework in Frameworks */ = {isa = PBXBuildFile; fileRef = D4E06E5A2037015C0095F442 /* NaiveC.framework */; };
		D4E06E682037015D0095F442 /* NaiveCTests.m in Sources */ = {isa = PBXBuildFile; fileRef = D4E06E672037015D0095F442 /* NaiveCTests.m */; };
		D4E06E6A2037015D0095F442 /* NaiveC.h in Headers */ = {isa = PBXBuildFile; fileRef = D4E06E5C2037015C0095F442 /* NaiveC.h */; settings = {ATTRIBUTES = (Public, ); }; };
		D4E06EE7203716140095F442 /* NCCodeEngine_iOS.h in Headers */ = {isa = PBXBuildFile; fileRef = D4E06EE5203716140095F442 /* NCCodeEngine_iOS.h */; settings = {ATTRIBUTES = (Public, ); }; };
		D4E06EE8203716140095F442 /* NCCodeEngine_iOS.mm in Sources */ = {isa = PBXBuildFile; fileRef = D4E06EE6203716140095F442 /* NCCodeEngine_iOS.mm */; };
		D4E06EE920371D910095F442 /* NCAST.cpp in Sources */ = {isa = PBXBuildFile; fileRef = ED219CC51F6D16370015293A /* NCAST.cpp */; };
		D4E06EEA20371D910095F442 /* NCAST.hpp in Sources */ = {isa = PBXBuildFile; fileRef = ED219CC61F6D16370015293A /* NCAST.hpp */; };
		D4E06EEB20371D910095F442 /* NCParser.cpp in Sources */ = {isa = PBXBuildFile; fileRef = ED219CC71F6D16370015293A /* NCParser.cpp */; };
		D4E06EEC20371D910095F442 /* NCParser.hpp in Sources */ = {isa = PBXBuildFile; fileRef = ED219CC81F6D16370015293A /* NCParser.hpp */; };
		D4E06EED20371D910095F442 /* NCTokenizer.cpp in Sources */ = {isa = PBXBuildFile; fileRef = ED219CC91F6D16370015293A /* NCTokenizer.cpp */; };
		D4E06EEE20371D910095F442 /* NCTokenizer.hpp in Sources */ = {isa = PBXBuildFile; fileRef = ED219CCA1F6D16370015293A /* NCTokenizer.hpp */; };
		D4E06EEF20371D9E0095F442 /* NCBuiltinFunction.hpp in Sources */ = {isa = PBXBuildFile; fileRef = ED219CCC1F6D16370015293A /* NCBuiltinFunction.hpp */; };
		D4E06EF020371D9E0095F442 /* NCBuiltinFunction.mm in Sources */ = {isa = PBXBuildFile; fileRef = ED219CCD1F6D16370015293A /* NCBuiltinFunction.mm */; };
		D4E06EF120371D9E0095F442 /* NCCode.cpp in Sources */ = {isa = PBXBuildFile; fileRef = ED219CCE1F6D16370015293A /* NCCode.cpp */; };
		D4E06EF220371D9E0095F442 /* NCCode.hpp in Sources */ = {isa = PBXBuildFile; fileRef = ED219CCF1F6D16370015293A /* NCCode.hpp */; };
		D4E06EF320371D9E0095F442 /* NCInterpreter.cpp in Sources */ = {isa = PBXBuildFile; fileRef = ED219CD01F6D16370015293A /* NCInterpreter.cpp */; };
		D4E06EF420371D9E0095F442 /* NCInterpreter.hpp in Sources */ = {isa = PBXBuildFile; fileRef = ED219CD11F6D16370015293A /* NCInterpreter.hpp */; };
		D4E06EF520371D9E0095F442 /* NCStackElement.cpp in Sources */ = {isa = PBXBuildFile; fileRef = ED219CD21F6D16370015293A /* NCStackElement.cpp */; };
		D4E06EF620371D9E0095F442 /* NCStackElement.hpp in Sources */ = {isa = PBXBuildFile; fileRef = ED219CD31F6D16370015293A /* NCStackElement.hpp */; };
		D4E06EF720371D9E0095F442 /* NCObject.cpp in Sources */ = {isa = PBXBuildFile; fileRef = ED2040341F77A6D300734821 /* NCObject.cpp */; };
		D4E06EF820371D9E0095F442 /* NCObject.hpp in Sources */ = {isa = PBXBuildFile; fileRef = ED2040351F77A6D300734821 /* NCObject.hpp */; };
		D4E06EF920371D9E0095F442 /* NCClassLoader.cpp in Sources */ = {isa = PBXBuildFile; fileRef = D4E06DC220304A410095F442 /* NCClassLoader.cpp */; };
		D4E06EFA20371D9E0095F442 /* NCClassLoader.hpp in Sources */ = {isa = PBXBuildFile; fileRef = D4E06DC320304A410095F442 /* NCClassLoader.hpp */; };
		D4E06EFB20371D9E0095F442 /* NCClassProvider.cpp in Sources */ = {isa = PBXBuildFile; fileRef = D4E06DC5203125D40095F442 /* NCClassProvider.cpp */; };
		D4E06EFC20371D9E0095F442 /* NCClassProvider.hpp in Sources */ = {isa = PBXBuildFile; fileRef = D4E06DC6203125D40095F442 /* NCClassProvider.hpp */; };
		D4E06F0120371DA50095F442 /* NCCocoaClassProvider.mm in Sources */ = {isa = PBXBuildFile; fileRef = D4E06E0D203192CB0095F442 /* NCCocoaClassProvider.mm */; };
		D4E06F0220371DAB0095F442 /* NCCocoaClassProvider.hpp in Sources */ = {isa = PBXBuildFile; fileRef = D4E06E0E203192CB0095F442 /* NCCocoaClassProvider.hpp */; };
		D4E06F0520371DAB0095F442 /* NCCocoaBox.mm in Sources */ = {isa = PBXBuildFile; fileRef = D4E06E2A2032F2C50095F442 /* NCCocoaBox.mm */; };
		D4E06F0620371DAB0095F442 /* NCCocoaBox.hpp in Sources */ = {isa = PBXBuildFile; fileRef = D4E06E2B2032F2C50095F442 /* NCCocoaBox.hpp */; };
		D4E06F0720371DAB0095F442 /* NSObject+NCInvocation.h in Sources */ = {isa = PBXBuildFile; fileRef = D4E06E2D203552CD0095F442 /* NSObject+NCInvocation.h */; };
		D4E06F0820371DAB0095F442 /* NSObject+NCInvocation.mm in Sources */ = {isa = PBXBuildFile; fileRef = D4E06E2E203552CD0095F442 /* NSObject+NCInvocation.mm */; };
		D4E06F0E203871E10095F442 /* NCClass.cpp in Sources */ = {isa = PBXBuildFile; fileRef = D4E06F0C203871E10095F442 /* NCClass.cpp */; };
		D4E06F0F203871E10095F442 /* NCClass.hpp in Headers */ = {isa = PBXBuildFile; fileRef = D4E06F0D203871E10095F442 /* NCClass.hpp */; };
		D4E06F102038727D0095F442 /* NCClass.hpp in Sources */ = {isa = PBXBuildFile; fileRef = D4E06F0D203871E10095F442 /* NCClass.hpp */; };
		D4E06F1820396FD10095F442 /* NCStandardLibraryProvider.cpp in Sources */ = {isa = PBXBuildFile; fileRef = D4E06F1620396FD10095F442 /* NCStandardLibraryProvider.cpp */; };
		D4E06F1920396FD10095F442 /* NCStandardLibraryProvider.hpp in Headers */ = {isa = PBXBuildFile; fileRef = D4E06F1720396FD10095F442 /* NCStandardLibraryProvider.hpp */; };
		D4E06F1C203971280095F442 /* NCArray.cpp in Sources */ = {isa = PBXBuildFile; fileRef = D4E06F1A203971280095F442 /* NCArray.cpp */; };
		D4E06F1D203971280095F442 /* NCArray.hpp in Headers */ = {isa = PBXBuildFile; fileRef = D4E06F1B203971280095F442 /* NCArray.hpp */; };
		D4E06F20203972F90095F442 /* NCStandardClass.cpp in Sources */ = {isa = PBXBuildFile; fileRef = D4E06F1E203972F90095F442 /* NCStandardClass.cpp */; };
		D4E06F21203972F90095F442 /* NCStandardClass.hpp in Headers */ = {isa = PBXBuildFile; fileRef = D4E06F1F203972F90095F442 /* NCStandardClass.hpp */; };
		D4E06F2420397AAB0095F442 /* NCCocoaClass.mm in Sources */ = {isa = PBXBuildFile; fileRef = D4E06F2220397AAB0095F442 /* NCCocoaClass.mm */; };
		D4E06F2520397AAB0095F442 /* NCCocoaClass.hpp in Headers */ = {isa = PBXBuildFile; fileRef = D4E06F2320397AAB0095F442 /* NCCocoaClass.hpp */; };
		D4E06F28203C3E1B0095F442 /* NCCocoaToolkit.mm in Sources */ = {isa = PBXBuildFile; fileRef = D4E06F26203C3E1B0095F442 /* NCCocoaToolkit.mm */; };
		D4E06F29203C3E1B0095F442 /* NCCocoaToolkit.hpp in Headers */ = {isa = PBXBuildFile; fileRef = D4E06F27203C3E1B0095F442 /* NCCocoaToolkit.hpp */; };
/* End PBXBuildFile section */

/* Begin PBXContainerItemProxy section */
		D4E06E642037015D0095F442 /* PBXContainerItemProxy */ = {
			isa = PBXContainerItemProxy;
			containerPortal = ED219C931F6D15CB0015293A /* Project object */;
			proxyType = 1;
			remoteGlobalIDString = D4E06E592037015C0095F442;
			remoteInfo = NaiveC;
		};
/* End PBXContainerItemProxy section */

/* Begin PBXFileReference section */
		D4716E681FF26F24000797B1 /* CodeTest */ = {isa = PBXFileReference; fileEncoding = 4; lastKnownFileType = text; path = CodeTest; sourceTree = "<group>"; };
		D4E06DC220304A410095F442 /* NCClassLoader.cpp */ = {isa = PBXFileReference; lastKnownFileType = sourcecode.cpp.cpp; path = NCClassLoader.cpp; sourceTree = "<group>"; };
		D4E06DC320304A410095F442 /* NCClassLoader.hpp */ = {isa = PBXFileReference; lastKnownFileType = sourcecode.cpp.h; path = NCClassLoader.hpp; sourceTree = "<group>"; };
		D4E06DC5203125D40095F442 /* NCClassProvider.cpp */ = {isa = PBXFileReference; lastKnownFileType = sourcecode.cpp.cpp; path = NCClassProvider.cpp; sourceTree = "<group>"; };
		D4E06DC6203125D40095F442 /* NCClassProvider.hpp */ = {isa = PBXFileReference; lastKnownFileType = sourcecode.cpp.h; path = NCClassProvider.hpp; sourceTree = "<group>"; };
		D4E06E0D203192CB0095F442 /* NCCocoaClassProvider.mm */ = {isa = PBXFileReference; lastKnownFileType = sourcecode.cpp.objcpp; path = NCCocoaClassProvider.mm; sourceTree = "<group>"; };
		D4E06E0E203192CB0095F442 /* NCCocoaClassProvider.hpp */ = {isa = PBXFileReference; lastKnownFileType = sourcecode.cpp.h; path = NCCocoaClassProvider.hpp; sourceTree = "<group>"; };
		D4E06E2A2032F2C50095F442 /* NCCocoaBox.mm */ = {isa = PBXFileReference; lastKnownFileType = sourcecode.cpp.objcpp; path = NCCocoaBox.mm; sourceTree = "<group>"; };
		D4E06E2B2032F2C50095F442 /* NCCocoaBox.hpp */ = {isa = PBXFileReference; lastKnownFileType = sourcecode.cpp.h; path = NCCocoaBox.hpp; sourceTree = "<group>"; };
		D4E06E2D203552CD0095F442 /* NSObject+NCInvocation.h */ = {isa = PBXFileReference; lastKnownFileType = sourcecode.c.h; path = "NSObject+NCInvocation.h"; sourceTree = "<group>"; };
		D4E06E2E203552CD0095F442 /* NSObject+NCInvocation.mm */ = {isa = PBXFileReference; lastKnownFileType = sourcecode.cpp.objcpp; path = "NSObject+NCInvocation.mm"; sourceTree = "<group>"; };
		D4E06E5A2037015C0095F442 /* NaiveC.framework */ = {isa = PBXFileReference; explicitFileType = wrapper.framework; includeInIndex = 0; path = NaiveC.framework; sourceTree = BUILT_PRODUCTS_DIR; };
		D4E06E5C2037015C0095F442 /* NaiveC.h */ = {isa = PBXFileReference; lastKnownFileType = sourcecode.c.h; path = NaiveC.h; sourceTree = "<group>"; };
		D4E06E5D2037015C0095F442 /* Info.plist */ = {isa = PBXFileReference; lastKnownFileType = text.plist.xml; path = Info.plist; sourceTree = "<group>"; };
		D4E06E622037015C0095F442 /* NaiveCTests.xctest */ = {isa = PBXFileReference; explicitFileType = wrapper.cfbundle; includeInIndex = 0; path = NaiveCTests.xctest; sourceTree = BUILT_PRODUCTS_DIR; };
		D4E06E672037015D0095F442 /* NaiveCTests.m */ = {isa = PBXFileReference; lastKnownFileType = sourcecode.c.objc; path = NaiveCTests.m; sourceTree = "<group>"; };
		D4E06E692037015D0095F442 /* Info.plist */ = {isa = PBXFileReference; lastKnownFileType = text.plist.xml; path = Info.plist; sourceTree = "<group>"; };
		D4E06EE5203716140095F442 /* NCCodeEngine_iOS.h */ = {isa = PBXFileReference; lastKnownFileType = sourcecode.c.h; path = NCCodeEngine_iOS.h; sourceTree = "<group>"; };
		D4E06EE6203716140095F442 /* NCCodeEngine_iOS.mm */ = {isa = PBXFileReference; lastKnownFileType = sourcecode.cpp.objcpp; path = NCCodeEngine_iOS.mm; sourceTree = "<group>"; };
		D4E06F0C203871E10095F442 /* NCClass.cpp */ = {isa = PBXFileReference; lastKnownFileType = sourcecode.cpp.cpp; path = NCClass.cpp; sourceTree = "<group>"; };
		D4E06F0D203871E10095F442 /* NCClass.hpp */ = {isa = PBXFileReference; lastKnownFileType = sourcecode.cpp.h; path = NCClass.hpp; sourceTree = "<group>"; };
		D4E06F1620396FD10095F442 /* NCStandardLibraryProvider.cpp */ = {isa = PBXFileReference; lastKnownFileType = sourcecode.cpp.cpp; path = NCStandardLibraryProvider.cpp; sourceTree = "<group>"; };
		D4E06F1720396FD10095F442 /* NCStandardLibraryProvider.hpp */ = {isa = PBXFileReference; lastKnownFileType = sourcecode.cpp.h; path = NCStandardLibraryProvider.hpp; sourceTree = "<group>"; };
		D4E06F1A203971280095F442 /* NCArray.cpp */ = {isa = PBXFileReference; lastKnownFileType = sourcecode.cpp.cpp; path = NCArray.cpp; sourceTree = "<group>"; };
		D4E06F1B203971280095F442 /* NCArray.hpp */ = {isa = PBXFileReference; lastKnownFileType = sourcecode.cpp.h; path = NCArray.hpp; sourceTree = "<group>"; };
		D4E06F1E203972F90095F442 /* NCStandardClass.cpp */ = {isa = PBXFileReference; lastKnownFileType = sourcecode.cpp.cpp; path = NCStandardClass.cpp; sourceTree = "<group>"; };
		D4E06F1F203972F90095F442 /* NCStandardClass.hpp */ = {isa = PBXFileReference; lastKnownFileType = sourcecode.cpp.h; path = NCStandardClass.hpp; sourceTree = "<group>"; };
		D4E06F2220397AAB0095F442 /* NCCocoaClass.mm */ = {isa = PBXFileReference; lastKnownFileType = sourcecode.cpp.objcpp; path = NCCocoaClass.mm; sourceTree = "<group>"; };
		D4E06F2320397AAB0095F442 /* NCCocoaClass.hpp */ = {isa = PBXFileReference; lastKnownFileType = sourcecode.cpp.h; path = NCCocoaClass.hpp; sourceTree = "<group>"; };
		D4E06F26203C3E1B0095F442 /* NCCocoaToolkit.mm */ = {isa = PBXFileReference; lastKnownFileType = sourcecode.cpp.objcpp; path = NCCocoaToolkit.mm; sourceTree = "<group>"; };
		D4E06F27203C3E1B0095F442 /* NCCocoaToolkit.hpp */ = {isa = PBXFileReference; lastKnownFileType = sourcecode.cpp.h; path = NCCocoaToolkit.hpp; sourceTree = "<group>"; };
		ED2040341F77A6D300734821 /* NCObject.cpp */ = {isa = PBXFileReference; fileEncoding = 4; lastKnownFileType = sourcecode.cpp.cpp; path = NCObject.cpp; sourceTree = "<group>"; };
		ED2040351F77A6D300734821 /* NCObject.hpp */ = {isa = PBXFileReference; fileEncoding = 4; lastKnownFileType = sourcecode.cpp.h; path = NCObject.hpp; sourceTree = "<group>"; };
		ED219C9F1F6D15CB0015293A /* main.m */ = {isa = PBXFileReference; lastKnownFileType = sourcecode.c.objc; path = main.m; sourceTree = "<group>"; };
		ED219CAA1F6D15CB0015293A /* Assets.xcassets */ = {isa = PBXFileReference; lastKnownFileType = folder.assetcatalog; path = Assets.xcassets; sourceTree = "<group>"; };
		ED219CAF1F6D15CB0015293A /* Info.plist */ = {isa = PBXFileReference; lastKnownFileType = text.plist.xml; path = Info.plist; sourceTree = "<group>"; };
		ED219CC51F6D16370015293A /* NCAST.cpp */ = {isa = PBXFileReference; fileEncoding = 4; lastKnownFileType = sourcecode.cpp.cpp; path = NCAST.cpp; sourceTree = "<group>"; };
		ED219CC61F6D16370015293A /* NCAST.hpp */ = {isa = PBXFileReference; fileEncoding = 4; lastKnownFileType = sourcecode.cpp.h; path = NCAST.hpp; sourceTree = "<group>"; };
		ED219CC71F6D16370015293A /* NCParser.cpp */ = {isa = PBXFileReference; fileEncoding = 4; lastKnownFileType = sourcecode.cpp.cpp; path = NCParser.cpp; sourceTree = "<group>"; };
		ED219CC81F6D16370015293A /* NCParser.hpp */ = {isa = PBXFileReference; fileEncoding = 4; lastKnownFileType = sourcecode.cpp.h; path = NCParser.hpp; sourceTree = "<group>"; };
		ED219CC91F6D16370015293A /* NCTokenizer.cpp */ = {isa = PBXFileReference; fileEncoding = 4; lastKnownFileType = sourcecode.cpp.cpp; path = NCTokenizer.cpp; sourceTree = "<group>"; };
		ED219CCA1F6D16370015293A /* NCTokenizer.hpp */ = {isa = PBXFileReference; fileEncoding = 4; lastKnownFileType = sourcecode.cpp.h; path = NCTokenizer.hpp; sourceTree = "<group>"; };
		ED219CCC1F6D16370015293A /* NCBuiltinFunction.hpp */ = {isa = PBXFileReference; fileEncoding = 4; lastKnownFileType = sourcecode.cpp.h; path = NCBuiltinFunction.hpp; sourceTree = "<group>"; };
		ED219CCD1F6D16370015293A /* NCBuiltinFunction.mm */ = {isa = PBXFileReference; fileEncoding = 4; lastKnownFileType = sourcecode.cpp.objcpp; path = NCBuiltinFunction.mm; sourceTree = "<group>"; };
		ED219CCE1F6D16370015293A /* NCCode.cpp */ = {isa = PBXFileReference; fileEncoding = 4; lastKnownFileType = sourcecode.cpp.cpp; path = NCCode.cpp; sourceTree = "<group>"; };
		ED219CCF1F6D16370015293A /* NCCode.hpp */ = {isa = PBXFileReference; fileEncoding = 4; lastKnownFileType = sourcecode.cpp.h; path = NCCode.hpp; sourceTree = "<group>"; };
		ED219CD01F6D16370015293A /* NCInterpreter.cpp */ = {isa = PBXFileReference; fileEncoding = 4; lastKnownFileType = sourcecode.cpp.cpp; path = NCInterpreter.cpp; sourceTree = "<group>"; };
		ED219CD11F6D16370015293A /* NCInterpreter.hpp */ = {isa = PBXFileReference; fileEncoding = 4; lastKnownFileType = sourcecode.cpp.h; path = NCInterpreter.hpp; sourceTree = "<group>"; };
		ED219CD21F6D16370015293A /* NCStackElement.cpp */ = {isa = PBXFileReference; fileEncoding = 4; lastKnownFileType = sourcecode.cpp.cpp; path = NCStackElement.cpp; sourceTree = "<group>"; };
		ED219CD31F6D16370015293A /* NCStackElement.hpp */ = {isa = PBXFileReference; fileEncoding = 4; lastKnownFileType = sourcecode.cpp.h; path = NCStackElement.hpp; sourceTree = "<group>"; };
		ED219CDF1F6D1B610015293A /* CodeTestX */ = {isa = PBXFileReference; fileEncoding = 4; lastKnownFileType = text; path = CodeTestX; sourceTree = "<group>"; };
/* End PBXFileReference section */

/* Begin PBXFrameworksBuildPhase section */
		D4E06E562037015C0095F442 /* Frameworks */ = {
			isa = PBXFrameworksBuildPhase;
			buildActionMask = 2147483647;
			files = (
			);
			runOnlyForDeploymentPostprocessing = 0;
		};
		D4E06E5F2037015C0095F442 /* Frameworks */ = {
			isa = PBXFrameworksBuildPhase;
			buildActionMask = 2147483647;
			files = (
				D4E06E632037015D0095F442 /* NaiveC.framework in Frameworks */,
			);
			runOnlyForDeploymentPostprocessing = 0;
		};
/* End PBXFrameworksBuildPhase section */

/* Begin PBXGroup section */
		D4E06E0C203191920095F442 /* Bridged */ = {
			isa = PBXGroup;
			children = (
				D4E06E0D203192CB0095F442 /* NCCocoaClassProvider.mm */,
				D4E06E0E203192CB0095F442 /* NCCocoaClassProvider.hpp */,
				D4E06F2220397AAB0095F442 /* NCCocoaClass.mm */,
				D4E06F2320397AAB0095F442 /* NCCocoaClass.hpp */,
				D4E06E2A2032F2C50095F442 /* NCCocoaBox.mm */,
				D4E06E2B2032F2C50095F442 /* NCCocoaBox.hpp */,
				D4E06F26203C3E1B0095F442 /* NCCocoaToolkit.mm */,
				D4E06F27203C3E1B0095F442 /* NCCocoaToolkit.hpp */,
				D4E06E2D203552CD0095F442 /* NSObject+NCInvocation.h */,
				D4E06E2E203552CD0095F442 /* NSObject+NCInvocation.mm */,
			);
			path = Bridged;
			sourceTree = "<group>";
		};
		D4E06E312036FD520095F442 /* Example */ = {
			isa = PBXGroup;
			children = (
				D4716E681FF26F24000797B1 /* CodeTest */,
				ED219CDF1F6D1B610015293A /* CodeTestX */,
			);
			path = Example;
			sourceTree = "<group>";
		};
		D4E06E5B2037015C0095F442 /* NaiveC */ = {
			isa = PBXGroup;
			children = (
				ED219C9E1F6D15CB0015293A /* Supporting Files */,
				ED219CAF1F6D15CB0015293A /* Info.plist */,
				ED219CAA1F6D15CB0015293A /* Assets.xcassets */,
				D4E06E5C2037015C0095F442 /* NaiveC.h */,
				D4E06E5D2037015C0095F442 /* Info.plist */,
				D4E06EE5203716140095F442 /* NCCodeEngine_iOS.h */,
				D4E06EE6203716140095F442 /* NCCodeEngine_iOS.mm */,
			);
			path = NaiveC;
			sourceTree = "<group>";
		};
		D4E06E662037015D0095F442 /* NaiveCTests */ = {
			isa = PBXGroup;
			children = (
				D4E06E672037015D0095F442 /* NaiveCTests.m */,
				D4E06E692037015D0095F442 /* Info.plist */,
			);
			path = NaiveCTests;
			sourceTree = "<group>";
		};
		D4E06F1120396D380095F442 /* Library */ = {
			isa = PBXGroup;
			children = (
				D4E06F1620396FD10095F442 /* NCStandardLibraryProvider.cpp */,
				D4E06F1720396FD10095F442 /* NCStandardLibraryProvider.hpp */,
				D4E06F1A203971280095F442 /* NCArray.cpp */,
				D4E06F1B203971280095F442 /* NCArray.hpp */,
				D4E06F1E203972F90095F442 /* NCStandardClass.cpp */,
				D4E06F1F203972F90095F442 /* NCStandardClass.hpp */,
			);
			path = Library;
			sourceTree = "<group>";
		};
		ED219C921F6D15CB0015293A = {
			isa = PBXGroup;
			children = (
				D4E06F1120396D380095F442 /* Library */,
				D4E06E312036FD520095F442 /* Example */,
				ED219CC41F6D16370015293A /* frontend */,
				ED219CCB1F6D16370015293A /* VM */,
				D4E06E0C203191920095F442 /* Bridged */,
				D4E06E5B2037015C0095F442 /* NaiveC */,
				D4E06E662037015D0095F442 /* NaiveCTests */,
				ED219C9C1F6D15CB0015293A /* Products */,
			);
			sourceTree = "<group>";
		};
		ED219C9C1F6D15CB0015293A /* Products */ = {
			isa = PBXGroup;
			children = (
				D4E06E5A2037015C0095F442 /* NaiveC.framework */,
				D4E06E622037015C0095F442 /* NaiveCTests.xctest */,
			);
			name = Products;
			sourceTree = "<group>";
		};
		ED219C9E1F6D15CB0015293A /* Supporting Files */ = {
			isa = PBXGroup;
			children = (
				ED219C9F1F6D15CB0015293A /* main.m */,
			);
			name = "Supporting Files";
			sourceTree = "<group>";
		};
		ED219CC41F6D16370015293A /* frontend */ = {
			isa = PBXGroup;
			children = (
				ED219CC51F6D16370015293A /* NCAST.cpp */,
				ED219CC61F6D16370015293A /* NCAST.hpp */,
				ED219CC91F6D16370015293A /* NCTokenizer.cpp */,
				ED219CCA1F6D16370015293A /* NCTokenizer.hpp */,
				ED219CC71F6D16370015293A /* NCParser.cpp */,
				ED219CC81F6D16370015293A /* NCParser.hpp */,
			);
			path = frontend;
			sourceTree = "<group>";
		};
		ED219CCB1F6D16370015293A /* VM */ = {
			isa = PBXGroup;
			children = (
				ED219CCC1F6D16370015293A /* NCBuiltinFunction.hpp */,
				ED219CCD1F6D16370015293A /* NCBuiltinFunction.mm */,
				ED219CCE1F6D16370015293A /* NCCode.cpp */,
				ED219CCF1F6D16370015293A /* NCCode.hpp */,
				ED219CD01F6D16370015293A /* NCInterpreter.cpp */,
				ED219CD11F6D16370015293A /* NCInterpreter.hpp */,
				ED219CD21F6D16370015293A /* NCStackElement.cpp */,
				ED219CD31F6D16370015293A /* NCStackElement.hpp */,
				ED2040341F77A6D300734821 /* NCObject.cpp */,
				ED2040351F77A6D300734821 /* NCObject.hpp */,
				D4E06DC220304A410095F442 /* NCClassLoader.cpp */,
				D4E06DC320304A410095F442 /* NCClassLoader.hpp */,
				D4E06DC5203125D40095F442 /* NCClassProvider.cpp */,
				D4E06DC6203125D40095F442 /* NCClassProvider.hpp */,
				D4E06F0C203871E10095F442 /* NCClass.cpp */,
				D4E06F0D203871E10095F442 /* NCClass.hpp */,
			);
			path = VM;
			sourceTree = "<group>";
		};
/* End PBXGroup section */

/* Begin PBXHeadersBuildPhase section */
		D4E06E572037015C0095F442 /* Headers */ = {
			isa = PBXHeadersBuildPhase;
			buildActionMask = 2147483647;
			files = (
				D4E06E6A2037015D0095F442 /* NaiveC.h in Headers */,
				D4E06F21203972F90095F442 /* NCStandardClass.hpp in Headers */,
				D4E06F1920396FD10095F442 /* NCStandardLibraryProvider.hpp in Headers */,
				D4E06F0F203871E10095F442 /* NCClass.hpp in Headers */,
				D4E06F29203C3E1B0095F442 /* NCCocoaToolkit.hpp in Headers */,
				D4E06EE7203716140095F442 /* NCCodeEngine_iOS.h in Headers */,
				D4E06F1D203971280095F442 /* NCArray.hpp in Headers */,
				D4E06F2520397AAB0095F442 /* NCCocoaClass.hpp in Headers */,
			);
			runOnlyForDeploymentPostprocessing = 0;
		};
/* End PBXHeadersBuildPhase section */

/* Begin PBXNativeTarget section */
		D4E06E592037015C0095F442 /* NaiveC */ = {
			isa = PBXNativeTarget;
			buildConfigurationList = D4E06E6B2037015D0095F442 /* Build configuration list for PBXNativeTarget "NaiveC" */;
			buildPhases = (
				D4E06E552037015C0095F442 /* Sources */,
				D4E06E562037015C0095F442 /* Frameworks */,
				D4E06E572037015C0095F442 /* Headers */,
				D4E06E582037015C0095F442 /* Resources */,
			);
			buildRules = (
			);
			dependencies = (
			);
			name = NaiveC;
			productName = NaiveC;
			productReference = D4E06E5A2037015C0095F442 /* NaiveC.framework */;
			productType = "com.apple.product-type.framework";
		};
		D4E06E612037015C0095F442 /* NaiveCTests */ = {
			isa = PBXNativeTarget;
			buildConfigurationList = D4E06E6E2037015D0095F442 /* Build configuration list for PBXNativeTarget "NaiveCTests" */;
			buildPhases = (
				D4E06E5E2037015C0095F442 /* Sources */,
				D4E06E5F2037015C0095F442 /* Frameworks */,
				D4E06E602037015C0095F442 /* Resources */,
			);
			buildRules = (
			);
			dependencies = (
				D4E06E652037015D0095F442 /* PBXTargetDependency */,
			);
			name = NaiveCTests;
			productName = NaiveCTests;
			productReference = D4E06E622037015C0095F442 /* NaiveCTests.xctest */;
			productType = "com.apple.product-type.bundle.unit-test";
		};
/* End PBXNativeTarget section */

/* Begin PBXProject section */
		ED219C931F6D15CB0015293A /* Project object */ = {
			isa = PBXProject;
			attributes = {
				LastUpgradeCheck = 0920;
				ORGANIZATIONNAME = Ogreaxe;
				TargetAttributes = {
					D4E06E592037015C0095F442 = {
						CreatedOnToolsVersion = 9.2;
						ProvisioningStyle = Automatic;
					};
					D4E06E612037015C0095F442 = {
						CreatedOnToolsVersion = 9.2;
						ProvisioningStyle = Automatic;
					};
				};
			};
			buildConfigurationList = ED219C961F6D15CB0015293A /* Build configuration list for PBXProject "NaiveC" */;
			compatibilityVersion = "Xcode 3.2";
			developmentRegion = English;
			hasScannedForEncodings = 0;
			knownRegions = (
				en,
				Base,
			);
			mainGroup = ED219C921F6D15CB0015293A;
			productRefGroup = ED219C9C1F6D15CB0015293A /* Products */;
			projectDirPath = "";
			projectRoot = "";
			targets = (
				D4E06E592037015C0095F442 /* NaiveC */,
				D4E06E612037015C0095F442 /* NaiveCTests */,
			);
		};
/* End PBXProject section */

/* Begin PBXResourcesBuildPhase section */
		D4E06E582037015C0095F442 /* Resources */ = {
			isa = PBXResourcesBuildPhase;
			buildActionMask = 2147483647;
			files = (
			);
			runOnlyForDeploymentPostprocessing = 0;
		};
		D4E06E602037015C0095F442 /* Resources */ = {
			isa = PBXResourcesBuildPhase;
			buildActionMask = 2147483647;
			files = (
			);
			runOnlyForDeploymentPostprocessing = 0;
		};
/* End PBXResourcesBuildPhase section */

/* Begin PBXSourcesBuildPhase section */
		D4E06E552037015C0095F442 /* Sources */ = {
			isa = PBXSourcesBuildPhase;
			buildActionMask = 2147483647;
			files = (
				D4E06F1820396FD10095F442 /* NCStandardLibraryProvider.cpp in Sources */,
				D4E06F102038727D0095F442 /* NCClass.hpp in Sources */,
				D4E06F1C203971280095F442 /* NCArray.cpp in Sources */,
				D4E06F0220371DAB0095F442 /* NCCocoaClassProvider.hpp in Sources */,
				D4E06F0520371DAB0095F442 /* NCCocoaBox.mm in Sources */,
				D4E06F0620371DAB0095F442 /* NCCocoaBox.hpp in Sources */,
				D4E06F0E203871E10095F442 /* NCClass.cpp in Sources */,
				D4E06F0720371DAB0095F442 /* NSObject+NCInvocation.h in Sources */,
				D4E06F0820371DAB0095F442 /* NSObject+NCInvocation.mm in Sources */,
				D4E06F0120371DA50095F442 /* NCCocoaClassProvider.mm in Sources */,
				D4E06EEF20371D9E0095F442 /* NCBuiltinFunction.hpp in Sources */,
				D4E06F28203C3E1B0095F442 /* NCCocoaToolkit.mm in Sources */,
				D4E06EF020371D9E0095F442 /* NCBuiltinFunction.mm in Sources */,
				D4E06EF120371D9E0095F442 /* NCCode.cpp in Sources */,
				D4E06EF220371D9E0095F442 /* NCCode.hpp in Sources */,
				D4E06EF320371D9E0095F442 /* NCInterpreter.cpp in Sources */,
				D4E06EF420371D9E0095F442 /* NCInterpreter.hpp in Sources */,
				D4E06EF520371D9E0095F442 /* NCStackElement.cpp in Sources */,
				D4E06EF620371D9E0095F442 /* NCStackElement.hpp in Sources */,
				D4E06EF720371D9E0095F442 /* NCObject.cpp in Sources */,
				D4E06EF820371D9E0095F442 /* NCObject.hpp in Sources */,
				D4E06EF920371D9E0095F442 /* NCClassLoader.cpp in Sources */,
				D4E06EFA20371D9E0095F442 /* NCClassLoader.hpp in Sources */,
				D4E06EFB20371D9E0095F442 /* NCClassProvider.cpp in Sources */,
				D4E06EFC20371D9E0095F442 /* NCClassProvider.hpp in Sources */,
				D4E06EE920371D910095F442 /* NCAST.cpp in Sources */,
				D4E06EEA20371D910095F442 /* NCAST.hpp in Sources */,
				D4E06EEB20371D910095F442 /* NCParser.cpp in Sources */,
				D4E06F2420397AAB0095F442 /* NCCocoaClass.mm in Sources */,
				D4E06EEC20371D910095F442 /* NCParser.hpp in Sources */,
				D4E06F20203972F90095F442 /* NCStandardClass.cpp in Sources */,
				D4E06EED20371D910095F442 /* NCTokenizer.cpp in Sources */,
				D4E06EEE20371D910095F442 /* NCTokenizer.hpp in Sources */,
				D4E06EE8203716140095F442 /* NCCodeEngine_iOS.mm in Sources */,
			);
			runOnlyForDeploymentPostprocessing = 0;
		};
		D4E06E5E2037015C0095F442 /* Sources */ = {
			isa = PBXSourcesBuildPhase;
			buildActionMask = 2147483647;
			files = (
				D4E06E682037015D0095F442 /* NaiveCTests.m in Sources */,
			);
			runOnlyForDeploymentPostprocessing = 0;
		};
/* End PBXSourcesBuildPhase section */

/* Begin PBXTargetDependency section */
		D4E06E652037015D0095F442 /* PBXTargetDependency */ = {
			isa = PBXTargetDependency;
			target = D4E06E592037015C0095F442 /* NaiveC */;
			targetProxy = D4E06E642037015D0095F442 /* PBXContainerItemProxy */;
		};
/* End PBXTargetDependency section */

/* Begin XCBuildConfiguration section */
		D4E06E6C2037015D0095F442 /* Debug */ = {
			isa = XCBuildConfiguration;
			buildSettings = {
				ARCHS = "$(ARCHS_STANDARD)";
				CLANG_CXX_LANGUAGE_STANDARD = "gnu++14";
				CLANG_WARN_BLOCK_CAPTURE_AUTORELEASING = YES;
				CLANG_WARN_COMMA = YES;
				CLANG_WARN_NON_LITERAL_NULL_CONVERSION = YES;
				CLANG_WARN_OBJC_LITERAL_CONVERSION = YES;
				CLANG_WARN_RANGE_LOOP_ANALYSIS = YES;
				CLANG_WARN_STRICT_PROTOTYPES = YES;
				CLANG_WARN_UNGUARDED_AVAILABILITY = YES_AGGRESSIVE;
				CODE_SIGN_IDENTITY = "iPhone Developer";
				"CODE_SIGN_IDENTITY[sdk=iphoneos*]" = "";
				CODE_SIGN_STYLE = Automatic;
				CURRENT_PROJECT_VERSION = 1;
				DEFINES_MODULE = YES;
				DYLIB_COMPATIBILITY_VERSION = 1;
				DYLIB_CURRENT_VERSION = 1;
				DYLIB_INSTALL_NAME_BASE = "@rpath";
				GCC_C_LANGUAGE_STANDARD = gnu11;
				INFOPLIST_FILE = NaiveC/Info.plist;
				INSTALL_PATH = "$(LOCAL_LIBRARY_DIR)/Frameworks";
				IPHONEOS_DEPLOYMENT_TARGET = 11.2;
				LD_RUNPATH_SEARCH_PATHS = "$(inherited) @executable_path/Frameworks @loader_path/Frameworks";
				ONLY_ACTIVE_ARCH = YES;
				PRODUCT_BUNDLE_IDENTIFIER = bd.NaiveC;
				PRODUCT_NAME = "$(TARGET_NAME:c99extidentifier)";
				SKIP_INSTALL = YES;
				TARGETED_DEVICE_FAMILY = "1,2";
				VERSIONING_SYSTEM = "apple-generic";
				VERSION_INFO_PREFIX = "";
			};
			name = Debug;
		};
		D4E06E6D2037015D0095F442 /* Release */ = {
			isa = XCBuildConfiguration;
			buildSettings = {
				ARCHS = "$(ARCHS_STANDARD)";
				CLANG_CXX_LANGUAGE_STANDARD = "gnu++14";
				CLANG_WARN_BLOCK_CAPTURE_AUTORELEASING = YES;
				CLANG_WARN_COMMA = YES;
				CLANG_WARN_NON_LITERAL_NULL_CONVERSION = YES;
				CLANG_WARN_OBJC_LITERAL_CONVERSION = YES;
				CLANG_WARN_RANGE_LOOP_ANALYSIS = YES;
				CLANG_WARN_STRICT_PROTOTYPES = YES;
				CLANG_WARN_UNGUARDED_AVAILABILITY = YES_AGGRESSIVE;
				CODE_SIGN_IDENTITY = "iPhone Developer";
				"CODE_SIGN_IDENTITY[sdk=iphoneos*]" = "";
				CODE_SIGN_STYLE = Automatic;
				CURRENT_PROJECT_VERSION = 1;
				DEFINES_MODULE = YES;
				DYLIB_COMPATIBILITY_VERSION = 1;
				DYLIB_CURRENT_VERSION = 1;
				DYLIB_INSTALL_NAME_BASE = "@rpath";
				GCC_C_LANGUAGE_STANDARD = gnu11;
				INFOPLIST_FILE = NaiveC/Info.plist;
				INSTALL_PATH = "$(LOCAL_LIBRARY_DIR)/Frameworks";
				IPHONEOS_DEPLOYMENT_TARGET = 11.2;
				LD_RUNPATH_SEARCH_PATHS = "$(inherited) @executable_path/Frameworks @loader_path/Frameworks";
				PRODUCT_BUNDLE_IDENTIFIER = bd.NaiveC;
				PRODUCT_NAME = "$(TARGET_NAME:c99extidentifier)";
				SKIP_INSTALL = YES;
				TARGETED_DEVICE_FAMILY = "1,2";
				VERSIONING_SYSTEM = "apple-generic";
				VERSION_INFO_PREFIX = "";
			};
			name = Release;
		};
		D4E06E6F2037015D0095F442 /* Debug */ = {
			isa = XCBuildConfiguration;
			buildSettings = {
				CLANG_CXX_LANGUAGE_STANDARD = "gnu++14";
				CLANG_WARN_BLOCK_CAPTURE_AUTORELEASING = YES;
				CLANG_WARN_COMMA = YES;
				CLANG_WARN_NON_LITERAL_NULL_CONVERSION = YES;
				CLANG_WARN_OBJC_LITERAL_CONVERSION = YES;
				CLANG_WARN_RANGE_LOOP_ANALYSIS = YES;
				CLANG_WARN_STRICT_PROTOTYPES = YES;
				CLANG_WARN_UNGUARDED_AVAILABILITY = YES_AGGRESSIVE;
				CODE_SIGN_IDENTITY = "iPhone Developer";
				CODE_SIGN_STYLE = Automatic;
				GCC_C_LANGUAGE_STANDARD = gnu11;
				INFOPLIST_FILE = NaiveCTests/Info.plist;
				IPHONEOS_DEPLOYMENT_TARGET = 11.2;
				LD_RUNPATH_SEARCH_PATHS = "$(inherited) @executable_path/Frameworks @loader_path/Frameworks";
				PRODUCT_BUNDLE_IDENTIFIER = bd.NaiveCTests;
				PRODUCT_NAME = "$(TARGET_NAME)";
				TARGETED_DEVICE_FAMILY = "1,2";
			};
			name = Debug;
		};
		D4E06E702037015D0095F442 /* Release */ = {
			isa = XCBuildConfiguration;
			buildSettings = {
				CLANG_CXX_LANGUAGE_STANDARD = "gnu++14";
				CLANG_WARN_BLOCK_CAPTURE_AUTORELEASING = YES;
				CLANG_WARN_COMMA = YES;
				CLANG_WARN_NON_LITERAL_NULL_CONVERSION = YES;
				CLANG_WARN_OBJC_LITERAL_CONVERSION = YES;
				CLANG_WARN_RANGE_LOOP_ANALYSIS = YES;
				CLANG_WARN_STRICT_PROTOTYPES = YES;
				CLANG_WARN_UNGUARDED_AVAILABILITY = YES_AGGRESSIVE;
				CODE_SIGN_IDENTITY = "iPhone Developer";
				CODE_SIGN_STYLE = Automatic;
				GCC_C_LANGUAGE_STANDARD = gnu11;
				INFOPLIST_FILE = NaiveCTests/Info.plist;
				IPHONEOS_DEPLOYMENT_TARGET = 11.2;
				LD_RUNPATH_SEARCH_PATHS = "$(inherited) @executable_path/Frameworks @loader_path/Frameworks";
				PRODUCT_BUNDLE_IDENTIFIER = bd.NaiveCTests;
				PRODUCT_NAME = "$(TARGET_NAME)";
				TARGETED_DEVICE_FAMILY = "1,2";
			};
			name = Release;
		};
		ED219CBB1F6D15CB0015293A /* Debug */ = {
			isa = XCBuildConfiguration;
			buildSettings = {
				ALWAYS_SEARCH_USER_PATHS = NO;
				CLANG_ANALYZER_NONNULL = YES;
				CLANG_ANALYZER_NUMBER_OBJECT_CONVERSION = YES_AGGRESSIVE;
				CLANG_CXX_LANGUAGE_STANDARD = "gnu++0x";
				CLANG_CXX_LIBRARY = "libc++";
				CLANG_ENABLE_MODULES = YES;
				CLANG_ENABLE_OBJC_ARC = YES;
				CLANG_WARN_BOOL_CONVERSION = YES;
				CLANG_WARN_CONSTANT_CONVERSION = YES;
				CLANG_WARN_DIRECT_OBJC_ISA_USAGE = YES_ERROR;
				CLANG_WARN_DOCUMENTATION_COMMENTS = YES;
				CLANG_WARN_EMPTY_BODY = YES;
				CLANG_WARN_ENUM_CONVERSION = YES;
				CLANG_WARN_INFINITE_RECURSION = YES;
				CLANG_WARN_INT_CONVERSION = YES;
				CLANG_WARN_OBJC_ROOT_CLASS = YES_ERROR;
				CLANG_WARN_SUSPICIOUS_MOVE = YES;
				CLANG_WARN_UNREACHABLE_CODE = YES;
				CLANG_WARN__DUPLICATE_METHOD_MATCH = YES;
				"CODE_SIGN_IDENTITY[sdk=iphoneos*]" = "iPhone Developer";
				COPY_PHASE_STRIP = NO;
				DEBUG_INFORMATION_FORMAT = dwarf;
				ENABLE_STRICT_OBJC_MSGSEND = YES;
				ENABLE_TESTABILITY = YES;
				GCC_C_LANGUAGE_STANDARD = gnu99;
				GCC_DYNAMIC_NO_PIC = NO;
				GCC_NO_COMMON_BLOCKS = YES;
				GCC_OPTIMIZATION_LEVEL = 0;
				GCC_PREPROCESSOR_DEFINITIONS = (
					"DEBUG=1",
					"$(inherited)",
				);
				GCC_WARN_64_TO_32_BIT_CONVERSION = YES;
				GCC_WARN_ABOUT_RETURN_TYPE = YES_ERROR;
				GCC_WARN_UNDECLARED_SELECTOR = YES;
				GCC_WARN_UNINITIALIZED_AUTOS = YES_AGGRESSIVE;
				GCC_WARN_UNUSED_FUNCTION = YES;
				GCC_WARN_UNUSED_VARIABLE = YES;
				IPHONEOS_DEPLOYMENT_TARGET = 10.3;
				MTL_ENABLE_DEBUG_INFO = YES;
				ONLY_ACTIVE_ARCH = YES;
				SDKROOT = iphoneos;
				TARGETED_DEVICE_FAMILY = "1,2";
			};
			name = Debug;
		};
		ED219CBC1F6D15CB0015293A /* Release */ = {
			isa = XCBuildConfiguration;
			buildSettings = {
				ALWAYS_SEARCH_USER_PATHS = NO;
				CLANG_ANALYZER_NONNULL = YES;
				CLANG_ANALYZER_NUMBER_OBJECT_CONVERSION = YES_AGGRESSIVE;
				CLANG_CXX_LANGUAGE_STANDARD = "gnu++0x";
				CLANG_CXX_LIBRARY = "libc++";
				CLANG_ENABLE_MODULES = YES;
				CLANG_ENABLE_OBJC_ARC = YES;
				CLANG_WARN_BOOL_CONVERSION = YES;
				CLANG_WARN_CONSTANT_CONVERSION = YES;
				CLANG_WARN_DIRECT_OBJC_ISA_USAGE = YES_ERROR;
				CLANG_WARN_DOCUMENTATION_COMMENTS = YES;
				CLANG_WARN_EMPTY_BODY = YES;
				CLANG_WARN_ENUM_CONVERSION = YES;
				CLANG_WARN_INFINITE_RECURSION = YES;
				CLANG_WARN_INT_CONVERSION = YES;
				CLANG_WARN_OBJC_ROOT_CLASS = YES_ERROR;
				CLANG_WARN_SUSPICIOUS_MOVE = YES;
				CLANG_WARN_UNREACHABLE_CODE = YES;
				CLANG_WARN__DUPLICATE_METHOD_MATCH = YES;
				"CODE_SIGN_IDENTITY[sdk=iphoneos*]" = "iPhone Developer";
				COPY_PHASE_STRIP = NO;
				DEBUG_INFORMATION_FORMAT = "dwarf-with-dsym";
				ENABLE_NS_ASSERTIONS = NO;
				ENABLE_STRICT_OBJC_MSGSEND = YES;
				GCC_C_LANGUAGE_STANDARD = gnu99;
				GCC_NO_COMMON_BLOCKS = YES;
				GCC_WARN_64_TO_32_BIT_CONVERSION = YES;
				GCC_WARN_ABOUT_RETURN_TYPE = YES_ERROR;
				GCC_WARN_UNDECLARED_SELECTOR = YES;
				GCC_WARN_UNINITIALIZED_AUTOS = YES_AGGRESSIVE;
				GCC_WARN_UNUSED_FUNCTION = YES;
				GCC_WARN_UNUSED_VARIABLE = YES;
				IPHONEOS_DEPLOYMENT_TARGET = 10.3;
				MTL_ENABLE_DEBUG_INFO = NO;
				SDKROOT = iphoneos;
				TARGETED_DEVICE_FAMILY = "1,2";
				VALIDATE_PRODUCT = YES;
			};
			name = Release;
		};
/* End XCBuildConfiguration section */

/* Begin XCConfigurationList section */
		D4E06E6B2037015D0095F442 /* Build configuration list for PBXNativeTarget "NaiveC" */ = {
			isa = XCConfigurationList;
			buildConfigurations = (
				D4E06E6C2037015D0095F442 /* Debug */,
				D4E06E6D2037015D0095F442 /* Release */,
			);
			defaultConfigurationIsVisible = 0;
			defaultConfigurationName = Release;
		};
		D4E06E6E2037015D0095F442 /* Build configuration list for PBXNativeTarget "NaiveCTests" */ = {
			isa = XCConfigurationList;
			buildConfigurations = (
				D4E06E6F2037015D0095F442 /* Debug */,
				D4E06E702037015D0095F442 /* Release */,
			);
			defaultConfigurationIsVisible = 0;
			defaultConfigurationName = Release;
		};
		ED219C961F6D15CB0015293A /* Build configuration list for PBXProject "NaiveC" */ = {
			isa = XCConfigurationList;
			buildConfigurations = (
				ED219CBB1F6D15CB0015293A /* Debug */,
				ED219CBC1F6D15CB0015293A /* Release */,
			);
			defaultConfigurationIsVisible = 0;
			defaultConfigurationName = Release;
		};
/* End XCConfigurationList section */
	};
	rootObject = ED219C931F6D15CB0015293A /* Project object */;
}
