// !$*UTF8*$!
{
	archiveVersion = 1;
	classes = {
	};
	objectVersion = 46;
	objects = {

/* Begin PBXBuildFile section */
		0D00F7B32B8CC00F00A8E9AD /* ffitarget_arm64.h in Headers */ = {isa = PBXBuildFile; fileRef = 0D00F79E2B8CC00E00A8E9AD /* ffitarget_arm64.h */; };
		0D00F7B42B8CC00F00A8E9AD /* ffitarget.h in Headers */ = {isa = PBXBuildFile; fileRef = 0D00F79F2B8CC00E00A8E9AD /* ffitarget.h */; };
		0D00F7B52B8CC00F00A8E9AD /* ffi_arm.h in Headers */ = {isa = PBXBuildFile; fileRef = 0D00F7A02B8CC00E00A8E9AD /* ffi_arm.h */; };
		0D00F7B62B8CC00F00A8E9AD /* ffi_i386.h in Headers */ = {isa = PBXBuildFile; fileRef = 0D00F7A12B8CC00E00A8E9AD /* ffi_i386.h */; };
		0D00F7B72B8CC00F00A8E9AD /* ffitarget_x86_64.h in Headers */ = {isa = PBXBuildFile; fileRef = 0D00F7A22B8CC00E00A8E9AD /* ffitarget_x86_64.h */; };
		0D00F7B82B8CC00F00A8E9AD /* ffi_x86_64.h in Headers */ = {isa = PBXBuildFile; fileRef = 0D00F7A32B8CC00E00A8E9AD /* ffi_x86_64.h */; };
		0D00F7B92B8CC00F00A8E9AD /* ffitarget_arm.h in Headers */ = {isa = PBXBuildFile; fileRef = 0D00F7A42B8CC00E00A8E9AD /* ffitarget_arm.h */; };
		0D00F7BA2B8CC00F00A8E9AD /* ffitarget_i386.h in Headers */ = {isa = PBXBuildFile; fileRef = 0D00F7A52B8CC00E00A8E9AD /* ffitarget_i386.h */; };
		0D00F7BB2B8CC00F00A8E9AD /* libffi.a in Frameworks */ = {isa = PBXBuildFile; fileRef = 0D00F7A62B8CC00E00A8E9AD /* libffi.a */; };
		0D00F7BC2B8CC00F00A8E9AD /* ffi.h in Headers */ = {isa = PBXBuildFile; fileRef = 0D00F7A72B8CC00E00A8E9AD /* ffi.h */; };
		0D00F7BD2B8CC00F00A8E9AD /* ffi_arm64.h in Headers */ = {isa = PBXBuildFile; fileRef = 0D00F7A82B8CC00E00A8E9AD /* ffi_arm64.h */; };
		0D00F7BE2B8CC00F00A8E9AD /* NPEngine.h in Headers */ = {isa = PBXBuildFile; fileRef = 0D00F7A92B8CC00E00A8E9AD /* NPEngine.h */; };
		0D00F7BF2B8CC00F00A8E9AD /* NCObjCSourceParser.m in Sources */ = {isa = PBXBuildFile; fileRef = 0D00F7AA2B8CC00E00A8E9AD /* NCObjCSourceParser.m */; };
		0D00F7C12B8CC00F00A8E9AD /* NPEngine.m in Sources */ = {isa = PBXBuildFile; fileRef = 0D00F7AC2B8CC00E00A8E9AD /* NPEngine.m */; };
		0D00F7C42B8CC00F00A8E9AD /* NCObjCSourceParser.h in Headers */ = {isa = PBXBuildFile; fileRef = 0D00F7AF2B8CC00F00A8E9AD /* NCObjCSourceParser.h */; };
		0D00F7C62B8CC17700A8E9AD /* NPEngine.m in Sources */ = {isa = PBXBuildFile; fileRef = 0D00F7AC2B8CC00E00A8E9AD /* NPEngine.m */; };
		0D00F7C72B8CC19400A8E9AD /* NCObjCSourceParser.m in Sources */ = {isa = PBXBuildFile; fileRef = 0D00F7AA2B8CC00E00A8E9AD /* NCObjCSourceParser.m */; };
		0D2264132B9B11B300BFA519 /* NCSymbolStore.mm in Sources */ = {isa = PBXBuildFile; fileRef = 0D2264112B9B11B300BFA519 /* NCSymbolStore.mm */; };
		0D2264142B9B11B300BFA519 /* NCSymbolStore.mm in Sources */ = {isa = PBXBuildFile; fileRef = 0D2264112B9B11B300BFA519 /* NCSymbolStore.mm */; };
		0D2264152B9B11B400BFA519 /* NCSymbolStore.hpp in Headers */ = {isa = PBXBuildFile; fileRef = 0D2264122B9B11B300BFA519 /* NCSymbolStore.hpp */; };
		0D22641A2B9F0B6E00BFA519 /* NCCocoaMapper.h in Headers */ = {isa = PBXBuildFile; fileRef = 0D2264182B9F0B6E00BFA519 /* NCCocoaMapper.h */; };
		0D22641B2B9F0B6E00BFA519 /* NCCocoaMapper.mm in Sources */ = {isa = PBXBuildFile; fileRef = 0D2264192B9F0B6E00BFA519 /* NCCocoaMapper.mm */; };
		0D22641C2B9F0B6E00BFA519 /* NCCocoaMapper.mm in Sources */ = {isa = PBXBuildFile; fileRef = 0D2264192B9F0B6E00BFA519 /* NCCocoaMapper.mm */; };
		0D4F53022B4B8AEA003EF544 /* NCStringFormatter.mm in Sources */ = {isa = PBXBuildFile; fileRef = 0D4F53002B4B8AEA003EF544 /* NCStringFormatter.mm */; };
		0D4F53032B4B8AEA003EF544 /* NCStringFormatter.mm in Sources */ = {isa = PBXBuildFile; fileRef = 0D4F53002B4B8AEA003EF544 /* NCStringFormatter.mm */; };
		0D4F53042B4B8AEA003EF544 /* NCStringFormatter.hpp in Headers */ = {isa = PBXBuildFile; fileRef = 0D4F53012B4B8AEA003EF544 /* NCStringFormatter.hpp */; };
		0D7285A82B6781B8002DBE5C /* NPFunction.h in Headers */ = {isa = PBXBuildFile; fileRef = 0D7285A62B6781B8002DBE5C /* NPFunction.h */; };
		0D7285A92B6781B8002DBE5C /* NPFunction.mm in Sources */ = {isa = PBXBuildFile; fileRef = 0D7285A72B6781B8002DBE5C /* NPFunction.mm */; };
		0D7285AA2B6781B8002DBE5C /* NPFunction.mm in Sources */ = {isa = PBXBuildFile; fileRef = 0D7285A72B6781B8002DBE5C /* NPFunction.mm */; };
		0D7285AB2B6781B8002DBE5C /* NPFunction.mm in Sources */ = {isa = PBXBuildFile; fileRef = 0D7285A72B6781B8002DBE5C /* NPFunction.mm */; };
		0D7285C72B68FF28002DBE5C /* NPPatchedClass.h in Headers */ = {isa = PBXBuildFile; fileRef = 0D7285C52B68FF28002DBE5C /* NPPatchedClass.h */; };
		0D7285C82B68FF28002DBE5C /* NPPatchedClass.m in Sources */ = {isa = PBXBuildFile; fileRef = 0D7285C62B68FF28002DBE5C /* NPPatchedClass.m */; };
		0D7285C92B68FF28002DBE5C /* NPPatchedClass.m in Sources */ = {isa = PBXBuildFile; fileRef = 0D7285C62B68FF28002DBE5C /* NPPatchedClass.m */; };
		0D7285CA2B68FF28002DBE5C /* NPPatchedClass.m in Sources */ = {isa = PBXBuildFile; fileRef = 0D7285C62B68FF28002DBE5C /* NPPatchedClass.m */; };
		0D73F8C12B450DA3003EA49B /* NCInvocation.h in Headers */ = {isa = PBXBuildFile; fileRef = 0D73F8BF2B450DA3003EA49B /* NCInvocation.h */; };
		0D73F8C22B450DA3003EA49B /* NCInvocation.mm in Sources */ = {isa = PBXBuildFile; fileRef = 0D73F8C02B450DA3003EA49B /* NCInvocation.mm */; };
		0D73F8C32B450DA3003EA49B /* NCInvocation.mm in Sources */ = {isa = PBXBuildFile; fileRef = 0D73F8C02B450DA3003EA49B /* NCInvocation.mm */; };
		0D73F8C72B46B946003EA49B /* NCNSArrayWrapper.mm in Sources */ = {isa = PBXBuildFile; fileRef = 0D73F8C52B46B946003EA49B /* NCNSArrayWrapper.mm */; };
		0D73F8C82B46B946003EA49B /* NCNSArrayWrapper.mm in Sources */ = {isa = PBXBuildFile; fileRef = 0D73F8C52B46B946003EA49B /* NCNSArrayWrapper.mm */; };
		0D73F8C92B46B946003EA49B /* NCNSArrayWrapper.hpp in Headers */ = {isa = PBXBuildFile; fileRef = 0D73F8C62B46B946003EA49B /* NCNSArrayWrapper.hpp */; };
		0D73F8CC2B46C9F9003EA49B /* NCNSDictionaryWrapper.mm in Sources */ = {isa = PBXBuildFile; fileRef = 0D73F8CA2B46C9F9003EA49B /* NCNSDictionaryWrapper.mm */; };
		0D73F8CD2B46C9F9003EA49B /* NCNSDictionaryWrapper.mm in Sources */ = {isa = PBXBuildFile; fileRef = 0D73F8CA2B46C9F9003EA49B /* NCNSDictionaryWrapper.mm */; };
		0D73F8CE2B46C9F9003EA49B /* NCNSDictionaryWrapper.hpp in Headers */ = {isa = PBXBuildFile; fileRef = 0D73F8CB2B46C9F9003EA49B /* NCNSDictionaryWrapper.hpp */; };
		0DF2A76C2B99B5DE00810044 /* NSCocoaSymbolStore.h in Headers */ = {isa = PBXBuildFile; fileRef = 0DF2A76A2B99B5DE00810044 /* NSCocoaSymbolStore.h */; };
		0DF2A76D2B99B5DE00810044 /* NSCocoaSymbolStore.m in Sources */ = {isa = PBXBuildFile; fileRef = 0DF2A76B2B99B5DE00810044 /* NSCocoaSymbolStore.m */; };
		0DF2A76E2B99B5DE00810044 /* NSCocoaSymbolStore.m in Sources */ = {isa = PBXBuildFile; fileRef = 0DF2A76B2B99B5DE00810044 /* NSCocoaSymbolStore.m */; };
		43718D982BAB36C0003C0F5A /* NSNumber+Naive.h in Headers */ = {isa = PBXBuildFile; fileRef = 43718D962BAB36C0003C0F5A /* NSNumber+Naive.h */; };
		43718D9E2BAB3805003C0F5A /* NCLocalEnumStore.h in Headers */ = {isa = PBXBuildFile; fileRef = 43718D9A2BAB3805003C0F5A /* NCLocalEnumStore.h */; };
		43718D9F2BAB3805003C0F5A /* NCCocoaEnumStore.h in Headers */ = {isa = PBXBuildFile; fileRef = 43718D9B2BAB3805003C0F5A /* NCCocoaEnumStore.h */; };
		43718DA02BAB3805003C0F5A /* NCCocoaEnumStore.m in Sources */ = {isa = PBXBuildFile; fileRef = 43718D9C2BAB3805003C0F5A /* NCCocoaEnumStore.m */; };
		43718DA12BAB3805003C0F5A /* NCCocoaEnumStore.m in Sources */ = {isa = PBXBuildFile; fileRef = 43718D9C2BAB3805003C0F5A /* NCCocoaEnumStore.m */; };
		43718DA22BAB3805003C0F5A /* NCLocalEnumStore.m in Sources */ = {isa = PBXBuildFile; fileRef = 43718D9D2BAB3805003C0F5A /* NCLocalEnumStore.m */; };
		43718DA32BAB3805003C0F5A /* NCLocalEnumStore.m in Sources */ = {isa = PBXBuildFile; fileRef = 43718D9D2BAB3805003C0F5A /* NCLocalEnumStore.m */; };
		D4439E4E2089EB1F005EE65B /* NCHeapMemory.cpp in Sources */ = {isa = PBXBuildFile; fileRef = D4439E4C2089EB1F005EE65B /* NCHeapMemory.cpp */; };
		D4439E4F2089EB1F005EE65B /* NCHeapMemory.hpp in Headers */ = {isa = PBXBuildFile; fileRef = D4439E4D2089EB1F005EE65B /* NCHeapMemory.hpp */; };
		D44B8FFD204FD6610091B94C /* NCModuleCache.cpp in Sources */ = {isa = PBXBuildFile; fileRef = D44B8FFB204FD6610091B94C /* NCModuleCache.cpp */; };
		D44B8FFE204FD6610091B94C /* NCModuleCache.hpp in Headers */ = {isa = PBXBuildFile; fileRef = D44B8FFC204FD6610091B94C /* NCModuleCache.hpp */; };
		D4892EE320450A520052267E /* NCBuiltinFunctionStore.cpp in Sources */ = {isa = PBXBuildFile; fileRef = D4892EE120450A520052267E /* NCBuiltinFunctionStore.cpp */; };
		D4892EE420450A520052267E /* NCBuiltinFunctionStore.hpp in Headers */ = {isa = PBXBuildFile; fileRef = D4892EE220450A520052267E /* NCBuiltinFunctionStore.hpp */; };
		D496C70F204AFFE500B6A041 /* NCException.cpp in Sources */ = {isa = PBXBuildFile; fileRef = D496C70D204AFFE500B6A041 /* NCException.cpp */; };
		D496C710204AFFE500B6A041 /* NCException.hpp in Headers */ = {isa = PBXBuildFile; fileRef = D496C70E204AFFE500B6A041 /* NCException.hpp */; };
		D496C757204D2CB900B6A041 /* NCSourceFinder.mm in Sources */ = {isa = PBXBuildFile; fileRef = D496C755204D2CB900B6A041 /* NCSourceFinder.mm */; };
		D496C758204D2CB900B6A041 /* NCSourceFinder.hpp in Headers */ = {isa = PBXBuildFile; fileRef = D496C756204D2CB900B6A041 /* NCSourceFinder.hpp */; };
		D4E06E632037015D0095F442 /* Naive_C.framework in Frameworks */ = {isa = PBXBuildFile; fileRef = D4E06E5A2037015C0095F442 /* Naive_C.framework */; };
		D4E06E682037015D0095F442 /* NaiveCTests.m in Sources */ = {isa = PBXBuildFile; fileRef = D4E06E672037015D0095F442 /* NaiveCTests.m */; };
		D4E06E6A2037015D0095F442 /* NaiveC.h in Headers */ = {isa = PBXBuildFile; fileRef = D4E06E5C2037015C0095F442 /* NaiveC.h */; settings = {ATTRIBUTES = (Public, ); }; };
		D4E06EE7203716140095F442 /* NCCodeEngine_iOS.h in Headers */ = {isa = PBXBuildFile; fileRef = D4E06EE5203716140095F442 /* NCCodeEngine_iOS.h */; settings = {ATTRIBUTES = (Public, ); }; };
		D4E06EE8203716140095F442 /* NCCodeEngine_iOS.mm in Sources */ = {isa = PBXBuildFile; fileRef = D4E06EE6203716140095F442 /* NCCodeEngine_iOS.mm */; };
		D4E06EE920371D910095F442 /* NCAST.cpp in Sources */ = {isa = PBXBuildFile; fileRef = ED219CC51F6D16370015293A /* NCAST.cpp */; };
		D4E06EEA20371D910095F442 /* NCAST.hpp in Sources */ = {isa = PBXBuildFile; fileRef = ED219CC61F6D16370015293A /* NCAST.hpp */; };
		D4E06EEB20371D910095F442 /* NCParser.cpp in Sources */ = {isa = PBXBuildFile; fileRef = ED219CC71F6D16370015293A /* NCParser.cpp */; };
		D4E06EEC20371D910095F442 /* NCParser.hpp in Sources */ = {isa = PBXBuildFile; fileRef = ED219CC81F6D16370015293A /* NCParser.hpp */; };
		D4E06EED20371D910095F442 /* NCTokenizer.cpp in Sources */ = {isa = PBXBuildFile; fileRef = ED219CC91F6D16370015293A /* NCTokenizer.cpp */; };
		D4E06EEE20371D910095F442 /* NCTokenizer.hpp in Sources */ = {isa = PBXBuildFile; fileRef = ED219CCA1F6D16370015293A /* NCTokenizer.hpp */; };
		D4E06EEF20371D9E0095F442 /* NCBuiltinFunction.hpp in Sources */ = {isa = PBXBuildFile; fileRef = ED219CCC1F6D16370015293A /* NCBuiltinFunction.hpp */; };
		D4E06EF020371D9E0095F442 /* NCBuiltinFunction.mm in Sources */ = {isa = PBXBuildFile; fileRef = ED219CCD1F6D16370015293A /* NCBuiltinFunction.mm */; };
		D4E06EF120371D9E0095F442 /* NCCode.cpp in Sources */ = {isa = PBXBuildFile; fileRef = ED219CCE1F6D16370015293A /* NCCode.cpp */; };
		D4E06EF220371D9E0095F442 /* NCCode.hpp in Sources */ = {isa = PBXBuildFile; fileRef = ED219CCF1F6D16370015293A /* NCCode.hpp */; };
		D4E06EF320371D9E0095F442 /* NCInterpreter.cpp in Sources */ = {isa = PBXBuildFile; fileRef = ED219CD01F6D16370015293A /* NCInterpreter.cpp */; };
		D4E06EF420371D9E0095F442 /* NCInterpreter.hpp in Sources */ = {isa = PBXBuildFile; fileRef = ED219CD11F6D16370015293A /* NCInterpreter.hpp */; };
		D4E06EF520371D9E0095F442 /* NCStackElement.cpp in Sources */ = {isa = PBXBuildFile; fileRef = ED219CD21F6D16370015293A /* NCStackElement.cpp */; };
		D4E06EF620371D9E0095F442 /* NCStackElement.hpp in Sources */ = {isa = PBXBuildFile; fileRef = ED219CD31F6D16370015293A /* NCStackElement.hpp */; };
		D4E06EF720371D9E0095F442 /* NCObject.cpp in Sources */ = {isa = PBXBuildFile; fileRef = ED2040341F77A6D300734821 /* NCObject.cpp */; };
		D4E06EF820371D9E0095F442 /* NCObject.hpp in Sources */ = {isa = PBXBuildFile; fileRef = ED2040351F77A6D300734821 /* NCObject.hpp */; };
		D4E06EF920371D9E0095F442 /* NCClassLoader.cpp in Sources */ = {isa = PBXBuildFile; fileRef = D4E06DC220304A410095F442 /* NCClassLoader.cpp */; };
		D4E06EFA20371D9E0095F442 /* NCClassLoader.hpp in Sources */ = {isa = PBXBuildFile; fileRef = D4E06DC320304A410095F442 /* NCClassLoader.hpp */; };
		D4E06EFB20371D9E0095F442 /* NCClassProvider.cpp in Sources */ = {isa = PBXBuildFile; fileRef = D4E06DC5203125D40095F442 /* NCClassProvider.cpp */; };
		D4E06EFC20371D9E0095F442 /* NCClassProvider.hpp in Sources */ = {isa = PBXBuildFile; fileRef = D4E06DC6203125D40095F442 /* NCClassProvider.hpp */; };
		D4E06F0120371DA50095F442 /* NCCocoaClassProvider.mm in Sources */ = {isa = PBXBuildFile; fileRef = D4E06E0D203192CB0095F442 /* NCCocoaClassProvider.mm */; };
		D4E06F0220371DAB0095F442 /* NCCocoaClassProvider.hpp in Sources */ = {isa = PBXBuildFile; fileRef = D4E06E0E203192CB0095F442 /* NCCocoaClassProvider.hpp */; };
		D4E06F0520371DAB0095F442 /* NCCocoaBox.mm in Sources */ = {isa = PBXBuildFile; fileRef = D4E06E2A2032F2C50095F442 /* NCCocoaBox.mm */; };
		D4E06F0620371DAB0095F442 /* NCCocoaBox.hpp in Sources */ = {isa = PBXBuildFile; fileRef = D4E06E2B2032F2C50095F442 /* NCCocoaBox.hpp */; };
		D4E06F0E203871E10095F442 /* NCClass.cpp in Sources */ = {isa = PBXBuildFile; fileRef = D4E06F0C203871E10095F442 /* NCClass.cpp */; };
		D4E06F0F203871E10095F442 /* NCClass.hpp in Headers */ = {isa = PBXBuildFile; fileRef = D4E06F0D203871E10095F442 /* NCClass.hpp */; };
		D4E06F102038727D0095F442 /* NCClass.hpp in Sources */ = {isa = PBXBuildFile; fileRef = D4E06F0D203871E10095F442 /* NCClass.hpp */; };
		D4E06F1820396FD10095F442 /* NCStandardLibraryProvider.cpp in Sources */ = {isa = PBXBuildFile; fileRef = D4E06F1620396FD10095F442 /* NCStandardLibraryProvider.cpp */; };
		D4E06F1920396FD10095F442 /* NCStandardLibraryProvider.hpp in Headers */ = {isa = PBXBuildFile; fileRef = D4E06F1720396FD10095F442 /* NCStandardLibraryProvider.hpp */; };
		D4E06F1C203971280095F442 /* NCArray.cpp in Sources */ = {isa = PBXBuildFile; fileRef = D4E06F1A203971280095F442 /* NCArray.cpp */; };
		D4E06F1D203971280095F442 /* NCArray.hpp in Headers */ = {isa = PBXBuildFile; fileRef = D4E06F1B203971280095F442 /* NCArray.hpp */; };
		D4E06F20203972F90095F442 /* NCStandardClass.cpp in Sources */ = {isa = PBXBuildFile; fileRef = D4E06F1E203972F90095F442 /* NCStandardClass.cpp */; };
		D4E06F21203972F90095F442 /* NCStandardClass.hpp in Headers */ = {isa = PBXBuildFile; fileRef = D4E06F1F203972F90095F442 /* NCStandardClass.hpp */; };
		D4E06F2420397AAB0095F442 /* NCCocoaClass.mm in Sources */ = {isa = PBXBuildFile; fileRef = D4E06F2220397AAB0095F442 /* NCCocoaClass.mm */; };
		D4E06F2520397AAB0095F442 /* NCCocoaClass.hpp in Headers */ = {isa = PBXBuildFile; fileRef = D4E06F2320397AAB0095F442 /* NCCocoaClass.hpp */; };
		D4E06F28203C3E1B0095F442 /* NCCocoaToolkit.mm in Sources */ = {isa = PBXBuildFile; fileRef = D4E06F26203C3E1B0095F442 /* NCCocoaToolkit.mm */; };
		D4E06F29203C3E1B0095F442 /* NCCocoaToolkit.hpp in Headers */ = {isa = PBXBuildFile; fileRef = D4E06F27203C3E1B0095F442 /* NCCocoaToolkit.hpp */; };
		D4E06F48204042100095F442 /* NCLog.mm in Sources */ = {isa = PBXBuildFile; fileRef = D4E06F46204042100095F442 /* NCLog.mm */; };
		D4E06F49204042100095F442 /* NCLog.hpp in Headers */ = {isa = PBXBuildFile; fileRef = D4E06F47204042100095F442 /* NCLog.hpp */; };
		F31D7F3E2122FA0700E11E5F /* libNaiveC.m in Sources */ = {isa = PBXBuildFile; fileRef = F31D7F3D2122FA0700E11E5F /* libNaiveC.m */; };
		F31D7F3F2122FA0700E11E5F /* libNaiveC.h in CopyFiles */ = {isa = PBXBuildFile; fileRef = F31D7F3C2122FA0700E11E5F /* libNaiveC.h */; };
		F31D7F432122FA7400E11E5F /* NCStandardLibraryProvider.cpp in Sources */ = {isa = PBXBuildFile; fileRef = D4E06F1620396FD10095F442 /* NCStandardLibraryProvider.cpp */; };
		F31D7F442122FA7400E11E5F /* NCStandardLibraryProvider.hpp in Sources */ = {isa = PBXBuildFile; fileRef = D4E06F1720396FD10095F442 /* NCStandardLibraryProvider.hpp */; };
		F31D7F452122FA7400E11E5F /* NCArray.cpp in Sources */ = {isa = PBXBuildFile; fileRef = D4E06F1A203971280095F442 /* NCArray.cpp */; };
		F31D7F462122FA7400E11E5F /* NCArray.hpp in Sources */ = {isa = PBXBuildFile; fileRef = D4E06F1B203971280095F442 /* NCArray.hpp */; };
		F31D7F472122FA7400E11E5F /* NCStandardClass.cpp in Sources */ = {isa = PBXBuildFile; fileRef = D4E06F1E203972F90095F442 /* NCStandardClass.cpp */; };
		F31D7F482122FA7400E11E5F /* NCStandardClass.hpp in Sources */ = {isa = PBXBuildFile; fileRef = D4E06F1F203972F90095F442 /* NCStandardClass.hpp */; };
		F31D7F492122FA7400E11E5F /* CodeTest in Sources */ = {isa = PBXBuildFile; fileRef = D4716E681FF26F24000797B1 /* CodeTest */; };
		F31D7F4A2122FA7400E11E5F /* CodeTestX in Sources */ = {isa = PBXBuildFile; fileRef = ED219CDF1F6D1B610015293A /* CodeTestX */; };
		F31D7F4B2122FA7400E11E5F /* NCAST.cpp in Sources */ = {isa = PBXBuildFile; fileRef = ED219CC51F6D16370015293A /* NCAST.cpp */; };
		F31D7F4C2122FA7400E11E5F /* NCAST.hpp in Sources */ = {isa = PBXBuildFile; fileRef = ED219CC61F6D16370015293A /* NCAST.hpp */; };
		F31D7F4D2122FA7400E11E5F /* NCTokenizer.cpp in Sources */ = {isa = PBXBuildFile; fileRef = ED219CC91F6D16370015293A /* NCTokenizer.cpp */; };
		F31D7F4E2122FA7400E11E5F /* NCTokenizer.hpp in Sources */ = {isa = PBXBuildFile; fileRef = ED219CCA1F6D16370015293A /* NCTokenizer.hpp */; };
		F31D7F4F2122FA7400E11E5F /* NCParser.cpp in Sources */ = {isa = PBXBuildFile; fileRef = ED219CC71F6D16370015293A /* NCParser.cpp */; };
		F31D7F502122FA7400E11E5F /* NCParser.hpp in Sources */ = {isa = PBXBuildFile; fileRef = ED219CC81F6D16370015293A /* NCParser.hpp */; };
		F31D7F512122FA7400E11E5F /* NCBuiltinFunction.hpp in Sources */ = {isa = PBXBuildFile; fileRef = ED219CCC1F6D16370015293A /* NCBuiltinFunction.hpp */; };
		F31D7F522122FA7400E11E5F /* NCCode.cpp in Sources */ = {isa = PBXBuildFile; fileRef = ED219CCE1F6D16370015293A /* NCCode.cpp */; };
		F31D7F532122FA7400E11E5F /* NCCode.hpp in Sources */ = {isa = PBXBuildFile; fileRef = ED219CCF1F6D16370015293A /* NCCode.hpp */; };
		F31D7F542122FA7400E11E5F /* NCInterpreter.cpp in Sources */ = {isa = PBXBuildFile; fileRef = ED219CD01F6D16370015293A /* NCInterpreter.cpp */; };
		F31D7F552122FA7400E11E5F /* NCInterpreter.hpp in Sources */ = {isa = PBXBuildFile; fileRef = ED219CD11F6D16370015293A /* NCInterpreter.hpp */; };
		F31D7F562122FA7400E11E5F /* NCStackElement.cpp in Sources */ = {isa = PBXBuildFile; fileRef = ED219CD21F6D16370015293A /* NCStackElement.cpp */; };
		F31D7F572122FA7400E11E5F /* NCStackElement.hpp in Sources */ = {isa = PBXBuildFile; fileRef = ED219CD31F6D16370015293A /* NCStackElement.hpp */; };
		F31D7F582122FA7400E11E5F /* NCObject.cpp in Sources */ = {isa = PBXBuildFile; fileRef = ED2040341F77A6D300734821 /* NCObject.cpp */; };
		F31D7F592122FA7400E11E5F /* NCObject.hpp in Sources */ = {isa = PBXBuildFile; fileRef = ED2040351F77A6D300734821 /* NCObject.hpp */; };
		F31D7F5A2122FA7400E11E5F /* NCClassLoader.cpp in Sources */ = {isa = PBXBuildFile; fileRef = D4E06DC220304A410095F442 /* NCClassLoader.cpp */; };
		F31D7F5B2122FA7400E11E5F /* NCClassLoader.hpp in Sources */ = {isa = PBXBuildFile; fileRef = D4E06DC320304A410095F442 /* NCClassLoader.hpp */; };
		F31D7F5C2122FA7400E11E5F /* NCClassProvider.cpp in Sources */ = {isa = PBXBuildFile; fileRef = D4E06DC5203125D40095F442 /* NCClassProvider.cpp */; };
		F31D7F5D2122FA7400E11E5F /* NCClassProvider.hpp in Sources */ = {isa = PBXBuildFile; fileRef = D4E06DC6203125D40095F442 /* NCClassProvider.hpp */; };
		F31D7F5E2122FA7400E11E5F /* NCClass.cpp in Sources */ = {isa = PBXBuildFile; fileRef = D4E06F0C203871E10095F442 /* NCClass.cpp */; };
		F31D7F5F2122FA7400E11E5F /* NCClass.hpp in Sources */ = {isa = PBXBuildFile; fileRef = D4E06F0D203871E10095F442 /* NCClass.hpp */; };
		F31D7F602122FA7400E11E5F /* NCLog.hpp in Sources */ = {isa = PBXBuildFile; fileRef = D4E06F47204042100095F442 /* NCLog.hpp */; };
		F31D7F612122FA7400E11E5F /* NCBuiltinFunctionStore.cpp in Sources */ = {isa = PBXBuildFile; fileRef = D4892EE120450A520052267E /* NCBuiltinFunctionStore.cpp */; };
		F31D7F622122FA7400E11E5F /* NCBuiltinFunctionStore.hpp in Sources */ = {isa = PBXBuildFile; fileRef = D4892EE220450A520052267E /* NCBuiltinFunctionStore.hpp */; };
		F31D7F632122FA7400E11E5F /* NCException.cpp in Sources */ = {isa = PBXBuildFile; fileRef = D496C70D204AFFE500B6A041 /* NCException.cpp */; };
		F31D7F642122FA7400E11E5F /* NCException.hpp in Sources */ = {isa = PBXBuildFile; fileRef = D496C70E204AFFE500B6A041 /* NCException.hpp */; };
		F31D7F652122FA7400E11E5F /* NCModuleCache.cpp in Sources */ = {isa = PBXBuildFile; fileRef = D44B8FFB204FD6610091B94C /* NCModuleCache.cpp */; };
		F31D7F662122FA7400E11E5F /* NCModuleCache.hpp in Sources */ = {isa = PBXBuildFile; fileRef = D44B8FFC204FD6610091B94C /* NCModuleCache.hpp */; };
		F31D7F672122FA7400E11E5F /* NCHeapMemory.cpp in Sources */ = {isa = PBXBuildFile; fileRef = D4439E4C2089EB1F005EE65B /* NCHeapMemory.cpp */; };
		F31D7F682122FA7400E11E5F /* NCHeapMemory.hpp in Sources */ = {isa = PBXBuildFile; fileRef = D4439E4D2089EB1F005EE65B /* NCHeapMemory.hpp */; };
		F31D7F692122FA7400E11E5F /* NCBuiltinFunction.mm in Sources */ = {isa = PBXBuildFile; fileRef = ED219CCD1F6D16370015293A /* NCBuiltinFunction.mm */; };
		F31D7F6A2122FA7400E11E5F /* NCLog.mm in Sources */ = {isa = PBXBuildFile; fileRef = D4E06F46204042100095F442 /* NCLog.mm */; };
		F31D7F6B2122FA7400E11E5F /* NCCocoaClassProvider.mm in Sources */ = {isa = PBXBuildFile; fileRef = D4E06E0D203192CB0095F442 /* NCCocoaClassProvider.mm */; };
		F31D7F6C2122FA7400E11E5F /* NCCocoaClassProvider.hpp in Sources */ = {isa = PBXBuildFile; fileRef = D4E06E0E203192CB0095F442 /* NCCocoaClassProvider.hpp */; };
		F31D7F6D2122FA7400E11E5F /* NCCocoaClass.mm in Sources */ = {isa = PBXBuildFile; fileRef = D4E06F2220397AAB0095F442 /* NCCocoaClass.mm */; };
		F31D7F6E2122FA7400E11E5F /* NCCocoaClass.hpp in Sources */ = {isa = PBXBuildFile; fileRef = D4E06F2320397AAB0095F442 /* NCCocoaClass.hpp */; };
		F31D7F6F2122FA7400E11E5F /* NCCocoaBox.mm in Sources */ = {isa = PBXBuildFile; fileRef = D4E06E2A2032F2C50095F442 /* NCCocoaBox.mm */; };
		F31D7F702122FA7400E11E5F /* NCCocoaBox.hpp in Sources */ = {isa = PBXBuildFile; fileRef = D4E06E2B2032F2C50095F442 /* NCCocoaBox.hpp */; };
		F31D7F712122FA7400E11E5F /* NCCocoaToolkit.mm in Sources */ = {isa = PBXBuildFile; fileRef = D4E06F26203C3E1B0095F442 /* NCCocoaToolkit.mm */; };
		F31D7F722122FA7400E11E5F /* NCCocoaToolkit.hpp in Sources */ = {isa = PBXBuildFile; fileRef = D4E06F27203C3E1B0095F442 /* NCCocoaToolkit.hpp */; };
		F31D7F752122FA7400E11E5F /* NCSourceFinder.mm in Sources */ = {isa = PBXBuildFile; fileRef = D496C755204D2CB900B6A041 /* NCSourceFinder.mm */; };
		F31D7F762122FA7400E11E5F /* NCSourceFinder.hpp in Sources */ = {isa = PBXBuildFile; fileRef = D496C756204D2CB900B6A041 /* NCSourceFinder.hpp */; };
		F31D7F7A2122FA7400E11E5F /* NaiveC.h in Sources */ = {isa = PBXBuildFile; fileRef = D4E06E5C2037015C0095F442 /* NaiveC.h */; };
		F31D7F7C2122FA7400E11E5F /* NCCodeEngine_iOS.h in Sources */ = {isa = PBXBuildFile; fileRef = D4E06EE5203716140095F442 /* NCCodeEngine_iOS.h */; };
		F31D7F7D2122FA7400E11E5F /* NCCodeEngine_iOS.mm in Sources */ = {isa = PBXBuildFile; fileRef = D4E06EE6203716140095F442 /* NCCodeEngine_iOS.mm */; };
		F359ABE82150977100FE7D84 /* NCSourceManager.mm in Sources */ = {isa = PBXBuildFile; fileRef = F359ABE62150977100FE7D84 /* NCSourceManager.mm */; };
		F359ABE92150977100FE7D84 /* NCSourceManager.hpp in Headers */ = {isa = PBXBuildFile; fileRef = F359ABE72150977100FE7D84 /* NCSourceManager.hpp */; };
		F366D8F421E7520B001824AE /* NCSourceManager.mm in Sources */ = {isa = PBXBuildFile; fileRef = F359ABE62150977100FE7D84 /* NCSourceManager.mm */; };
		F366D8F521E7520B001824AE /* NCStandardLibraryProvider.cpp in Sources */ = {isa = PBXBuildFile; fileRef = D4E06F1620396FD10095F442 /* NCStandardLibraryProvider.cpp */; };
		F366D8F621E7520B001824AE /* NCStandardLibraryProvider.hpp in Sources */ = {isa = PBXBuildFile; fileRef = D4E06F1720396FD10095F442 /* NCStandardLibraryProvider.hpp */; };
		F366D8F721E7520B001824AE /* NCArray.cpp in Sources */ = {isa = PBXBuildFile; fileRef = D4E06F1A203971280095F442 /* NCArray.cpp */; };
		F366D8F821E7520B001824AE /* NCArray.hpp in Sources */ = {isa = PBXBuildFile; fileRef = D4E06F1B203971280095F442 /* NCArray.hpp */; };
		F366D8F921E7520B001824AE /* NCStandardClass.cpp in Sources */ = {isa = PBXBuildFile; fileRef = D4E06F1E203972F90095F442 /* NCStandardClass.cpp */; };
		F366D8FA21E7520B001824AE /* NCStandardClass.hpp in Sources */ = {isa = PBXBuildFile; fileRef = D4E06F1F203972F90095F442 /* NCStandardClass.hpp */; };
		F366D8FB21E7520B001824AE /* CodeTest in Sources */ = {isa = PBXBuildFile; fileRef = D4716E681FF26F24000797B1 /* CodeTest */; };
		F366D8FC21E7520B001824AE /* CodeTestX in Sources */ = {isa = PBXBuildFile; fileRef = ED219CDF1F6D1B610015293A /* CodeTestX */; };
		F366D8FD21E7520B001824AE /* NCAST.cpp in Sources */ = {isa = PBXBuildFile; fileRef = ED219CC51F6D16370015293A /* NCAST.cpp */; };
		F366D8FE21E7520B001824AE /* NCAST.hpp in Sources */ = {isa = PBXBuildFile; fileRef = ED219CC61F6D16370015293A /* NCAST.hpp */; };
		F366D8FF21E7520B001824AE /* NCTokenizer.cpp in Sources */ = {isa = PBXBuildFile; fileRef = ED219CC91F6D16370015293A /* NCTokenizer.cpp */; };
		F366D90021E7520B001824AE /* NCTokenizer.hpp in Sources */ = {isa = PBXBuildFile; fileRef = ED219CCA1F6D16370015293A /* NCTokenizer.hpp */; };
		F366D90121E7520B001824AE /* NCParser.cpp in Sources */ = {isa = PBXBuildFile; fileRef = ED219CC71F6D16370015293A /* NCParser.cpp */; };
		F366D90221E7520B001824AE /* NCParser.hpp in Sources */ = {isa = PBXBuildFile; fileRef = ED219CC81F6D16370015293A /* NCParser.hpp */; };
		F366D90321E7520B001824AE /* NCBuiltinFunction.hpp in Sources */ = {isa = PBXBuildFile; fileRef = ED219CCC1F6D16370015293A /* NCBuiltinFunction.hpp */; };
		F366D90421E7520B001824AE /* NCCode.cpp in Sources */ = {isa = PBXBuildFile; fileRef = ED219CCE1F6D16370015293A /* NCCode.cpp */; };
		F366D90521E7520B001824AE /* NCCode.hpp in Sources */ = {isa = PBXBuildFile; fileRef = ED219CCF1F6D16370015293A /* NCCode.hpp */; };
		F366D90621E7520B001824AE /* NCInterpreter.cpp in Sources */ = {isa = PBXBuildFile; fileRef = ED219CD01F6D16370015293A /* NCInterpreter.cpp */; };
		F366D90721E7520B001824AE /* NCInterpreter.hpp in Sources */ = {isa = PBXBuildFile; fileRef = ED219CD11F6D16370015293A /* NCInterpreter.hpp */; };
		F366D90821E7520B001824AE /* NCStackElement.cpp in Sources */ = {isa = PBXBuildFile; fileRef = ED219CD21F6D16370015293A /* NCStackElement.cpp */; };
		F366D90921E7520B001824AE /* NCStackElement.hpp in Sources */ = {isa = PBXBuildFile; fileRef = ED219CD31F6D16370015293A /* NCStackElement.hpp */; };
		F366D90A21E7520B001824AE /* NCObject.cpp in Sources */ = {isa = PBXBuildFile; fileRef = ED2040341F77A6D300734821 /* NCObject.cpp */; };
		F366D90B21E7520B001824AE /* NCObject.hpp in Sources */ = {isa = PBXBuildFile; fileRef = ED2040351F77A6D300734821 /* NCObject.hpp */; };
		F366D90C21E7520B001824AE /* NCClassLoader.cpp in Sources */ = {isa = PBXBuildFile; fileRef = D4E06DC220304A410095F442 /* NCClassLoader.cpp */; };
		F366D90D21E7520B001824AE /* NCClassLoader.hpp in Sources */ = {isa = PBXBuildFile; fileRef = D4E06DC320304A410095F442 /* NCClassLoader.hpp */; };
		F366D90E21E7520B001824AE /* NCClassProvider.cpp in Sources */ = {isa = PBXBuildFile; fileRef = D4E06DC5203125D40095F442 /* NCClassProvider.cpp */; };
		F366D90F21E7520B001824AE /* NCClassProvider.hpp in Sources */ = {isa = PBXBuildFile; fileRef = D4E06DC6203125D40095F442 /* NCClassProvider.hpp */; };
		F366D91021E7520B001824AE /* NCClass.cpp in Sources */ = {isa = PBXBuildFile; fileRef = D4E06F0C203871E10095F442 /* NCClass.cpp */; };
		F366D91121E7520B001824AE /* NCClass.hpp in Sources */ = {isa = PBXBuildFile; fileRef = D4E06F0D203871E10095F442 /* NCClass.hpp */; };
		F366D91221E7520B001824AE /* NCLog.hpp in Sources */ = {isa = PBXBuildFile; fileRef = D4E06F47204042100095F442 /* NCLog.hpp */; };
		F366D91321E7520B001824AE /* NCBuiltinFunctionStore.cpp in Sources */ = {isa = PBXBuildFile; fileRef = D4892EE120450A520052267E /* NCBuiltinFunctionStore.cpp */; };
		F366D91421E7520B001824AE /* NCBuiltinFunctionStore.hpp in Sources */ = {isa = PBXBuildFile; fileRef = D4892EE220450A520052267E /* NCBuiltinFunctionStore.hpp */; };
		F366D91521E7520B001824AE /* NCException.cpp in Sources */ = {isa = PBXBuildFile; fileRef = D496C70D204AFFE500B6A041 /* NCException.cpp */; };
		F366D91621E7520B001824AE /* NCException.hpp in Sources */ = {isa = PBXBuildFile; fileRef = D496C70E204AFFE500B6A041 /* NCException.hpp */; };
		F366D91721E7520B001824AE /* NCModuleCache.cpp in Sources */ = {isa = PBXBuildFile; fileRef = D44B8FFB204FD6610091B94C /* NCModuleCache.cpp */; };
		F366D91821E7520B001824AE /* NCModuleCache.hpp in Sources */ = {isa = PBXBuildFile; fileRef = D44B8FFC204FD6610091B94C /* NCModuleCache.hpp */; };
		F366D91921E7520B001824AE /* NCHeapMemory.cpp in Sources */ = {isa = PBXBuildFile; fileRef = D4439E4C2089EB1F005EE65B /* NCHeapMemory.cpp */; };
		F366D91A21E7520B001824AE /* NCHeapMemory.hpp in Sources */ = {isa = PBXBuildFile; fileRef = D4439E4D2089EB1F005EE65B /* NCHeapMemory.hpp */; };
		F366D91B21E7520B001824AE /* NCBuiltinFunction.mm in Sources */ = {isa = PBXBuildFile; fileRef = ED219CCD1F6D16370015293A /* NCBuiltinFunction.mm */; };
		F366D91C21E7520B001824AE /* NCLog.mm in Sources */ = {isa = PBXBuildFile; fileRef = D4E06F46204042100095F442 /* NCLog.mm */; };
		F366D91D21E7520B001824AE /* NCCocoaClassProvider.mm in Sources */ = {isa = PBXBuildFile; fileRef = D4E06E0D203192CB0095F442 /* NCCocoaClassProvider.mm */; };
		F366D91E21E7520B001824AE /* NCCocoaClassProvider.hpp in Sources */ = {isa = PBXBuildFile; fileRef = D4E06E0E203192CB0095F442 /* NCCocoaClassProvider.hpp */; };
		F366D91F21E7520B001824AE /* NCCocoaClass.mm in Sources */ = {isa = PBXBuildFile; fileRef = D4E06F2220397AAB0095F442 /* NCCocoaClass.mm */; };
		F366D92021E7520B001824AE /* NCCocoaClass.hpp in Sources */ = {isa = PBXBuildFile; fileRef = D4E06F2320397AAB0095F442 /* NCCocoaClass.hpp */; };
		F366D92121E7520B001824AE /* NCCocoaBox.mm in Sources */ = {isa = PBXBuildFile; fileRef = D4E06E2A2032F2C50095F442 /* NCCocoaBox.mm */; };
		F366D92221E7520B001824AE /* NCCocoaBox.hpp in Sources */ = {isa = PBXBuildFile; fileRef = D4E06E2B2032F2C50095F442 /* NCCocoaBox.hpp */; };
		F366D92321E7520B001824AE /* NCCocoaToolkit.mm in Sources */ = {isa = PBXBuildFile; fileRef = D4E06F26203C3E1B0095F442 /* NCCocoaToolkit.mm */; };
		F366D92421E7520B001824AE /* NCCocoaToolkit.hpp in Sources */ = {isa = PBXBuildFile; fileRef = D4E06F27203C3E1B0095F442 /* NCCocoaToolkit.hpp */; };
		F366D92721E7520B001824AE /* NCSourceFinder.mm in Sources */ = {isa = PBXBuildFile; fileRef = D496C755204D2CB900B6A041 /* NCSourceFinder.mm */; };
		F366D92821E7520B001824AE /* NCSourceFinder.hpp in Sources */ = {isa = PBXBuildFile; fileRef = D496C756204D2CB900B6A041 /* NCSourceFinder.hpp */; };
		F366D92921E7520B001824AE /* NaiveC.h in Sources */ = {isa = PBXBuildFile; fileRef = D4E06E5C2037015C0095F442 /* NaiveC.h */; };
		F366D92A21E7520B001824AE /* NCCodeEngine_iOS.h in Sources */ = {isa = PBXBuildFile; fileRef = D4E06EE5203716140095F442 /* NCCodeEngine_iOS.h */; };
		F366D92B21E7520B001824AE /* NCCodeEngine_iOS.mm in Sources */ = {isa = PBXBuildFile; fileRef = D4E06EE6203716140095F442 /* NCCodeEngine_iOS.mm */; };
		F366D92C21E7520B001824AE /* libNaiveC.m in Sources */ = {isa = PBXBuildFile; fileRef = F31D7F3D2122FA0700E11E5F /* libNaiveC.m */; };
		F366D92F21E7520B001824AE /* libNaiveC.h in CopyFiles */ = {isa = PBXBuildFile; fileRef = F31D7F3C2122FA0700E11E5F /* libNaiveC.h */; };
		F3F2A93E215A0E91004CE143 /* NCSourceManager.mm in Sources */ = {isa = PBXBuildFile; fileRef = F359ABE62150977100FE7D84 /* NCSourceManager.mm */; };
		F4124ED51EB702F5D4264A9B /* libPods-NaiveC.a in Frameworks */ = {isa = PBXBuildFile; fileRef = D3F118B0BC12705D1D82CFFE /* libPods-NaiveC.a */; };
/* End PBXBuildFile section */

/* Begin PBXContainerItemProxy section */
		D4E06E642037015D0095F442 /* PBXContainerItemProxy */ = {
			isa = PBXContainerItemProxy;
			containerPortal = ED219C931F6D15CB0015293A /* Project object */;
			proxyType = 1;
			remoteGlobalIDString = D4E06E592037015C0095F442;
			remoteInfo = NaiveC;
		};
/* End PBXContainerItemProxy section */

/* Begin PBXCopyFilesBuildPhase section */
		F31D7F382122FA0700E11E5F /* CopyFiles */ = {
			isa = PBXCopyFilesBuildPhase;
			buildActionMask = 2147483647;
			dstPath = "include/$(PRODUCT_NAME)";
			dstSubfolderSpec = 16;
			files = (
				F31D7F3F2122FA0700E11E5F /* libNaiveC.h in CopyFiles */,
			);
			runOnlyForDeploymentPostprocessing = 0;
		};
		F366D92E21E7520B001824AE /* CopyFiles */ = {
			isa = PBXCopyFilesBuildPhase;
			buildActionMask = 2147483647;
			dstPath = "include/$(PRODUCT_NAME)";
			dstSubfolderSpec = 16;
			files = (
				F366D92F21E7520B001824AE /* libNaiveC.h in CopyFiles */,
			);
			runOnlyForDeploymentPostprocessing = 0;
		};
/* End PBXCopyFilesBuildPhase section */

/* Begin PBXFileReference section */
		0D00F79E2B8CC00E00A8E9AD /* ffitarget_arm64.h */ = {isa = PBXFileReference; fileEncoding = 4; lastKnownFileType = sourcecode.c.h; path = ffitarget_arm64.h; sourceTree = "<group>"; };
		0D00F79F2B8CC00E00A8E9AD /* ffitarget.h */ = {isa = PBXFileReference; fileEncoding = 4; lastKnownFileType = sourcecode.c.h; path = ffitarget.h; sourceTree = "<group>"; };
		0D00F7A02B8CC00E00A8E9AD /* ffi_arm.h */ = {isa = PBXFileReference; fileEncoding = 4; lastKnownFileType = sourcecode.c.h; path = ffi_arm.h; sourceTree = "<group>"; };
		0D00F7A12B8CC00E00A8E9AD /* ffi_i386.h */ = {isa = PBXFileReference; fileEncoding = 4; lastKnownFileType = sourcecode.c.h; path = ffi_i386.h; sourceTree = "<group>"; };
		0D00F7A22B8CC00E00A8E9AD /* ffitarget_x86_64.h */ = {isa = PBXFileReference; fileEncoding = 4; lastKnownFileType = sourcecode.c.h; path = ffitarget_x86_64.h; sourceTree = "<group>"; };
		0D00F7A32B8CC00E00A8E9AD /* ffi_x86_64.h */ = {isa = PBXFileReference; fileEncoding = 4; lastKnownFileType = sourcecode.c.h; path = ffi_x86_64.h; sourceTree = "<group>"; };
		0D00F7A42B8CC00E00A8E9AD /* ffitarget_arm.h */ = {isa = PBXFileReference; fileEncoding = 4; lastKnownFileType = sourcecode.c.h; path = ffitarget_arm.h; sourceTree = "<group>"; };
		0D00F7A52B8CC00E00A8E9AD /* ffitarget_i386.h */ = {isa = PBXFileReference; fileEncoding = 4; lastKnownFileType = sourcecode.c.h; path = ffitarget_i386.h; sourceTree = "<group>"; };
		0D00F7A62B8CC00E00A8E9AD /* libffi.a */ = {isa = PBXFileReference; lastKnownFileType = archive.ar; path = libffi.a; sourceTree = "<group>"; };
		0D00F7A72B8CC00E00A8E9AD /* ffi.h */ = {isa = PBXFileReference; fileEncoding = 4; lastKnownFileType = sourcecode.c.h; path = ffi.h; sourceTree = "<group>"; };
		0D00F7A82B8CC00E00A8E9AD /* ffi_arm64.h */ = {isa = PBXFileReference; fileEncoding = 4; lastKnownFileType = sourcecode.c.h; path = ffi_arm64.h; sourceTree = "<group>"; };
		0D00F7A92B8CC00E00A8E9AD /* NPEngine.h */ = {isa = PBXFileReference; fileEncoding = 4; lastKnownFileType = sourcecode.c.h; path = NPEngine.h; sourceTree = "<group>"; };
		0D00F7AA2B8CC00E00A8E9AD /* NCObjCSourceParser.m */ = {isa = PBXFileReference; fileEncoding = 4; lastKnownFileType = sourcecode.c.objc; path = NCObjCSourceParser.m; sourceTree = "<group>"; };
		0D00F7AC2B8CC00E00A8E9AD /* NPEngine.m */ = {isa = PBXFileReference; fileEncoding = 4; lastKnownFileType = sourcecode.c.objc; path = NPEngine.m; sourceTree = "<group>"; };
		0D00F7AF2B8CC00F00A8E9AD /* NCObjCSourceParser.h */ = {isa = PBXFileReference; fileEncoding = 4; lastKnownFileType = sourcecode.c.h; path = NCObjCSourceParser.h; sourceTree = "<group>"; };
		0D2264112B9B11B300BFA519 /* NCSymbolStore.mm */ = {isa = PBXFileReference; lastKnownFileType = sourcecode.cpp.objcpp; path = NCSymbolStore.mm; sourceTree = "<group>"; };
		0D2264122B9B11B300BFA519 /* NCSymbolStore.hpp */ = {isa = PBXFileReference; lastKnownFileType = sourcecode.cpp.h; path = NCSymbolStore.hpp; sourceTree = "<group>"; };
		0D2264182B9F0B6E00BFA519 /* NCCocoaMapper.h */ = {isa = PBXFileReference; lastKnownFileType = sourcecode.c.h; path = NCCocoaMapper.h; sourceTree = "<group>"; };
		0D2264192B9F0B6E00BFA519 /* NCCocoaMapper.mm */ = {isa = PBXFileReference; lastKnownFileType = sourcecode.cpp.objcpp; path = NCCocoaMapper.mm; sourceTree = "<group>"; };
		0D4F53002B4B8AEA003EF544 /* NCStringFormatter.mm */ = {isa = PBXFileReference; lastKnownFileType = sourcecode.cpp.objcpp; path = NCStringFormatter.mm; sourceTree = "<group>"; };
		0D4F53012B4B8AEA003EF544 /* NCStringFormatter.hpp */ = {isa = PBXFileReference; lastKnownFileType = sourcecode.cpp.h; path = NCStringFormatter.hpp; sourceTree = "<group>"; };
		0D7285A62B6781B8002DBE5C /* NPFunction.h */ = {isa = PBXFileReference; fileEncoding = 4; lastKnownFileType = sourcecode.c.h; path = NPFunction.h; sourceTree = "<group>"; };
		0D7285A72B6781B8002DBE5C /* NPFunction.mm */ = {isa = PBXFileReference; fileEncoding = 4; lastKnownFileType = sourcecode.cpp.objcpp; path = NPFunction.mm; sourceTree = "<group>"; };
		0D7285C52B68FF28002DBE5C /* NPPatchedClass.h */ = {isa = PBXFileReference; fileEncoding = 4; lastKnownFileType = sourcecode.c.h; path = NPPatchedClass.h; sourceTree = "<group>"; };
		0D7285C62B68FF28002DBE5C /* NPPatchedClass.m */ = {isa = PBXFileReference; fileEncoding = 4; lastKnownFileType = sourcecode.c.objc; path = NPPatchedClass.m; sourceTree = "<group>"; };
		0D73F8BF2B450DA3003EA49B /* NCInvocation.h */ = {isa = PBXFileReference; fileEncoding = 4; lastKnownFileType = sourcecode.c.h; path = NCInvocation.h; sourceTree = "<group>"; };
		0D73F8C02B450DA3003EA49B /* NCInvocation.mm */ = {isa = PBXFileReference; fileEncoding = 4; lastKnownFileType = sourcecode.cpp.objcpp; path = NCInvocation.mm; sourceTree = "<group>"; };
		0D73F8C52B46B946003EA49B /* NCNSArrayWrapper.mm */ = {isa = PBXFileReference; lastKnownFileType = sourcecode.cpp.objcpp; path = NCNSArrayWrapper.mm; sourceTree = "<group>"; };
		0D73F8C62B46B946003EA49B /* NCNSArrayWrapper.hpp */ = {isa = PBXFileReference; lastKnownFileType = sourcecode.cpp.h; path = NCNSArrayWrapper.hpp; sourceTree = "<group>"; };
		0D73F8CA2B46C9F9003EA49B /* NCNSDictionaryWrapper.mm */ = {isa = PBXFileReference; lastKnownFileType = sourcecode.cpp.objcpp; path = NCNSDictionaryWrapper.mm; sourceTree = "<group>"; };
		0D73F8CB2B46C9F9003EA49B /* NCNSDictionaryWrapper.hpp */ = {isa = PBXFileReference; lastKnownFileType = sourcecode.cpp.h; path = NCNSDictionaryWrapper.hpp; sourceTree = "<group>"; };
		0DF2A76A2B99B5DE00810044 /* NSCocoaSymbolStore.h */ = {isa = PBXFileReference; lastKnownFileType = sourcecode.c.h; path = NSCocoaSymbolStore.h; sourceTree = "<group>"; };
		0DF2A76B2B99B5DE00810044 /* NSCocoaSymbolStore.m */ = {isa = PBXFileReference; lastKnownFileType = sourcecode.c.objc; path = NSCocoaSymbolStore.m; sourceTree = "<group>"; };
		43718D962BAB36C0003C0F5A /* NSNumber+Naive.h */ = {isa = PBXFileReference; lastKnownFileType = sourcecode.c.h; path = "NSNumber+Naive.h"; sourceTree = "<group>"; };
		43718D9A2BAB3805003C0F5A /* NCLocalEnumStore.h */ = {isa = PBXFileReference; fileEncoding = 4; lastKnownFileType = sourcecode.c.h; path = NCLocalEnumStore.h; sourceTree = "<group>"; };
		43718D9B2BAB3805003C0F5A /* NCCocoaEnumStore.h */ = {isa = PBXFileReference; fileEncoding = 4; lastKnownFileType = sourcecode.c.h; path = NCCocoaEnumStore.h; sourceTree = "<group>"; };
		43718D9C2BAB3805003C0F5A /* NCCocoaEnumStore.m */ = {isa = PBXFileReference; fileEncoding = 4; lastKnownFileType = sourcecode.c.objc; path = NCCocoaEnumStore.m; sourceTree = "<group>"; };
		43718D9D2BAB3805003C0F5A /* NCLocalEnumStore.m */ = {isa = PBXFileReference; fileEncoding = 4; lastKnownFileType = sourcecode.c.objc; path = NCLocalEnumStore.m; sourceTree = "<group>"; };
		768A8E166425FEF0D0588FBB /* Pods-NaiveC.debug.xcconfig */ = {isa = PBXFileReference; includeInIndex = 1; lastKnownFileType = text.xcconfig; name = "Pods-NaiveC.debug.xcconfig"; path = "Target Support Files/Pods-NaiveC/Pods-NaiveC.debug.xcconfig"; sourceTree = "<group>"; };
		8566828DEBF6A96D03A90329 /* Pods-NaiveC.release.xcconfig */ = {isa = PBXFileReference; includeInIndex = 1; lastKnownFileType = text.xcconfig; name = "Pods-NaiveC.release.xcconfig"; path = "Target Support Files/Pods-NaiveC/Pods-NaiveC.release.xcconfig"; sourceTree = "<group>"; };
		D3F118B0BC12705D1D82CFFE /* libPods-NaiveC.a */ = {isa = PBXFileReference; explicitFileType = archive.ar; includeInIndex = 0; path = "libPods-NaiveC.a"; sourceTree = BUILT_PRODUCTS_DIR; };
		D4439E4C2089EB1F005EE65B /* NCHeapMemory.cpp */ = {isa = PBXFileReference; lastKnownFileType = sourcecode.cpp.cpp; path = NCHeapMemory.cpp; sourceTree = "<group>"; };
		D4439E4D2089EB1F005EE65B /* NCHeapMemory.hpp */ = {isa = PBXFileReference; lastKnownFileType = sourcecode.cpp.h; path = NCHeapMemory.hpp; sourceTree = "<group>"; };
		D44B8FFB204FD6610091B94C /* NCModuleCache.cpp */ = {isa = PBXFileReference; lastKnownFileType = sourcecode.cpp.cpp; path = NCModuleCache.cpp; sourceTree = "<group>"; };
		D44B8FFC204FD6610091B94C /* NCModuleCache.hpp */ = {isa = PBXFileReference; lastKnownFileType = sourcecode.cpp.h; path = NCModuleCache.hpp; sourceTree = "<group>"; };
		D4716E681FF26F24000797B1 /* CodeTest */ = {isa = PBXFileReference; fileEncoding = 4; lastKnownFileType = text; path = CodeTest; sourceTree = "<group>"; };
		D4892EE120450A520052267E /* NCBuiltinFunctionStore.cpp */ = {isa = PBXFileReference; lastKnownFileType = sourcecode.cpp.cpp; path = NCBuiltinFunctionStore.cpp; sourceTree = "<group>"; };
		D4892EE220450A520052267E /* NCBuiltinFunctionStore.hpp */ = {isa = PBXFileReference; lastKnownFileType = sourcecode.cpp.h; path = NCBuiltinFunctionStore.hpp; sourceTree = "<group>"; };
		D496C70D204AFFE500B6A041 /* NCException.cpp */ = {isa = PBXFileReference; lastKnownFileType = sourcecode.cpp.cpp; path = NCException.cpp; sourceTree = "<group>"; };
		D496C70E204AFFE500B6A041 /* NCException.hpp */ = {isa = PBXFileReference; lastKnownFileType = sourcecode.cpp.h; path = NCException.hpp; sourceTree = "<group>"; };
		D496C755204D2CB900B6A041 /* NCSourceFinder.mm */ = {isa = PBXFileReference; lastKnownFileType = sourcecode.cpp.objcpp; path = NCSourceFinder.mm; sourceTree = "<group>"; };
		D496C756204D2CB900B6A041 /* NCSourceFinder.hpp */ = {isa = PBXFileReference; lastKnownFileType = sourcecode.cpp.h; path = NCSourceFinder.hpp; sourceTree = "<group>"; };
		D4E06DC220304A410095F442 /* NCClassLoader.cpp */ = {isa = PBXFileReference; lastKnownFileType = sourcecode.cpp.cpp; path = NCClassLoader.cpp; sourceTree = "<group>"; };
		D4E06DC320304A410095F442 /* NCClassLoader.hpp */ = {isa = PBXFileReference; lastKnownFileType = sourcecode.cpp.h; path = NCClassLoader.hpp; sourceTree = "<group>"; };
		D4E06DC5203125D40095F442 /* NCClassProvider.cpp */ = {isa = PBXFileReference; lastKnownFileType = sourcecode.cpp.cpp; path = NCClassProvider.cpp; sourceTree = "<group>"; };
		D4E06DC6203125D40095F442 /* NCClassProvider.hpp */ = {isa = PBXFileReference; lastKnownFileType = sourcecode.cpp.h; path = NCClassProvider.hpp; sourceTree = "<group>"; };
		D4E06E0D203192CB0095F442 /* NCCocoaClassProvider.mm */ = {isa = PBXFileReference; lastKnownFileType = sourcecode.cpp.objcpp; path = NCCocoaClassProvider.mm; sourceTree = "<group>"; };
		D4E06E0E203192CB0095F442 /* NCCocoaClassProvider.hpp */ = {isa = PBXFileReference; lastKnownFileType = sourcecode.cpp.h; path = NCCocoaClassProvider.hpp; sourceTree = "<group>"; };
		D4E06E2A2032F2C50095F442 /* NCCocoaBox.mm */ = {isa = PBXFileReference; lastKnownFileType = sourcecode.cpp.objcpp; path = NCCocoaBox.mm; sourceTree = "<group>"; };
		D4E06E2B2032F2C50095F442 /* NCCocoaBox.hpp */ = {isa = PBXFileReference; lastKnownFileType = sourcecode.cpp.h; path = NCCocoaBox.hpp; sourceTree = "<group>"; };
		D4E06E5A2037015C0095F442 /* Naive_C.framework */ = {isa = PBXFileReference; explicitFileType = wrapper.framework; includeInIndex = 0; path = Naive_C.framework; sourceTree = BUILT_PRODUCTS_DIR; };
		D4E06E5C2037015C0095F442 /* NaiveC.h */ = {isa = PBXFileReference; lastKnownFileType = sourcecode.c.h; path = NaiveC.h; sourceTree = "<group>"; };
		D4E06E5D2037015C0095F442 /* Info.plist */ = {isa = PBXFileReference; lastKnownFileType = text.plist.xml; path = Info.plist; sourceTree = "<group>"; };
		D4E06E622037015C0095F442 /* NaiveCTests.xctest */ = {isa = PBXFileReference; explicitFileType = wrapper.cfbundle; includeInIndex = 0; path = NaiveCTests.xctest; sourceTree = BUILT_PRODUCTS_DIR; };
		D4E06E672037015D0095F442 /* NaiveCTests.m */ = {isa = PBXFileReference; lastKnownFileType = sourcecode.c.objc; path = NaiveCTests.m; sourceTree = "<group>"; };
		D4E06E692037015D0095F442 /* Info.plist */ = {isa = PBXFileReference; lastKnownFileType = text.plist.xml; path = Info.plist; sourceTree = "<group>"; };
		D4E06EE5203716140095F442 /* NCCodeEngine_iOS.h */ = {isa = PBXFileReference; lastKnownFileType = sourcecode.c.h; path = NCCodeEngine_iOS.h; sourceTree = "<group>"; };
		D4E06EE6203716140095F442 /* NCCodeEngine_iOS.mm */ = {isa = PBXFileReference; lastKnownFileType = sourcecode.cpp.objcpp; path = NCCodeEngine_iOS.mm; sourceTree = "<group>"; };
		D4E06F0C203871E10095F442 /* NCClass.cpp */ = {isa = PBXFileReference; lastKnownFileType = sourcecode.cpp.cpp; path = NCClass.cpp; sourceTree = "<group>"; };
		D4E06F0D203871E10095F442 /* NCClass.hpp */ = {isa = PBXFileReference; lastKnownFileType = sourcecode.cpp.h; path = NCClass.hpp; sourceTree = "<group>"; };
		D4E06F1620396FD10095F442 /* NCStandardLibraryProvider.cpp */ = {isa = PBXFileReference; lastKnownFileType = sourcecode.cpp.cpp; path = NCStandardLibraryProvider.cpp; sourceTree = "<group>"; };
		D4E06F1720396FD10095F442 /* NCStandardLibraryProvider.hpp */ = {isa = PBXFileReference; lastKnownFileType = sourcecode.cpp.h; path = NCStandardLibraryProvider.hpp; sourceTree = "<group>"; };
		D4E06F1A203971280095F442 /* NCArray.cpp */ = {isa = PBXFileReference; lastKnownFileType = sourcecode.cpp.cpp; path = NCArray.cpp; sourceTree = "<group>"; };
		D4E06F1B203971280095F442 /* NCArray.hpp */ = {isa = PBXFileReference; lastKnownFileType = sourcecode.cpp.h; path = NCArray.hpp; sourceTree = "<group>"; };
		D4E06F1E203972F90095F442 /* NCStandardClass.cpp */ = {isa = PBXFileReference; lastKnownFileType = sourcecode.cpp.cpp; path = NCStandardClass.cpp; sourceTree = "<group>"; };
		D4E06F1F203972F90095F442 /* NCStandardClass.hpp */ = {isa = PBXFileReference; lastKnownFileType = sourcecode.cpp.h; path = NCStandardClass.hpp; sourceTree = "<group>"; };
		D4E06F2220397AAB0095F442 /* NCCocoaClass.mm */ = {isa = PBXFileReference; lastKnownFileType = sourcecode.cpp.objcpp; path = NCCocoaClass.mm; sourceTree = "<group>"; };
		D4E06F2320397AAB0095F442 /* NCCocoaClass.hpp */ = {isa = PBXFileReference; lastKnownFileType = sourcecode.cpp.h; path = NCCocoaClass.hpp; sourceTree = "<group>"; };
		D4E06F26203C3E1B0095F442 /* NCCocoaToolkit.mm */ = {isa = PBXFileReference; lastKnownFileType = sourcecode.cpp.objcpp; path = NCCocoaToolkit.mm; sourceTree = "<group>"; };
		D4E06F27203C3E1B0095F442 /* NCCocoaToolkit.hpp */ = {isa = PBXFileReference; lastKnownFileType = sourcecode.cpp.h; path = NCCocoaToolkit.hpp; sourceTree = "<group>"; };
		D4E06F46204042100095F442 /* NCLog.mm */ = {isa = PBXFileReference; lastKnownFileType = sourcecode.cpp.objcpp; path = NCLog.mm; sourceTree = "<group>"; };
		D4E06F47204042100095F442 /* NCLog.hpp */ = {isa = PBXFileReference; lastKnownFileType = sourcecode.cpp.h; path = NCLog.hpp; sourceTree = "<group>"; };
		ED2040341F77A6D300734821 /* NCObject.cpp */ = {isa = PBXFileReference; fileEncoding = 4; lastKnownFileType = sourcecode.cpp.cpp; path = NCObject.cpp; sourceTree = "<group>"; };
		ED2040351F77A6D300734821 /* NCObject.hpp */ = {isa = PBXFileReference; fileEncoding = 4; lastKnownFileType = sourcecode.cpp.h; path = NCObject.hpp; sourceTree = "<group>"; };
		ED219C9F1F6D15CB0015293A /* main.m */ = {isa = PBXFileReference; lastKnownFileType = sourcecode.c.objc; path = main.m; sourceTree = "<group>"; };
		ED219CAA1F6D15CB0015293A /* Assets.xcassets */ = {isa = PBXFileReference; lastKnownFileType = folder.assetcatalog; path = Assets.xcassets; sourceTree = "<group>"; };
		ED219CAF1F6D15CB0015293A /* Info.plist */ = {isa = PBXFileReference; lastKnownFileType = text.plist.xml; path = Info.plist; sourceTree = "<group>"; };
		ED219CC51F6D16370015293A /* NCAST.cpp */ = {isa = PBXFileReference; fileEncoding = 4; lastKnownFileType = sourcecode.cpp.cpp; path = NCAST.cpp; sourceTree = "<group>"; };
		ED219CC61F6D16370015293A /* NCAST.hpp */ = {isa = PBXFileReference; fileEncoding = 4; lastKnownFileType = sourcecode.cpp.h; path = NCAST.hpp; sourceTree = "<group>"; };
		ED219CC71F6D16370015293A /* NCParser.cpp */ = {isa = PBXFileReference; fileEncoding = 4; lastKnownFileType = sourcecode.cpp.cpp; path = NCParser.cpp; sourceTree = "<group>"; };
		ED219CC81F6D16370015293A /* NCParser.hpp */ = {isa = PBXFileReference; fileEncoding = 4; lastKnownFileType = sourcecode.cpp.h; path = NCParser.hpp; sourceTree = "<group>"; };
		ED219CC91F6D16370015293A /* NCTokenizer.cpp */ = {isa = PBXFileReference; fileEncoding = 4; lastKnownFileType = sourcecode.cpp.cpp; path = NCTokenizer.cpp; sourceTree = "<group>"; };
		ED219CCA1F6D16370015293A /* NCTokenizer.hpp */ = {isa = PBXFileReference; fileEncoding = 4; lastKnownFileType = sourcecode.cpp.h; path = NCTokenizer.hpp; sourceTree = "<group>"; };
		ED219CCC1F6D16370015293A /* NCBuiltinFunction.hpp */ = {isa = PBXFileReference; fileEncoding = 4; lastKnownFileType = sourcecode.cpp.h; path = NCBuiltinFunction.hpp; sourceTree = "<group>"; };
		ED219CCD1F6D16370015293A /* NCBuiltinFunction.mm */ = {isa = PBXFileReference; fileEncoding = 4; lastKnownFileType = sourcecode.cpp.objcpp; path = NCBuiltinFunction.mm; sourceTree = "<group>"; };
		ED219CCE1F6D16370015293A /* NCCode.cpp */ = {isa = PBXFileReference; fileEncoding = 4; lastKnownFileType = sourcecode.cpp.cpp; path = NCCode.cpp; sourceTree = "<group>"; };
		ED219CCF1F6D16370015293A /* NCCode.hpp */ = {isa = PBXFileReference; fileEncoding = 4; lastKnownFileType = sourcecode.cpp.h; path = NCCode.hpp; sourceTree = "<group>"; };
		ED219CD01F6D16370015293A /* NCInterpreter.cpp */ = {isa = PBXFileReference; fileEncoding = 4; lastKnownFileType = sourcecode.cpp.cpp; path = NCInterpreter.cpp; sourceTree = "<group>"; };
		ED219CD11F6D16370015293A /* NCInterpreter.hpp */ = {isa = PBXFileReference; fileEncoding = 4; lastKnownFileType = sourcecode.cpp.h; path = NCInterpreter.hpp; sourceTree = "<group>"; };
		ED219CD21F6D16370015293A /* NCStackElement.cpp */ = {isa = PBXFileReference; fileEncoding = 4; lastKnownFileType = sourcecode.cpp.cpp; path = NCStackElement.cpp; sourceTree = "<group>"; };
		ED219CD31F6D16370015293A /* NCStackElement.hpp */ = {isa = PBXFileReference; fileEncoding = 4; lastKnownFileType = sourcecode.cpp.h; path = NCStackElement.hpp; sourceTree = "<group>"; };
		ED219CDF1F6D1B610015293A /* CodeTestX */ = {isa = PBXFileReference; fileEncoding = 4; lastKnownFileType = text; path = CodeTestX; sourceTree = "<group>"; };
		F31D7F3A2122FA0700E11E5F /* libNaiveC.a */ = {isa = PBXFileReference; explicitFileType = archive.ar; includeInIndex = 0; path = libNaiveC.a; sourceTree = BUILT_PRODUCTS_DIR; };
		F31D7F3C2122FA0700E11E5F /* libNaiveC.h */ = {isa = PBXFileReference; lastKnownFileType = sourcecode.c.h; path = libNaiveC.h; sourceTree = "<group>"; };
		F31D7F3D2122FA0700E11E5F /* libNaiveC.m */ = {isa = PBXFileReference; lastKnownFileType = sourcecode.c.objc; path = libNaiveC.m; sourceTree = "<group>"; };
		F31D80002123BD8000E11E5F /* Foundation.framework */ = {isa = PBXFileReference; lastKnownFileType = wrapper.framework; name = Foundation.framework; path = System/Library/Frameworks/Foundation.framework; sourceTree = SDKROOT; };
		F359ABE62150977100FE7D84 /* NCSourceManager.mm */ = {isa = PBXFileReference; lastKnownFileType = sourcecode.cpp.objcpp; path = NCSourceManager.mm; sourceTree = "<group>"; };
		F359ABE72150977100FE7D84 /* NCSourceManager.hpp */ = {isa = PBXFileReference; lastKnownFileType = sourcecode.cpp.h; path = NCSourceManager.hpp; sourceTree = "<group>"; };
		F366D93321E7520B001824AE /* liblibNaiveCDesktop.a */ = {isa = PBXFileReference; explicitFileType = archive.ar; includeInIndex = 0; path = liblibNaiveCDesktop.a; sourceTree = BUILT_PRODUCTS_DIR; };
/* End PBXFileReference section */

/* Begin PBXFrameworksBuildPhase section */
		D4E06E562037015C0095F442 /* Frameworks */ = {
			isa = PBXFrameworksBuildPhase;
			buildActionMask = 2147483647;
			files = (
				F4124ED51EB702F5D4264A9B /* libPods-NaiveC.a in Frameworks */,
				0D00F7BB2B8CC00F00A8E9AD /* libffi.a in Frameworks */,
			);
			runOnlyForDeploymentPostprocessing = 0;
		};
		D4E06E5F2037015C0095F442 /* Frameworks */ = {
			isa = PBXFrameworksBuildPhase;
			buildActionMask = 2147483647;
			files = (
				D4E06E632037015D0095F442 /* Naive_C.framework in Frameworks */,
			);
			runOnlyForDeploymentPostprocessing = 0;
		};
		F31D7F372122FA0700E11E5F /* Frameworks */ = {
			isa = PBXFrameworksBuildPhase;
			buildActionMask = 2147483647;
			files = (
			);
			runOnlyForDeploymentPostprocessing = 0;
		};
		F366D92D21E7520B001824AE /* Frameworks */ = {
			isa = PBXFrameworksBuildPhase;
			buildActionMask = 2147483647;
			files = (
			);
			runOnlyForDeploymentPostprocessing = 0;
		};
/* End PBXFrameworksBuildPhase section */

/* Begin PBXGroup section */
		0D00F79D2B8CC00E00A8E9AD /* libffi */ = {
			isa = PBXGroup;
			children = (
				0D00F79E2B8CC00E00A8E9AD /* ffitarget_arm64.h */,
				0D00F79F2B8CC00E00A8E9AD /* ffitarget.h */,
				0D00F7A02B8CC00E00A8E9AD /* ffi_arm.h */,
				0D00F7A12B8CC00E00A8E9AD /* ffi_i386.h */,
				0D00F7A22B8CC00E00A8E9AD /* ffitarget_x86_64.h */,
				0D00F7A32B8CC00E00A8E9AD /* ffi_x86_64.h */,
				0D00F7A42B8CC00E00A8E9AD /* ffitarget_arm.h */,
				0D00F7A52B8CC00E00A8E9AD /* ffitarget_i386.h */,
				0D00F7A62B8CC00E00A8E9AD /* libffi.a */,
				0D00F7A72B8CC00E00A8E9AD /* ffi.h */,
				0D00F7A82B8CC00E00A8E9AD /* ffi_arm64.h */,
			);
			path = libffi;
			sourceTree = "<group>";
		};
		0D7285C42B68FF28002DBE5C /* patch */ = {
			isa = PBXGroup;
			children = (
				0D00F79D2B8CC00E00A8E9AD /* libffi */,
				0D00F7AF2B8CC00F00A8E9AD /* NCObjCSourceParser.h */,
				0D00F7AA2B8CC00E00A8E9AD /* NCObjCSourceParser.m */,
				0D00F7A92B8CC00E00A8E9AD /* NPEngine.h */,
				0D00F7AC2B8CC00E00A8E9AD /* NPEngine.m */,
				0D7285C52B68FF28002DBE5C /* NPPatchedClass.h */,
				0D7285C62B68FF28002DBE5C /* NPPatchedClass.m */,
			);
			path = patch;
			sourceTree = "<group>";
		};
		0D73F8C42B46B8E3003EA49B /* wrapper */ = {
			isa = PBXGroup;
			children = (
				43718D9B2BAB3805003C0F5A /* NCCocoaEnumStore.h */,
				43718D9C2BAB3805003C0F5A /* NCCocoaEnumStore.m */,
				43718D9A2BAB3805003C0F5A /* NCLocalEnumStore.h */,
				43718D9D2BAB3805003C0F5A /* NCLocalEnumStore.m */,
				0D73F8C52B46B946003EA49B /* NCNSArrayWrapper.mm */,
				0D73F8C62B46B946003EA49B /* NCNSArrayWrapper.hpp */,
				0D73F8CA2B46C9F9003EA49B /* NCNSDictionaryWrapper.mm */,
				0D73F8CB2B46C9F9003EA49B /* NCNSDictionaryWrapper.hpp */,
				0DF2A76A2B99B5DE00810044 /* NSCocoaSymbolStore.h */,
				0DF2A76B2B99B5DE00810044 /* NSCocoaSymbolStore.m */,
				0D2264112B9B11B300BFA519 /* NCSymbolStore.mm */,
				0D2264122B9B11B300BFA519 /* NCSymbolStore.hpp */,
				0D2264182B9F0B6E00BFA519 /* NCCocoaMapper.h */,
				0D2264192B9F0B6E00BFA519 /* NCCocoaMapper.mm */,
				43718D962BAB36C0003C0F5A /* NSNumber+Naive.h */,
			);
			path = wrapper;
			sourceTree = "<group>";
		};
		854DEB9BE74F38D0DB48A83A /* Pods */ = {
			isa = PBXGroup;
			children = (
				768A8E166425FEF0D0588FBB /* Pods-NaiveC.debug.xcconfig */,
				8566828DEBF6A96D03A90329 /* Pods-NaiveC.release.xcconfig */,
			);
			path = Pods;
			sourceTree = "<group>";
		};
		D4E06E0C203191920095F442 /* Bridged */ = {
			isa = PBXGroup;
			children = (
				0D7285C42B68FF28002DBE5C /* patch */,
				0D73F8C42B46B8E3003EA49B /* wrapper */,
				0D73F8BF2B450DA3003EA49B /* NCInvocation.h */,
				0D73F8C02B450DA3003EA49B /* NCInvocation.mm */,
				ED219CCD1F6D16370015293A /* NCBuiltinFunction.mm */,
				D4E06F46204042100095F442 /* NCLog.mm */,
				D4E06E0D203192CB0095F442 /* NCCocoaClassProvider.mm */,
				D4E06E0E203192CB0095F442 /* NCCocoaClassProvider.hpp */,
				D4E06F2220397AAB0095F442 /* NCCocoaClass.mm */,
				D4E06F2320397AAB0095F442 /* NCCocoaClass.hpp */,
				D4E06E2A2032F2C50095F442 /* NCCocoaBox.mm */,
				D4E06E2B2032F2C50095F442 /* NCCocoaBox.hpp */,
				D4E06F26203C3E1B0095F442 /* NCCocoaToolkit.mm */,
				D4E06F27203C3E1B0095F442 /* NCCocoaToolkit.hpp */,
				D496C755204D2CB900B6A041 /* NCSourceFinder.mm */,
				D496C756204D2CB900B6A041 /* NCSourceFinder.hpp */,
				F359ABE62150977100FE7D84 /* NCSourceManager.mm */,
				F359ABE72150977100FE7D84 /* NCSourceManager.hpp */,
				0D4F53002B4B8AEA003EF544 /* NCStringFormatter.mm */,
				0D4F53012B4B8AEA003EF544 /* NCStringFormatter.hpp */,
			);
			path = Bridged;
			sourceTree = "<group>";
		};
		D4E06E312036FD520095F442 /* Example */ = {
			isa = PBXGroup;
			children = (
				D4716E681FF26F24000797B1 /* CodeTest */,
				ED219CDF1F6D1B610015293A /* CodeTestX */,
			);
			path = Example;
			sourceTree = "<group>";
		};
		D4E06E5B2037015C0095F442 /* NaiveC */ = {
			isa = PBXGroup;
			children = (
				ED219C9E1F6D15CB0015293A /* Supporting Files */,
				ED219CAF1F6D15CB0015293A /* Info.plist */,
				ED219CAA1F6D15CB0015293A /* Assets.xcassets */,
				D4E06E5C2037015C0095F442 /* NaiveC.h */,
				D4E06E5D2037015C0095F442 /* Info.plist */,
				D4E06EE5203716140095F442 /* NCCodeEngine_iOS.h */,
				D4E06EE6203716140095F442 /* NCCodeEngine_iOS.mm */,
				0D7285A62B6781B8002DBE5C /* NPFunction.h */,
				0D7285A72B6781B8002DBE5C /* NPFunction.mm */,
			);
			path = NaiveC;
			sourceTree = "<group>";
		};
		D4E06E662037015D0095F442 /* NaiveCTests */ = {
			isa = PBXGroup;
			children = (
				D4E06E672037015D0095F442 /* NaiveCTests.m */,
				D4E06E692037015D0095F442 /* Info.plist */,
			);
			path = NaiveCTests;
			sourceTree = "<group>";
		};
		D4E06F1120396D380095F442 /* Library */ = {
			isa = PBXGroup;
			children = (
				D4E06F1620396FD10095F442 /* NCStandardLibraryProvider.cpp */,
				D4E06F1720396FD10095F442 /* NCStandardLibraryProvider.hpp */,
				D4E06F1A203971280095F442 /* NCArray.cpp */,
				D4E06F1B203971280095F442 /* NCArray.hpp */,
				D4E06F1E203972F90095F442 /* NCStandardClass.cpp */,
				D4E06F1F203972F90095F442 /* NCStandardClass.hpp */,
			);
			path = Library;
			sourceTree = "<group>";
		};
		ED219C921F6D15CB0015293A = {
			isa = PBXGroup;
			children = (
				D4E06F1120396D380095F442 /* Library */,
				D4E06E312036FD520095F442 /* Example */,
				ED219CC41F6D16370015293A /* frontend */,
				ED219CCB1F6D16370015293A /* VM */,
				D4E06E0C203191920095F442 /* Bridged */,
				D4E06E5B2037015C0095F442 /* NaiveC */,
				D4E06E662037015D0095F442 /* NaiveCTests */,
				F31D7F3B2122FA0700E11E5F /* libNaiveC */,
				ED219C9C1F6D15CB0015293A /* Products */,
				F31D7FFF2123BD8000E11E5F /* Frameworks */,
				854DEB9BE74F38D0DB48A83A /* Pods */,
			);
			sourceTree = "<group>";
		};
		ED219C9C1F6D15CB0015293A /* Products */ = {
			isa = PBXGroup;
			children = (
				D4E06E5A2037015C0095F442 /* Naive_C.framework */,
				D4E06E622037015C0095F442 /* NaiveCTests.xctest */,
				F31D7F3A2122FA0700E11E5F /* libNaiveC.a */,
				F366D93321E7520B001824AE /* liblibNaiveCDesktop.a */,
			);
			name = Products;
			sourceTree = "<group>";
		};
		ED219C9E1F6D15CB0015293A /* Supporting Files */ = {
			isa = PBXGroup;
			children = (
				ED219C9F1F6D15CB0015293A /* main.m */,
			);
			name = "Supporting Files";
			sourceTree = "<group>";
		};
		ED219CC41F6D16370015293A /* frontend */ = {
			isa = PBXGroup;
			children = (
				ED219CC51F6D16370015293A /* NCAST.cpp */,
				ED219CC61F6D16370015293A /* NCAST.hpp */,
				ED219CC91F6D16370015293A /* NCTokenizer.cpp */,
				ED219CCA1F6D16370015293A /* NCTokenizer.hpp */,
				ED219CC71F6D16370015293A /* NCParser.cpp */,
				ED219CC81F6D16370015293A /* NCParser.hpp */,
			);
			path = frontend;
			sourceTree = "<group>";
		};
		ED219CCB1F6D16370015293A /* VM */ = {
			isa = PBXGroup;
			children = (
				ED219CCC1F6D16370015293A /* NCBuiltinFunction.hpp */,
				ED219CCE1F6D16370015293A /* NCCode.cpp */,
				ED219CCF1F6D16370015293A /* NCCode.hpp */,
				ED219CD01F6D16370015293A /* NCInterpreter.cpp */,
				ED219CD11F6D16370015293A /* NCInterpreter.hpp */,
				ED219CD21F6D16370015293A /* NCStackElement.cpp */,
				ED219CD31F6D16370015293A /* NCStackElement.hpp */,
				ED2040341F77A6D300734821 /* NCObject.cpp */,
				ED2040351F77A6D300734821 /* NCObject.hpp */,
				D4E06DC220304A410095F442 /* NCClassLoader.cpp */,
				D4E06DC320304A410095F442 /* NCClassLoader.hpp */,
				D4E06DC5203125D40095F442 /* NCClassProvider.cpp */,
				D4E06DC6203125D40095F442 /* NCClassProvider.hpp */,
				D4E06F0C203871E10095F442 /* NCClass.cpp */,
				D4E06F0D203871E10095F442 /* NCClass.hpp */,
				D4E06F47204042100095F442 /* NCLog.hpp */,
				D4892EE120450A520052267E /* NCBuiltinFunctionStore.cpp */,
				D4892EE220450A520052267E /* NCBuiltinFunctionStore.hpp */,
				D496C70D204AFFE500B6A041 /* NCException.cpp */,
				D496C70E204AFFE500B6A041 /* NCException.hpp */,
				D44B8FFB204FD6610091B94C /* NCModuleCache.cpp */,
				D44B8FFC204FD6610091B94C /* NCModuleCache.hpp */,
				D4439E4C2089EB1F005EE65B /* NCHeapMemory.cpp */,
				D4439E4D2089EB1F005EE65B /* NCHeapMemory.hpp */,
			);
			path = VM;
			sourceTree = "<group>";
		};
		F31D7F3B2122FA0700E11E5F /* libNaiveC */ = {
			isa = PBXGroup;
			children = (
				F31D7F3C2122FA0700E11E5F /* libNaiveC.h */,
				F31D7F3D2122FA0700E11E5F /* libNaiveC.m */,
			);
			path = libNaiveC;
			sourceTree = "<group>";
		};
		F31D7FFF2123BD8000E11E5F /* Frameworks */ = {
			isa = PBXGroup;
			children = (
				F31D80002123BD8000E11E5F /* Foundation.framework */,
				D3F118B0BC12705D1D82CFFE /* libPods-NaiveC.a */,
			);
			name = Frameworks;
			sourceTree = "<group>";
		};
/* End PBXGroup section */

/* Begin PBXHeadersBuildPhase section */
		D4E06E572037015C0095F442 /* Headers */ = {
			isa = PBXHeadersBuildPhase;
			buildActionMask = 2147483647;
			files = (
				D4439E4F2089EB1F005EE65B /* NCHeapMemory.hpp in Headers */,
				0D00F7B82B8CC00F00A8E9AD /* ffi_x86_64.h in Headers */,
				43718D9E2BAB3805003C0F5A /* NCLocalEnumStore.h in Headers */,
				D4E06E6A2037015D0095F442 /* NaiveC.h in Headers */,
				D4E06F21203972F90095F442 /* NCStandardClass.hpp in Headers */,
				0DF2A76C2B99B5DE00810044 /* NSCocoaSymbolStore.h in Headers */,
				D4E06F1920396FD10095F442 /* NCStandardLibraryProvider.hpp in Headers */,
				D44B8FFE204FD6610091B94C /* NCModuleCache.hpp in Headers */,
				0D00F7B72B8CC00F00A8E9AD /* ffitarget_x86_64.h in Headers */,
				0D7285C72B68FF28002DBE5C /* NPPatchedClass.h in Headers */,
				0D00F7BE2B8CC00F00A8E9AD /* NPEngine.h in Headers */,
				D4892EE420450A520052267E /* NCBuiltinFunctionStore.hpp in Headers */,
				0D00F7B52B8CC00F00A8E9AD /* ffi_arm.h in Headers */,
				0D00F7B92B8CC00F00A8E9AD /* ffitarget_arm.h in Headers */,
				D4E06F0F203871E10095F442 /* NCClass.hpp in Headers */,
				0D2264152B9B11B400BFA519 /* NCSymbolStore.hpp in Headers */,
				0D4F53042B4B8AEA003EF544 /* NCStringFormatter.hpp in Headers */,
				43718D982BAB36C0003C0F5A /* NSNumber+Naive.h in Headers */,
				0D00F7C42B8CC00F00A8E9AD /* NCObjCSourceParser.h in Headers */,
				D496C710204AFFE500B6A041 /* NCException.hpp in Headers */,
				D496C758204D2CB900B6A041 /* NCSourceFinder.hpp in Headers */,
				0D00F7BC2B8CC00F00A8E9AD /* ffi.h in Headers */,
				0D22641A2B9F0B6E00BFA519 /* NCCocoaMapper.h in Headers */,
				0D7285A82B6781B8002DBE5C /* NPFunction.h in Headers */,
				D4E06F29203C3E1B0095F442 /* NCCocoaToolkit.hpp in Headers */,
				0D00F7BA2B8CC00F00A8E9AD /* ffitarget_i386.h in Headers */,
				0D00F7B42B8CC00F00A8E9AD /* ffitarget.h in Headers */,
				D4E06F49204042100095F442 /* NCLog.hpp in Headers */,
				D4E06EE7203716140095F442 /* NCCodeEngine_iOS.h in Headers */,
				D4E06F1D203971280095F442 /* NCArray.hpp in Headers */,
				0D73F8C92B46B946003EA49B /* NCNSArrayWrapper.hpp in Headers */,
				F359ABE92150977100FE7D84 /* NCSourceManager.hpp in Headers */,
				D4E06F2520397AAB0095F442 /* NCCocoaClass.hpp in Headers */,
				0D00F7B32B8CC00F00A8E9AD /* ffitarget_arm64.h in Headers */,
				0D73F8CE2B46C9F9003EA49B /* NCNSDictionaryWrapper.hpp in Headers */,
				0D00F7B62B8CC00F00A8E9AD /* ffi_i386.h in Headers */,
				0D73F8C12B450DA3003EA49B /* NCInvocation.h in Headers */,
				0D00F7BD2B8CC00F00A8E9AD /* ffi_arm64.h in Headers */,
				43718D9F2BAB3805003C0F5A /* NCCocoaEnumStore.h in Headers */,
			);
			runOnlyForDeploymentPostprocessing = 0;
		};
/* End PBXHeadersBuildPhase section */

/* Begin PBXNativeTarget section */
		D4E06E592037015C0095F442 /* Naive-C */ = {
			isa = PBXNativeTarget;
			buildConfigurationList = D4E06E6B2037015D0095F442 /* Build configuration list for PBXNativeTarget "Naive-C" */;
			buildPhases = (
				1FF36D12EEDAA468D4599092 /* [CP] Check Pods Manifest.lock */,
				D4E06E552037015C0095F442 /* Sources */,
				D4E06E562037015C0095F442 /* Frameworks */,
				D4E06E572037015C0095F442 /* Headers */,
				D4E06E582037015C0095F442 /* Resources */,
			);
			buildRules = (
			);
			dependencies = (
			);
			name = "Naive-C";
			productName = NaiveC;
			productReference = D4E06E5A2037015C0095F442 /* Naive_C.framework */;
			productType = "com.apple.product-type.framework";
		};
		D4E06E612037015C0095F442 /* NaiveCTests */ = {
			isa = PBXNativeTarget;
			buildConfigurationList = D4E06E6E2037015D0095F442 /* Build configuration list for PBXNativeTarget "NaiveCTests" */;
			buildPhases = (
				D4E06E5E2037015C0095F442 /* Sources */,
				D4E06E5F2037015C0095F442 /* Frameworks */,
				D4E06E602037015C0095F442 /* Resources */,
			);
			buildRules = (
			);
			dependencies = (
				D4E06E652037015D0095F442 /* PBXTargetDependency */,
			);
			name = NaiveCTests;
			productName = NaiveCTests;
			productReference = D4E06E622037015C0095F442 /* NaiveCTests.xctest */;
			productType = "com.apple.product-type.bundle.unit-test";
		};
		F31D7F392122FA0700E11E5F /* NaiveC */ = {
			isa = PBXNativeTarget;
			buildConfigurationList = F31D7F422122FA0700E11E5F /* Build configuration list for PBXNativeTarget "NaiveC" */;
			buildPhases = (
				F31D7F362122FA0700E11E5F /* Sources */,
				F31D7F372122FA0700E11E5F /* Frameworks */,
				F31D7F382122FA0700E11E5F /* CopyFiles */,
				0D1696442B2811B80055D837 /* ShellScript */,
			);
			buildRules = (
			);
			dependencies = (
			);
			name = NaiveC;
			productName = libNaiveC;
			productReference = F31D7F3A2122FA0700E11E5F /* libNaiveC.a */;
			productType = "com.apple.product-type.library.static";
		};
		F366D8F221E7520B001824AE /* libNaiveCDesktop */ = {
			isa = PBXNativeTarget;
			buildConfigurationList = F366D93021E7520B001824AE /* Build configuration list for PBXNativeTarget "libNaiveCDesktop" */;
			buildPhases = (
				F366D8F321E7520B001824AE /* Sources */,
				F366D92D21E7520B001824AE /* Frameworks */,
				F366D92E21E7520B001824AE /* CopyFiles */,
			);
			buildRules = (
			);
			dependencies = (
			);
			name = libNaiveCDesktop;
			productName = libNaiveC;
			productReference = F366D93321E7520B001824AE /* liblibNaiveCDesktop.a */;
			productType = "com.apple.product-type.library.static";
		};
/* End PBXNativeTarget section */

/* Begin PBXProject section */
		ED219C931F6D15CB0015293A /* Project object */ = {
			isa = PBXProject;
			attributes = {
				LastUpgradeCheck = 0920;
				ORGANIZATIONNAME = Ogreaxe;
				TargetAttributes = {
					D4E06E592037015C0095F442 = {
						CreatedOnToolsVersion = 9.2;
						ProvisioningStyle = Automatic;
					};
					D4E06E612037015C0095F442 = {
						CreatedOnToolsVersion = 9.2;
						ProvisioningStyle = Automatic;
					};
					F31D7F392122FA0700E11E5F = {
						CreatedOnToolsVersion = 9.4.1;
						ProvisioningStyle = Automatic;
					};
					F366D8F221E7520B001824AE = {
						ProvisioningStyle = Automatic;
					};
				};
			};
			buildConfigurationList = ED219C961F6D15CB0015293A /* Build configuration list for PBXProject "NaiveC" */;
			compatibilityVersion = "Xcode 3.2";
			developmentRegion = English;
			hasScannedForEncodings = 0;
			knownRegions = (
				English,
				en,
				Base,
			);
			mainGroup = ED219C921F6D15CB0015293A;
			productRefGroup = ED219C9C1F6D15CB0015293A /* Products */;
			projectDirPath = "";
			projectRoot = "";
			targets = (
				D4E06E592037015C0095F442 /* Naive-C */,
				D4E06E612037015C0095F442 /* NaiveCTests */,
				F31D7F392122FA0700E11E5F /* NaiveC */,
				F366D8F221E7520B001824AE /* libNaiveCDesktop */,
			);
		};
/* End PBXProject section */

/* Begin PBXResourcesBuildPhase section */
		D4E06E582037015C0095F442 /* Resources */ = {
			isa = PBXResourcesBuildPhase;
			buildActionMask = 2147483647;
			files = (
			);
			runOnlyForDeploymentPostprocessing = 0;
		};
		D4E06E602037015C0095F442 /* Resources */ = {
			isa = PBXResourcesBuildPhase;
			buildActionMask = 2147483647;
			files = (
			);
			runOnlyForDeploymentPostprocessing = 0;
		};
/* End PBXResourcesBuildPhase section */

/* Begin PBXShellScriptBuildPhase section */
		0D1696442B2811B80055D837 /* ShellScript */ = {
			isa = PBXShellScriptBuildPhase;
			buildActionMask = 2147483647;
			files = (
			);
			inputFileListPaths = (
			);
			inputPaths = (
			);
			outputFileListPaths = (
			);
			outputPaths = (
			);
			runOnlyForDeploymentPostprocessing = 0;
			shellPath = /bin/sh;
			shellScript = "# Type a script or drag a script file from your workspace to insert its path.\ncp ${TARGET_BUILD_DIR}/lib${TARGET_NAME}.a ${PROJECT_DIR}/../NaiveStudio/NaiveStudio/lib/lib${TARGET_NAME}.a\n";
		};
		1FF36D12EEDAA468D4599092 /* [CP] Check Pods Manifest.lock */ = {
			isa = PBXShellScriptBuildPhase;
			buildActionMask = 2147483647;
			files = (
			);
			inputFileListPaths = (
			);
			inputPaths = (
				"${PODS_PODFILE_DIR_PATH}/Podfile.lock",
				"${PODS_ROOT}/Manifest.lock",
			);
			name = "[CP] Check Pods Manifest.lock";
			outputFileListPaths = (
			);
			outputPaths = (
				"$(DERIVED_FILE_DIR)/Pods-NaiveC-checkManifestLockResult.txt",
			);
			runOnlyForDeploymentPostprocessing = 0;
			shellPath = /bin/sh;
			shellScript = "diff \"${PODS_PODFILE_DIR_PATH}/Podfile.lock\" \"${PODS_ROOT}/Manifest.lock\" > /dev/null\nif [ $? != 0 ] ; then\n    # print error to STDERR\n    echo \"error: The sandbox is not in sync with the Podfile.lock. Run 'pod install' or update your CocoaPods installation.\" >&2\n    exit 1\nfi\n# This output is used by Xcode 'outputs' to avoid re-running this script phase.\necho \"SUCCESS\" > \"${SCRIPT_OUTPUT_FILE_0}\"\n";
			showEnvVarsInLog = 0;
		};
/* End PBXShellScriptBuildPhase section */

/* Begin PBXSourcesBuildPhase section */
		D4E06E552037015C0095F442 /* Sources */ = {
			isa = PBXSourcesBuildPhase;
			buildActionMask = 2147483647;
			files = (
				D4E06F1820396FD10095F442 /* NCStandardLibraryProvider.cpp in Sources */,
				D4E06F102038727D0095F442 /* NCClass.hpp in Sources */,
				D4E06F1C203971280095F442 /* NCArray.cpp in Sources */,
				D4E06F0220371DAB0095F442 /* NCCocoaClassProvider.hpp in Sources */,
				D4E06F0520371DAB0095F442 /* NCCocoaBox.mm in Sources */,
				D4E06F48204042100095F442 /* NCLog.mm in Sources */,
				D4E06F0620371DAB0095F442 /* NCCocoaBox.hpp in Sources */,
				D4E06F0E203871E10095F442 /* NCClass.cpp in Sources */,
				D4E06F0120371DA50095F442 /* NCCocoaClassProvider.mm in Sources */,
				D4E06EEF20371D9E0095F442 /* NCBuiltinFunction.hpp in Sources */,
				D4E06F28203C3E1B0095F442 /* NCCocoaToolkit.mm in Sources */,
				D44B8FFD204FD6610091B94C /* NCModuleCache.cpp in Sources */,
				D4E06EF020371D9E0095F442 /* NCBuiltinFunction.mm in Sources */,
				D4E06EF120371D9E0095F442 /* NCCode.cpp in Sources */,
				D4E06EF220371D9E0095F442 /* NCCode.hpp in Sources */,
				D4E06EF320371D9E0095F442 /* NCInterpreter.cpp in Sources */,
				0D4F53022B4B8AEA003EF544 /* NCStringFormatter.mm in Sources */,
				F359ABE82150977100FE7D84 /* NCSourceManager.mm in Sources */,
				0D00F7C12B8CC00F00A8E9AD /* NPEngine.m in Sources */,
				D4E06EF420371D9E0095F442 /* NCInterpreter.hpp in Sources */,
				D4E06EF520371D9E0095F442 /* NCStackElement.cpp in Sources */,
				D4E06EF620371D9E0095F442 /* NCStackElement.hpp in Sources */,
				D496C70F204AFFE500B6A041 /* NCException.cpp in Sources */,
				D4E06EF720371D9E0095F442 /* NCObject.cpp in Sources */,
				43718DA02BAB3805003C0F5A /* NCCocoaEnumStore.m in Sources */,
				D4E06EF820371D9E0095F442 /* NCObject.hpp in Sources */,
				D4E06EF920371D9E0095F442 /* NCClassLoader.cpp in Sources */,
				D4E06EFA20371D9E0095F442 /* NCClassLoader.hpp in Sources */,
				0D00F7BF2B8CC00F00A8E9AD /* NCObjCSourceParser.m in Sources */,
				D4E06EFB20371D9E0095F442 /* NCClassProvider.cpp in Sources */,
				D4E06EFC20371D9E0095F442 /* NCClassProvider.hpp in Sources */,
				D4E06EE920371D910095F442 /* NCAST.cpp in Sources */,
				43718DA22BAB3805003C0F5A /* NCLocalEnumStore.m in Sources */,
				0D73F8C22B450DA3003EA49B /* NCInvocation.mm in Sources */,
				0D7285C82B68FF28002DBE5C /* NPPatchedClass.m in Sources */,
				0D73F8CC2B46C9F9003EA49B /* NCNSDictionaryWrapper.mm in Sources */,
				D4E06EEA20371D910095F442 /* NCAST.hpp in Sources */,
				0D2264132B9B11B300BFA519 /* NCSymbolStore.mm in Sources */,
				D4E06EEB20371D910095F442 /* NCParser.cpp in Sources */,
				D4E06F2420397AAB0095F442 /* NCCocoaClass.mm in Sources */,
				D4892EE320450A520052267E /* NCBuiltinFunctionStore.cpp in Sources */,
				D4439E4E2089EB1F005EE65B /* NCHeapMemory.cpp in Sources */,
				D4E06EEC20371D910095F442 /* NCParser.hpp in Sources */,
				0D73F8C72B46B946003EA49B /* NCNSArrayWrapper.mm in Sources */,
				D496C757204D2CB900B6A041 /* NCSourceFinder.mm in Sources */,
				D4E06F20203972F90095F442 /* NCStandardClass.cpp in Sources */,
				0DF2A76D2B99B5DE00810044 /* NSCocoaSymbolStore.m in Sources */,
				D4E06EED20371D910095F442 /* NCTokenizer.cpp in Sources */,
				0D7285A92B6781B8002DBE5C /* NPFunction.mm in Sources */,
				D4E06EEE20371D910095F442 /* NCTokenizer.hpp in Sources */,
				D4E06EE8203716140095F442 /* NCCodeEngine_iOS.mm in Sources */,
				0D22641B2B9F0B6E00BFA519 /* NCCocoaMapper.mm in Sources */,
			);
			runOnlyForDeploymentPostprocessing = 0;
		};
		D4E06E5E2037015C0095F442 /* Sources */ = {
			isa = PBXSourcesBuildPhase;
			buildActionMask = 2147483647;
			files = (
				D4E06E682037015D0095F442 /* NaiveCTests.m in Sources */,
			);
			runOnlyForDeploymentPostprocessing = 0;
		};
		F31D7F362122FA0700E11E5F /* Sources */ = {
			isa = PBXSourcesBuildPhase;
			buildActionMask = 2147483647;
			files = (
				0D00F7C72B8CC19400A8E9AD /* NCObjCSourceParser.m in Sources */,
				0D00F7C62B8CC17700A8E9AD /* NPEngine.m in Sources */,
				F3F2A93E215A0E91004CE143 /* NCSourceManager.mm in Sources */,
				F31D7F432122FA7400E11E5F /* NCStandardLibraryProvider.cpp in Sources */,
				F31D7F442122FA7400E11E5F /* NCStandardLibraryProvider.hpp in Sources */,
				0D2264142B9B11B300BFA519 /* NCSymbolStore.mm in Sources */,
				F31D7F452122FA7400E11E5F /* NCArray.cpp in Sources */,
				F31D7F462122FA7400E11E5F /* NCArray.hpp in Sources */,
				F31D7F472122FA7400E11E5F /* NCStandardClass.cpp in Sources */,
				F31D7F482122FA7400E11E5F /* NCStandardClass.hpp in Sources */,
				0D73F8CD2B46C9F9003EA49B /* NCNSDictionaryWrapper.mm in Sources */,
				F31D7F492122FA7400E11E5F /* CodeTest in Sources */,
				F31D7F4A2122FA7400E11E5F /* CodeTestX in Sources */,
				F31D7F4B2122FA7400E11E5F /* NCAST.cpp in Sources */,
				F31D7F4C2122FA7400E11E5F /* NCAST.hpp in Sources */,
				F31D7F4D2122FA7400E11E5F /* NCTokenizer.cpp in Sources */,
				F31D7F4E2122FA7400E11E5F /* NCTokenizer.hpp in Sources */,
				F31D7F4F2122FA7400E11E5F /* NCParser.cpp in Sources */,
				F31D7F502122FA7400E11E5F /* NCParser.hpp in Sources */,
				F31D7F512122FA7400E11E5F /* NCBuiltinFunction.hpp in Sources */,
				F31D7F522122FA7400E11E5F /* NCCode.cpp in Sources */,
				0D4F53032B4B8AEA003EF544 /* NCStringFormatter.mm in Sources */,
				F31D7F532122FA7400E11E5F /* NCCode.hpp in Sources */,
				F31D7F542122FA7400E11E5F /* NCInterpreter.cpp in Sources */,
				F31D7F552122FA7400E11E5F /* NCInterpreter.hpp in Sources */,
				43718DA12BAB3805003C0F5A /* NCCocoaEnumStore.m in Sources */,
				F31D7F562122FA7400E11E5F /* NCStackElement.cpp in Sources */,
				F31D7F572122FA7400E11E5F /* NCStackElement.hpp in Sources */,
				F31D7F582122FA7400E11E5F /* NCObject.cpp in Sources */,
				F31D7F592122FA7400E11E5F /* NCObject.hpp in Sources */,
				0D73F8C32B450DA3003EA49B /* NCInvocation.mm in Sources */,
				F31D7F5A2122FA7400E11E5F /* NCClassLoader.cpp in Sources */,
				F31D7F5B2122FA7400E11E5F /* NCClassLoader.hpp in Sources */,
				F31D7F5C2122FA7400E11E5F /* NCClassProvider.cpp in Sources */,
				F31D7F5D2122FA7400E11E5F /* NCClassProvider.hpp in Sources */,
				F31D7F5E2122FA7400E11E5F /* NCClass.cpp in Sources */,
				F31D7F5F2122FA7400E11E5F /* NCClass.hpp in Sources */,
				F31D7F602122FA7400E11E5F /* NCLog.hpp in Sources */,
				F31D7F612122FA7400E11E5F /* NCBuiltinFunctionStore.cpp in Sources */,
				F31D7F622122FA7400E11E5F /* NCBuiltinFunctionStore.hpp in Sources */,
				F31D7F632122FA7400E11E5F /* NCException.cpp in Sources */,
				F31D7F642122FA7400E11E5F /* NCException.hpp in Sources */,
				F31D7F652122FA7400E11E5F /* NCModuleCache.cpp in Sources */,
				F31D7F662122FA7400E11E5F /* NCModuleCache.hpp in Sources */,
				F31D7F672122FA7400E11E5F /* NCHeapMemory.cpp in Sources */,
				F31D7F682122FA7400E11E5F /* NCHeapMemory.hpp in Sources */,
				F31D7F692122FA7400E11E5F /* NCBuiltinFunction.mm in Sources */,
				43718DA32BAB3805003C0F5A /* NCLocalEnumStore.m in Sources */,
				F31D7F6A2122FA7400E11E5F /* NCLog.mm in Sources */,
				F31D7F6B2122FA7400E11E5F /* NCCocoaClassProvider.mm in Sources */,
				F31D7F6C2122FA7400E11E5F /* NCCocoaClassProvider.hpp in Sources */,
				F31D7F6D2122FA7400E11E5F /* NCCocoaClass.mm in Sources */,
				0DF2A76E2B99B5DE00810044 /* NSCocoaSymbolStore.m in Sources */,
				F31D7F6E2122FA7400E11E5F /* NCCocoaClass.hpp in Sources */,
				F31D7F6F2122FA7400E11E5F /* NCCocoaBox.mm in Sources */,
				F31D7F702122FA7400E11E5F /* NCCocoaBox.hpp in Sources */,
				F31D7F712122FA7400E11E5F /* NCCocoaToolkit.mm in Sources */,
				F31D7F722122FA7400E11E5F /* NCCocoaToolkit.hpp in Sources */,
				F31D7F752122FA7400E11E5F /* NCSourceFinder.mm in Sources */,
				F31D7F762122FA7400E11E5F /* NCSourceFinder.hpp in Sources */,
				F31D7F7A2122FA7400E11E5F /* NaiveC.h in Sources */,
				F31D7F7C2122FA7400E11E5F /* NCCodeEngine_iOS.h in Sources */,
				F31D7F7D2122FA7400E11E5F /* NCCodeEngine_iOS.mm in Sources */,
				0D7285C92B68FF28002DBE5C /* NPPatchedClass.m in Sources */,
				0D7285AA2B6781B8002DBE5C /* NPFunction.mm in Sources */,
				0D73F8C82B46B946003EA49B /* NCNSArrayWrapper.mm in Sources */,
				F31D7F3E2122FA0700E11E5F /* libNaiveC.m in Sources */,
				0D22641C2B9F0B6E00BFA519 /* NCCocoaMapper.mm in Sources */,
			);
			runOnlyForDeploymentPostprocessing = 0;
		};
		F366D8F321E7520B001824AE /* Sources */ = {
			isa = PBXSourcesBuildPhase;
			buildActionMask = 2147483647;
			files = (
				F366D8F421E7520B001824AE /* NCSourceManager.mm in Sources */,
				F366D8F521E7520B001824AE /* NCStandardLibraryProvider.cpp in Sources */,
				F366D8F621E7520B001824AE /* NCStandardLibraryProvider.hpp in Sources */,
				F366D8F721E7520B001824AE /* NCArray.cpp in Sources */,
				F366D8F821E7520B001824AE /* NCArray.hpp in Sources */,
				F366D8F921E7520B001824AE /* NCStandardClass.cpp in Sources */,
				F366D8FA21E7520B001824AE /* NCStandardClass.hpp in Sources */,
				F366D8FB21E7520B001824AE /* CodeTest in Sources */,
				F366D8FC21E7520B001824AE /* CodeTestX in Sources */,
				F366D8FD21E7520B001824AE /* NCAST.cpp in Sources */,
				F366D8FE21E7520B001824AE /* NCAST.hpp in Sources */,
				F366D8FF21E7520B001824AE /* NCTokenizer.cpp in Sources */,
				F366D90021E7520B001824AE /* NCTokenizer.hpp in Sources */,
				F366D90121E7520B001824AE /* NCParser.cpp in Sources */,
				F366D90221E7520B001824AE /* NCParser.hpp in Sources */,
				F366D90321E7520B001824AE /* NCBuiltinFunction.hpp in Sources */,
				F366D90421E7520B001824AE /* NCCode.cpp in Sources */,
				F366D90521E7520B001824AE /* NCCode.hpp in Sources */,
				F366D90621E7520B001824AE /* NCInterpreter.cpp in Sources */,
				F366D90721E7520B001824AE /* NCInterpreter.hpp in Sources */,
				F366D90821E7520B001824AE /* NCStackElement.cpp in Sources */,
				F366D90921E7520B001824AE /* NCStackElement.hpp in Sources */,
				F366D90A21E7520B001824AE /* NCObject.cpp in Sources */,
				F366D90B21E7520B001824AE /* NCObject.hpp in Sources */,
				F366D90C21E7520B001824AE /* NCClassLoader.cpp in Sources */,
				F366D90D21E7520B001824AE /* NCClassLoader.hpp in Sources */,
				F366D90E21E7520B001824AE /* NCClassProvider.cpp in Sources */,
				F366D90F21E7520B001824AE /* NCClassProvider.hpp in Sources */,
				F366D91021E7520B001824AE /* NCClass.cpp in Sources */,
				F366D91121E7520B001824AE /* NCClass.hpp in Sources */,
				F366D91221E7520B001824AE /* NCLog.hpp in Sources */,
				F366D91321E7520B001824AE /* NCBuiltinFunctionStore.cpp in Sources */,
				F366D91421E7520B001824AE /* NCBuiltinFunctionStore.hpp in Sources */,
				F366D91521E7520B001824AE /* NCException.cpp in Sources */,
				F366D91621E7520B001824AE /* NCException.hpp in Sources */,
				F366D91721E7520B001824AE /* NCModuleCache.cpp in Sources */,
				F366D91821E7520B001824AE /* NCModuleCache.hpp in Sources */,
				F366D91921E7520B001824AE /* NCHeapMemory.cpp in Sources */,
				F366D91A21E7520B001824AE /* NCHeapMemory.hpp in Sources */,
				0D7285CA2B68FF28002DBE5C /* NPPatchedClass.m in Sources */,
				F366D91B21E7520B001824AE /* NCBuiltinFunction.mm in Sources */,
				F366D91C21E7520B001824AE /* NCLog.mm in Sources */,
				F366D91D21E7520B001824AE /* NCCocoaClassProvider.mm in Sources */,
				F366D91E21E7520B001824AE /* NCCocoaClassProvider.hpp in Sources */,
				F366D91F21E7520B001824AE /* NCCocoaClass.mm in Sources */,
				F366D92021E7520B001824AE /* NCCocoaClass.hpp in Sources */,
				F366D92121E7520B001824AE /* NCCocoaBox.mm in Sources */,
				F366D92221E7520B001824AE /* NCCocoaBox.hpp in Sources */,
				F366D92321E7520B001824AE /* NCCocoaToolkit.mm in Sources */,
				F366D92421E7520B001824AE /* NCCocoaToolkit.hpp in Sources */,
				0D7285AB2B6781B8002DBE5C /* NPFunction.mm in Sources */,
				F366D92721E7520B001824AE /* NCSourceFinder.mm in Sources */,
				F366D92821E7520B001824AE /* NCSourceFinder.hpp in Sources */,
				F366D92921E7520B001824AE /* NaiveC.h in Sources */,
				F366D92A21E7520B001824AE /* NCCodeEngine_iOS.h in Sources */,
				F366D92B21E7520B001824AE /* NCCodeEngine_iOS.mm in Sources */,
				F366D92C21E7520B001824AE /* libNaiveC.m in Sources */,
			);
			runOnlyForDeploymentPostprocessing = 0;
		};
/* End PBXSourcesBuildPhase section */

/* Begin PBXTargetDependency section */
		D4E06E652037015D0095F442 /* PBXTargetDependency */ = {
			isa = PBXTargetDependency;
			target = D4E06E592037015C0095F442 /* Naive-C */;
			targetProxy = D4E06E642037015D0095F442 /* PBXContainerItemProxy */;
		};
/* End PBXTargetDependency section */

/* Begin XCBuildConfiguration section */
		D4E06E6C2037015D0095F442 /* Debug */ = {
			isa = XCBuildConfiguration;
			baseConfigurationReference = 768A8E166425FEF0D0588FBB /* Pods-NaiveC.debug.xcconfig */;
			buildSettings = {
				ARCHS = "$(ARCHS_STANDARD)";
				CLANG_CXX_LANGUAGE_STANDARD = "gnu++14";
				CLANG_WARN_BLOCK_CAPTURE_AUTORELEASING = YES;
				CLANG_WARN_COMMA = YES;
				CLANG_WARN_NON_LITERAL_NULL_CONVERSION = YES;
				CLANG_WARN_OBJC_LITERAL_CONVERSION = YES;
				CLANG_WARN_RANGE_LOOP_ANALYSIS = YES;
				CLANG_WARN_STRICT_PROTOTYPES = YES;
				CLANG_WARN_UNGUARDED_AVAILABILITY = YES_AGGRESSIVE;
				CODE_SIGN_IDENTITY = "iPhone Developer";
				"CODE_SIGN_IDENTITY[sdk=iphoneos*]" = "iPhone Developer";
				CODE_SIGN_STYLE = Automatic;
				CURRENT_PROJECT_VERSION = 1;
				DEFINES_MODULE = YES;
				DEVELOPMENT_TEAM = "";
				DYLIB_COMPATIBILITY_VERSION = 1;
				DYLIB_CURRENT_VERSION = 1;
				DYLIB_INSTALL_NAME_BASE = "@rpath";
				GCC_C_LANGUAGE_STANDARD = gnu11;
				GCC_GENERATE_DEBUGGING_SYMBOLS = YES;
				INFOPLIST_FILE = NaiveC/Info.plist;
				INSTALL_PATH = "$(LOCAL_LIBRARY_DIR)/Frameworks";
				IPHONEOS_DEPLOYMENT_TARGET = 10.0;
				LD_RUNPATH_SEARCH_PATHS = "$(inherited) @executable_path/Frameworks @loader_path/Frameworks";
				LIBRARY_SEARCH_PATHS = (
					"$(inherited)",
					"$(PROJECT_DIR)/Bridged/patch/libffi",
				);
				ONLY_ACTIVE_ARCH = YES;
				PRODUCT_BUNDLE_IDENTIFIER = bd.NaiveC;
				PRODUCT_NAME = "$(TARGET_NAME:c99extidentifier)";
				PROVISIONING_PROFILE_SPECIFIER = "";
				SKIP_INSTALL = YES;
				TARGETED_DEVICE_FAMILY = "1,2";
				VERSIONING_SYSTEM = "apple-generic";
				VERSION_INFO_PREFIX = "";
			};
			name = Debug;
		};
		D4E06E6D2037015D0095F442 /* Release */ = {
			isa = XCBuildConfiguration;
			baseConfigurationReference = 8566828DEBF6A96D03A90329 /* Pods-NaiveC.release.xcconfig */;
			buildSettings = {
				ARCHS = "$(ARCHS_STANDARD)";
				CLANG_CXX_LANGUAGE_STANDARD = "gnu++14";
				CLANG_WARN_BLOCK_CAPTURE_AUTORELEASING = YES;
				CLANG_WARN_COMMA = YES;
				CLANG_WARN_NON_LITERAL_NULL_CONVERSION = YES;
				CLANG_WARN_OBJC_LITERAL_CONVERSION = YES;
				CLANG_WARN_RANGE_LOOP_ANALYSIS = YES;
				CLANG_WARN_STRICT_PROTOTYPES = YES;
				CLANG_WARN_UNGUARDED_AVAILABILITY = YES_AGGRESSIVE;
				CODE_SIGN_IDENTITY = "iPhone Developer";
				"CODE_SIGN_IDENTITY[sdk=iphoneos*]" = "iPhone Developer";
				CODE_SIGN_STYLE = Automatic;
				CURRENT_PROJECT_VERSION = 1;
				DEFINES_MODULE = YES;
				DEVELOPMENT_TEAM = "";
				DYLIB_COMPATIBILITY_VERSION = 1;
				DYLIB_CURRENT_VERSION = 1;
				DYLIB_INSTALL_NAME_BASE = "@rpath";
				GCC_C_LANGUAGE_STANDARD = gnu11;
				GCC_GENERATE_DEBUGGING_SYMBOLS = YES;
				INFOPLIST_FILE = NaiveC/Info.plist;
				INSTALL_PATH = "$(LOCAL_LIBRARY_DIR)/Frameworks";
				IPHONEOS_DEPLOYMENT_TARGET = 10.0;
				LD_RUNPATH_SEARCH_PATHS = "$(inherited) @executable_path/Frameworks @loader_path/Frameworks";
				LIBRARY_SEARCH_PATHS = (
					"$(inherited)",
					"$(PROJECT_DIR)/Bridged/patch/libffi",
				);
				PRODUCT_BUNDLE_IDENTIFIER = bd.NaiveC;
				PRODUCT_NAME = "$(TARGET_NAME:c99extidentifier)";
				PROVISIONING_PROFILE_SPECIFIER = "";
				SKIP_INSTALL = YES;
				TARGETED_DEVICE_FAMILY = "1,2";
				VERSIONING_SYSTEM = "apple-generic";
				VERSION_INFO_PREFIX = "";
			};
			name = Release;
		};
		D4E06E6F2037015D0095F442 /* Debug */ = {
			isa = XCBuildConfiguration;
			buildSettings = {
				CLANG_CXX_LANGUAGE_STANDARD = "gnu++14";
				CLANG_WARN_BLOCK_CAPTURE_AUTORELEASING = YES;
				CLANG_WARN_COMMA = YES;
				CLANG_WARN_NON_LITERAL_NULL_CONVERSION = YES;
				CLANG_WARN_OBJC_LITERAL_CONVERSION = YES;
				CLANG_WARN_RANGE_LOOP_ANALYSIS = YES;
				CLANG_WARN_STRICT_PROTOTYPES = YES;
				CLANG_WARN_UNGUARDED_AVAILABILITY = YES_AGGRESSIVE;
				CODE_SIGN_IDENTITY = "iPhone Developer";
				CODE_SIGN_STYLE = Automatic;
				GCC_C_LANGUAGE_STANDARD = gnu11;
				INFOPLIST_FILE = NaiveCTests/Info.plist;
				IPHONEOS_DEPLOYMENT_TARGET = 11.2;
				LD_RUNPATH_SEARCH_PATHS = "$(inherited) @executable_path/Frameworks @loader_path/Frameworks";
				PRODUCT_BUNDLE_IDENTIFIER = bd.NaiveCTests;
				PRODUCT_NAME = "$(TARGET_NAME)";
				TARGETED_DEVICE_FAMILY = "1,2";
			};
			name = Debug;
		};
		D4E06E702037015D0095F442 /* Release */ = {
			isa = XCBuildConfiguration;
			buildSettings = {
				CLANG_CXX_LANGUAGE_STANDARD = "gnu++14";
				CLANG_WARN_BLOCK_CAPTURE_AUTORELEASING = YES;
				CLANG_WARN_COMMA = YES;
				CLANG_WARN_NON_LITERAL_NULL_CONVERSION = YES;
				CLANG_WARN_OBJC_LITERAL_CONVERSION = YES;
				CLANG_WARN_RANGE_LOOP_ANALYSIS = YES;
				CLANG_WARN_STRICT_PROTOTYPES = YES;
				CLANG_WARN_UNGUARDED_AVAILABILITY = YES_AGGRESSIVE;
				CODE_SIGN_IDENTITY = "iPhone Developer";
				CODE_SIGN_STYLE = Automatic;
				GCC_C_LANGUAGE_STANDARD = gnu11;
				INFOPLIST_FILE = NaiveCTests/Info.plist;
				IPHONEOS_DEPLOYMENT_TARGET = 11.2;
				LD_RUNPATH_SEARCH_PATHS = "$(inherited) @executable_path/Frameworks @loader_path/Frameworks";
				PRODUCT_BUNDLE_IDENTIFIER = bd.NaiveCTests;
				PRODUCT_NAME = "$(TARGET_NAME)";
				TARGETED_DEVICE_FAMILY = "1,2";
			};
			name = Release;
		};
		ED219CBB1F6D15CB0015293A /* Debug */ = {
			isa = XCBuildConfiguration;
			buildSettings = {
				ALWAYS_SEARCH_USER_PATHS = NO;
				CLANG_ANALYZER_NONNULL = YES;
				CLANG_ANALYZER_NUMBER_OBJECT_CONVERSION = YES_AGGRESSIVE;
				CLANG_CXX_LANGUAGE_STANDARD = "gnu++0x";
				CLANG_CXX_LIBRARY = "libc++";
				CLANG_ENABLE_MODULES = YES;
				CLANG_ENABLE_OBJC_ARC = YES;
				CLANG_WARN_BOOL_CONVERSION = YES;
				CLANG_WARN_CONSTANT_CONVERSION = YES;
				CLANG_WARN_DIRECT_OBJC_ISA_USAGE = YES_ERROR;
				CLANG_WARN_DOCUMENTATION_COMMENTS = YES;
				CLANG_WARN_EMPTY_BODY = YES;
				CLANG_WARN_ENUM_CONVERSION = YES;
				CLANG_WARN_INFINITE_RECURSION = YES;
				CLANG_WARN_INT_CONVERSION = YES;
				CLANG_WARN_OBJC_ROOT_CLASS = YES_ERROR;
				CLANG_WARN_SUSPICIOUS_MOVE = YES;
				CLANG_WARN_UNREACHABLE_CODE = YES;
				CLANG_WARN__DUPLICATE_METHOD_MATCH = YES;
				"CODE_SIGN_IDENTITY[sdk=iphoneos*]" = "iPhone Developer";
				COPY_PHASE_STRIP = NO;
				DEBUG_INFORMATION_FORMAT = dwarf;
				ENABLE_STRICT_OBJC_MSGSEND = YES;
				ENABLE_TESTABILITY = YES;
				GCC_C_LANGUAGE_STANDARD = gnu99;
				GCC_DYNAMIC_NO_PIC = NO;
				GCC_NO_COMMON_BLOCKS = YES;
				GCC_OPTIMIZATION_LEVEL = 0;
				GCC_PREPROCESSOR_DEFINITIONS = (
					"DEBUG=1",
					"$(inherited)",
				);
				GCC_WARN_64_TO_32_BIT_CONVERSION = YES;
				GCC_WARN_ABOUT_RETURN_TYPE = YES_ERROR;
				GCC_WARN_UNDECLARED_SELECTOR = YES;
				GCC_WARN_UNINITIALIZED_AUTOS = YES_AGGRESSIVE;
				GCC_WARN_UNUSED_FUNCTION = YES;
				GCC_WARN_UNUSED_VARIABLE = YES;
				IPHONEOS_DEPLOYMENT_TARGET = 10.3;
				MTL_ENABLE_DEBUG_INFO = YES;
				ONLY_ACTIVE_ARCH = YES;
				SDKROOT = iphoneos;
				TARGETED_DEVICE_FAMILY = "1,2";
			};
			name = Debug;
		};
		ED219CBC1F6D15CB0015293A /* Release */ = {
			isa = XCBuildConfiguration;
			buildSettings = {
				ALWAYS_SEARCH_USER_PATHS = NO;
				CLANG_ANALYZER_NONNULL = YES;
				CLANG_ANALYZER_NUMBER_OBJECT_CONVERSION = YES_AGGRESSIVE;
				CLANG_CXX_LANGUAGE_STANDARD = "gnu++0x";
				CLANG_CXX_LIBRARY = "libc++";
				CLANG_ENABLE_MODULES = YES;
				CLANG_ENABLE_OBJC_ARC = YES;
				CLANG_WARN_BOOL_CONVERSION = YES;
				CLANG_WARN_CONSTANT_CONVERSION = YES;
				CLANG_WARN_DIRECT_OBJC_ISA_USAGE = YES_ERROR;
				CLANG_WARN_DOCUMENTATION_COMMENTS = YES;
				CLANG_WARN_EMPTY_BODY = YES;
				CLANG_WARN_ENUM_CONVERSION = YES;
				CLANG_WARN_INFINITE_RECURSION = YES;
				CLANG_WARN_INT_CONVERSION = YES;
				CLANG_WARN_OBJC_ROOT_CLASS = YES_ERROR;
				CLANG_WARN_SUSPICIOUS_MOVE = YES;
				CLANG_WARN_UNREACHABLE_CODE = YES;
				CLANG_WARN__DUPLICATE_METHOD_MATCH = YES;
				"CODE_SIGN_IDENTITY[sdk=iphoneos*]" = "iPhone Developer";
				COPY_PHASE_STRIP = NO;
				DEBUG_INFORMATION_FORMAT = "dwarf-with-dsym";
				ENABLE_NS_ASSERTIONS = NO;
				ENABLE_STRICT_OBJC_MSGSEND = YES;
				GCC_C_LANGUAGE_STANDARD = gnu99;
				GCC_NO_COMMON_BLOCKS = YES;
				GCC_WARN_64_TO_32_BIT_CONVERSION = YES;
				GCC_WARN_ABOUT_RETURN_TYPE = YES_ERROR;
				GCC_WARN_UNDECLARED_SELECTOR = YES;
				GCC_WARN_UNINITIALIZED_AUTOS = YES_AGGRESSIVE;
				GCC_WARN_UNUSED_FUNCTION = YES;
				GCC_WARN_UNUSED_VARIABLE = YES;
				IPHONEOS_DEPLOYMENT_TARGET = 10.3;
				MTL_ENABLE_DEBUG_INFO = NO;
				SDKROOT = iphoneos;
				TARGETED_DEVICE_FAMILY = "1,2";
				VALIDATE_PRODUCT = YES;
			};
			name = Release;
		};
		F31D7F402122FA0700E11E5F /* Debug */ = {
			isa = XCBuildConfiguration;
			buildSettings = {
				CLANG_CXX_LANGUAGE_STANDARD = "gnu++14";
				CLANG_ENABLE_OBJC_WEAK = YES;
				CLANG_WARN_BLOCK_CAPTURE_AUTORELEASING = YES;
				CLANG_WARN_COMMA = YES;
				CLANG_WARN_DEPRECATED_OBJC_IMPLEMENTATIONS = YES;
				CLANG_WARN_NON_LITERAL_NULL_CONVERSION = YES;
				CLANG_WARN_OBJC_IMPLICIT_RETAIN_SELF = YES;
				CLANG_WARN_OBJC_LITERAL_CONVERSION = YES;
				CLANG_WARN_RANGE_LOOP_ANALYSIS = YES;
				CLANG_WARN_STRICT_PROTOTYPES = YES;
				CLANG_WARN_UNGUARDED_AVAILABILITY = YES_AGGRESSIVE;
				CODE_SIGN_IDENTITY = "iPhone Developer";
				CODE_SIGN_STYLE = Automatic;
				COPY_PHASE_STRIP = NO;
				ENABLE_BITCODE = YES;
				GCC_C_LANGUAGE_STANDARD = gnu11;
				GCC_GENERATE_DEBUGGING_SYMBOLS = YES;
				IPHONEOS_DEPLOYMENT_TARGET = 8.0;
				OTHER_LDFLAGS = "-ObjC";
				PRODUCT_NAME = "$(TARGET_NAME)";
				SKIP_INSTALL = YES;
				TARGETED_DEVICE_FAMILY = "1,2";
			};
			name = Debug;
		};
		F31D7F412122FA0700E11E5F /* Release */ = {
			isa = XCBuildConfiguration;
			buildSettings = {
				CLANG_CXX_LANGUAGE_STANDARD = "gnu++14";
				CLANG_ENABLE_OBJC_WEAK = YES;
				CLANG_WARN_BLOCK_CAPTURE_AUTORELEASING = YES;
				CLANG_WARN_COMMA = YES;
				CLANG_WARN_DEPRECATED_OBJC_IMPLEMENTATIONS = YES;
				CLANG_WARN_NON_LITERAL_NULL_CONVERSION = YES;
				CLANG_WARN_OBJC_IMPLICIT_RETAIN_SELF = YES;
				CLANG_WARN_OBJC_LITERAL_CONVERSION = YES;
				CLANG_WARN_RANGE_LOOP_ANALYSIS = YES;
				CLANG_WARN_STRICT_PROTOTYPES = YES;
				CLANG_WARN_UNGUARDED_AVAILABILITY = YES_AGGRESSIVE;
				CODE_SIGN_IDENTITY = "iPhone Developer";
				CODE_SIGN_STYLE = Automatic;
				COPY_PHASE_STRIP = NO;
				ENABLE_BITCODE = YES;
				GCC_C_LANGUAGE_STANDARD = gnu11;
				GCC_GENERATE_DEBUGGING_SYMBOLS = YES;
				IPHONEOS_DEPLOYMENT_TARGET = 8.0;
				OTHER_LDFLAGS = "-ObjC";
				PRODUCT_NAME = "$(TARGET_NAME)";
				SKIP_INSTALL = YES;
				TARGETED_DEVICE_FAMILY = "1,2";
			};
			name = Release;
		};
		F366D93121E7520B001824AE /* Debug */ = {
			isa = XCBuildConfiguration;
			buildSettings = {
				CLANG_CXX_LANGUAGE_STANDARD = "gnu++14";
				CLANG_ENABLE_OBJC_WEAK = YES;
				CLANG_WARN_BLOCK_CAPTURE_AUTORELEASING = YES;
				CLANG_WARN_COMMA = YES;
				CLANG_WARN_DEPRECATED_OBJC_IMPLEMENTATIONS = YES;
				CLANG_WARN_NON_LITERAL_NULL_CONVERSION = YES;
				CLANG_WARN_OBJC_IMPLICIT_RETAIN_SELF = YES;
				CLANG_WARN_OBJC_LITERAL_CONVERSION = YES;
				CLANG_WARN_RANGE_LOOP_ANALYSIS = YES;
				CLANG_WARN_STRICT_PROTOTYPES = YES;
				CLANG_WARN_UNGUARDED_AVAILABILITY = YES_AGGRESSIVE;
				CODE_SIGN_IDENTITY = "iPhone Developer";
				CODE_SIGN_STYLE = Automatic;
				COPY_PHASE_STRIP = YES;
				ENABLE_BITCODE = YES;
				GCC_C_LANGUAGE_STANDARD = gnu11;
				GCC_GENERATE_DEBUGGING_SYMBOLS = NO;
				IPHONEOS_DEPLOYMENT_TARGET = 8.0;
				OTHER_LDFLAGS = "-ObjC";
				PRODUCT_NAME = "$(TARGET_NAME)";
				SDKROOT = macosx;
				SKIP_INSTALL = YES;
				TARGETED_DEVICE_FAMILY = "1,2";
			};
			name = Debug;
		};
		F366D93221E7520B001824AE /* Release */ = {
			isa = XCBuildConfiguration;
			buildSettings = {
				CLANG_CXX_LANGUAGE_STANDARD = "gnu++14";
				CLANG_ENABLE_OBJC_WEAK = YES;
				CLANG_WARN_BLOCK_CAPTURE_AUTORELEASING = YES;
				CLANG_WARN_COMMA = YES;
				CLANG_WARN_DEPRECATED_OBJC_IMPLEMENTATIONS = YES;
				CLANG_WARN_NON_LITERAL_NULL_CONVERSION = YES;
				CLANG_WARN_OBJC_IMPLICIT_RETAIN_SELF = YES;
				CLANG_WARN_OBJC_LITERAL_CONVERSION = YES;
				CLANG_WARN_RANGE_LOOP_ANALYSIS = YES;
				CLANG_WARN_STRICT_PROTOTYPES = YES;
				CLANG_WARN_UNGUARDED_AVAILABILITY = YES_AGGRESSIVE;
				CODE_SIGN_IDENTITY = "iPhone Developer";
				CODE_SIGN_STYLE = Automatic;
				COPY_PHASE_STRIP = YES;
				ENABLE_BITCODE = YES;
				GCC_C_LANGUAGE_STANDARD = gnu11;
				GCC_GENERATE_DEBUGGING_SYMBOLS = NO;
				IPHONEOS_DEPLOYMENT_TARGET = 8.0;
				OTHER_LDFLAGS = "-ObjC";
				PRODUCT_NAME = "$(TARGET_NAME)";
				SDKROOT = macosx;
				SKIP_INSTALL = YES;
				TARGETED_DEVICE_FAMILY = "1,2";
			};
			name = Release;
		};
/* End XCBuildConfiguration section */

/* Begin XCConfigurationList section */
		D4E06E6B2037015D0095F442 /* Build configuration list for PBXNativeTarget "Naive-C" */ = {
			isa = XCConfigurationList;
			buildConfigurations = (
				D4E06E6C2037015D0095F442 /* Debug */,
				D4E06E6D2037015D0095F442 /* Release */,
			);
			defaultConfigurationIsVisible = 0;
			defaultConfigurationName = Release;
		};
		D4E06E6E2037015D0095F442 /* Build configuration list for PBXNativeTarget "NaiveCTests" */ = {
			isa = XCConfigurationList;
			buildConfigurations = (
				D4E06E6F2037015D0095F442 /* Debug */,
				D4E06E702037015D0095F442 /* Release */,
			);
			defaultConfigurationIsVisible = 0;
			defaultConfigurationName = Release;
		};
		ED219C961F6D15CB0015293A /* Build configuration list for PBXProject "NaiveC" */ = {
			isa = XCConfigurationList;
			buildConfigurations = (
				ED219CBB1F6D15CB0015293A /* Debug */,
				ED219CBC1F6D15CB0015293A /* Release */,
			);
			defaultConfigurationIsVisible = 0;
			defaultConfigurationName = Release;
		};
		F31D7F422122FA0700E11E5F /* Build configuration list for PBXNativeTarget "NaiveC" */ = {
			isa = XCConfigurationList;
			buildConfigurations = (
				F31D7F402122FA0700E11E5F /* Debug */,
				F31D7F412122FA0700E11E5F /* Release */,
			);
			defaultConfigurationIsVisible = 0;
			defaultConfigurationName = Release;
		};
		F366D93021E7520B001824AE /* Build configuration list for PBXNativeTarget "libNaiveCDesktop" */ = {
			isa = XCConfigurationList;
			buildConfigurations = (
				F366D93121E7520B001824AE /* Debug */,
				F366D93221E7520B001824AE /* Release */,
			);
			defaultConfigurationIsVisible = 0;
			defaultConfigurationName = Release;
		};
/* End XCConfigurationList section */
	};
	rootObject = ED219C931F6D15CB0015293A /* Project object */;
}
