// !$*UTF8*$!
{
	archiveVersion = 1;
	classes = {
	};
	objectVersion = 46;
	objects = {

/* Begin PBXBuildFile section */
		D4716E621FF11269000797B1 /* NCInterpreterController.mm in Sources */ = {isa = PBXBuildFile; fileRef = D4716E611FF11269000797B1 /* NCInterpreterController.mm */; };
		D4716E651FF1E97C000797B1 /* NCConsole.m in Sources */ = {isa = PBXBuildFile; fileRef = D4716E641FF1E97C000797B1 /* NCConsole.m */; };
		D4716E691FF26F24000797B1 /* CodeTest in Resources */ = {isa = PBXBuildFile; fileRef = D4716E681FF26F24000797B1 /* CodeTest */; };
		D4716E6C1FF3980A000797B1 /* NCCodeTemplate.m in Sources */ = {isa = PBXBuildFile; fileRef = D4716E6B1FF3980A000797B1 /* NCCodeTemplate.m */; };
		D4716E6E1FF3C231000797B1 /* image.xcassets in Resources */ = {isa = PBXBuildFile; fileRef = D4716E6D1FF3C231000797B1 /* image.xcassets */; };
		ED08CD021FF90A40001A02FB /* NCProjectContentViewController.m in Sources */ = {isa = PBXBuildFile; fileRef = ED08CD011FF90A40001A02FB /* NCProjectContentViewController.m */; };
		ED08CD091FF91262001A02FB /* NCProjectManager.m in Sources */ = {isa = PBXBuildFile; fileRef = ED08CD081FF91262001A02FB /* NCProjectManager.m */; };
		ED08CD0C1FF91277001A02FB /* NCProject.m in Sources */ = {isa = PBXBuildFile; fileRef = ED08CD0B1FF91277001A02FB /* NCProject.m */; };
		ED08CD0F1FF9E041001A02FB /* NCProjectTableViewCell.m in Sources */ = {isa = PBXBuildFile; fileRef = ED08CD0E1FF9E041001A02FB /* NCProjectTableViewCell.m */; };
		ED08CD121FF9E550001A02FB /* NCAddNewFileViewController.m in Sources */ = {isa = PBXBuildFile; fileRef = ED08CD111FF9E550001A02FB /* NCAddNewFileViewController.m */; };
		ED08CD141FF9F99F001A02FB /* Common.mm in Sources */ = {isa = PBXBuildFile; fileRef = ED08CD131FF9F99F001A02FB /* Common.mm */; };
		ED08CD171FFA050D001A02FB /* UIViewController+NCExtension.m in Sources */ = {isa = PBXBuildFile; fileRef = ED08CD161FFA050D001A02FB /* UIViewController+NCExtension.m */; };
		ED2040361F77A6D300734821 /* NCClassInstance.cpp in Sources */ = {isa = PBXBuildFile; fileRef = ED2040341F77A6D300734821 /* NCClassInstance.cpp */; };
		ED219CA01F6D15CB0015293A /* main.m in Sources */ = {isa = PBXBuildFile; fileRef = ED219C9F1F6D15CB0015293A /* main.m */; };
		ED219CA31F6D15CB0015293A /* AppDelegate.m in Sources */ = {isa = PBXBuildFile; fileRef = ED219CA21F6D15CB0015293A /* AppDelegate.m */; };
		ED219CA61F6D15CB0015293A /* NCEditorViewController.mm in Sources */ = {isa = PBXBuildFile; fileRef = ED219CA51F6D15CB0015293A /* NCEditorViewController.mm */; };
		ED219CA91F6D15CB0015293A /* Main.storyboard in Resources */ = {isa = PBXBuildFile; fileRef = ED219CA71F6D15CB0015293A /* Main.storyboard */; };
		ED219CAB1F6D15CB0015293A /* Assets.xcassets in Resources */ = {isa = PBXBuildFile; fileRef = ED219CAA1F6D15CB0015293A /* Assets.xcassets */; };
		ED219CAE1F6D15CB0015293A /* LaunchScreen.storyboard in Resources */ = {isa = PBXBuildFile; fileRef = ED219CAC1F6D15CB0015293A /* LaunchScreen.storyboard */; };
		ED219CB91F6D15CB0015293A /* NaiveCTests.m in Sources */ = {isa = PBXBuildFile; fileRef = ED219CB81F6D15CB0015293A /* NaiveCTests.m */; };
		ED219CD41F6D16370015293A /* NCAST.cpp in Sources */ = {isa = PBXBuildFile; fileRef = ED219CC51F6D16370015293A /* NCAST.cpp */; };
		ED219CD51F6D16370015293A /* NCParser.cpp in Sources */ = {isa = PBXBuildFile; fileRef = ED219CC71F6D16370015293A /* NCParser.cpp */; };
		ED219CD61F6D16370015293A /* NCTokenizer.cpp in Sources */ = {isa = PBXBuildFile; fileRef = ED219CC91F6D16370015293A /* NCTokenizer.cpp */; };
		ED219CD71F6D16370015293A /* NCBuiltinFunction.mm in Sources */ = {isa = PBXBuildFile; fileRef = ED219CCD1F6D16370015293A /* NCBuiltinFunction.mm */; };
		ED219CD81F6D16370015293A /* NCCode.cpp in Sources */ = {isa = PBXBuildFile; fileRef = ED219CCE1F6D16370015293A /* NCCode.cpp */; };
		ED219CD91F6D16370015293A /* NCInterpreter.cpp in Sources */ = {isa = PBXBuildFile; fileRef = ED219CD01F6D16370015293A /* NCInterpreter.cpp */; };
		ED219CDA1F6D16370015293A /* NCStackElement.cpp in Sources */ = {isa = PBXBuildFile; fileRef = ED219CD21F6D16370015293A /* NCStackElement.cpp */; };
		ED219CE01F6D1B610015293A /* CodeTestX in Resources */ = {isa = PBXBuildFile; fileRef = ED219CDF1F6D1B610015293A /* CodeTestX */; };
		EDBB6D2D1FEF62FD003CB5C5 /* NCDataSource.m in Sources */ = {isa = PBXBuildFile; fileRef = EDBB6D2C1FEF62FD003CB5C5 /* NCDataSource.m */; };
		EDBB6D301FEF64E0003CB5C5 /* NCTextManager.mm in Sources */ = {isa = PBXBuildFile; fileRef = EDBB6D2F1FEF64E0003CB5C5 /* NCTextManager.mm */; };
/* End PBXBuildFile section */

/* Begin PBXContainerItemProxy section */
		ED219CB51F6D15CB0015293A /* PBXContainerItemProxy */ = {
			isa = PBXContainerItemProxy;
			containerPortal = ED219C931F6D15CB0015293A /* Project object */;
			proxyType = 1;
			remoteGlobalIDString = ED219C9A1F6D15CB0015293A;
			remoteInfo = NaiveC;
		};
/* End PBXContainerItemProxy section */

/* Begin PBXFileReference section */
		D4716E601FF11269000797B1 /* NCInterpreterController.h */ = {isa = PBXFileReference; lastKnownFileType = sourcecode.c.h; path = NCInterpreterController.h; sourceTree = "<group>"; };
		D4716E611FF11269000797B1 /* NCInterpreterController.mm */ = {isa = PBXFileReference; lastKnownFileType = sourcecode.cpp.objcpp; path = NCInterpreterController.mm; sourceTree = "<group>"; };
		D4716E631FF1E97C000797B1 /* NCConsole.h */ = {isa = PBXFileReference; lastKnownFileType = sourcecode.c.h; path = NCConsole.h; sourceTree = "<group>"; };
		D4716E641FF1E97C000797B1 /* NCConsole.m */ = {isa = PBXFileReference; lastKnownFileType = sourcecode.c.objc; path = NCConsole.m; sourceTree = "<group>"; };
		D4716E671FF1EDBE000797B1 /* Common.h */ = {isa = PBXFileReference; lastKnownFileType = sourcecode.c.h; path = Common.h; sourceTree = "<group>"; };
		D4716E681FF26F24000797B1 /* CodeTest */ = {isa = PBXFileReference; fileEncoding = 4; lastKnownFileType = text; path = CodeTest; sourceTree = "<group>"; };
		D4716E6A1FF3980A000797B1 /* NCCodeTemplate.h */ = {isa = PBXFileReference; lastKnownFileType = sourcecode.c.h; path = NCCodeTemplate.h; sourceTree = "<group>"; };
		D4716E6B1FF3980A000797B1 /* NCCodeTemplate.m */ = {isa = PBXFileReference; lastKnownFileType = sourcecode.c.objc; path = NCCodeTemplate.m; sourceTree = "<group>"; };
		D4716E6D1FF3C231000797B1 /* image.xcassets */ = {isa = PBXFileReference; lastKnownFileType = folder.assetcatalog; path = image.xcassets; sourceTree = "<group>"; };
		ED08CD001FF90A40001A02FB /* NCProjectContentViewController.h */ = {isa = PBXFileReference; lastKnownFileType = sourcecode.c.h; path = NCProjectContentViewController.h; sourceTree = "<group>"; };
		ED08CD011FF90A40001A02FB /* NCProjectContentViewController.m */ = {isa = PBXFileReference; lastKnownFileType = sourcecode.c.objc; path = NCProjectContentViewController.m; sourceTree = "<group>"; };
		ED08CD071FF91262001A02FB /* NCProjectManager.h */ = {isa = PBXFileReference; lastKnownFileType = sourcecode.c.h; name = NCProjectManager.h; path = Model/NCProjectManager.h; sourceTree = "<group>"; };
		ED08CD081FF91262001A02FB /* NCProjectManager.m */ = {isa = PBXFileReference; lastKnownFileType = sourcecode.c.objc; name = NCProjectManager.m; path = Model/NCProjectManager.m; sourceTree = "<group>"; };
		ED08CD0A1FF91277001A02FB /* NCProject.h */ = {isa = PBXFileReference; fileEncoding = 4; lastKnownFileType = sourcecode.c.h; name = NCProject.h; path = Model/NCProject.h; sourceTree = "<group>"; };
		ED08CD0B1FF91277001A02FB /* NCProject.m */ = {isa = PBXFileReference; fileEncoding = 4; lastKnownFileType = sourcecode.c.objc; name = NCProject.m; path = Model/NCProject.m; sourceTree = "<group>"; };
		ED08CD0D1FF9E041001A02FB /* NCProjectTableViewCell.h */ = {isa = PBXFileReference; lastKnownFileType = sourcecode.c.h; path = NCProjectTableViewCell.h; sourceTree = "<group>"; };
		ED08CD0E1FF9E041001A02FB /* NCProjectTableViewCell.m */ = {isa = PBXFileReference; lastKnownFileType = sourcecode.c.objc; path = NCProjectTableViewCell.m; sourceTree = "<group>"; };
		ED08CD101FF9E550001A02FB /* NCAddNewFileViewController.h */ = {isa = PBXFileReference; lastKnownFileType = sourcecode.c.h; path = NCAddNewFileViewController.h; sourceTree = "<group>"; };
		ED08CD111FF9E550001A02FB /* NCAddNewFileViewController.m */ = {isa = PBXFileReference; lastKnownFileType = sourcecode.c.objc; path = NCAddNewFileViewController.m; sourceTree = "<group>"; };
		ED08CD131FF9F99F001A02FB /* Common.mm */ = {isa = PBXFileReference; lastKnownFileType = sourcecode.cpp.objcpp; path = Common.mm; sourceTree = "<group>"; };
		ED08CD151FFA050D001A02FB /* UIViewController+NCExtension.h */ = {isa = PBXFileReference; lastKnownFileType = sourcecode.c.h; path = "UIViewController+NCExtension.h"; sourceTree = "<group>"; };
		ED08CD161FFA050D001A02FB /* UIViewController+NCExtension.m */ = {isa = PBXFileReference; lastKnownFileType = sourcecode.c.objc; path = "UIViewController+NCExtension.m"; sourceTree = "<group>"; };
		ED2040341F77A6D300734821 /* NCClassInstance.cpp */ = {isa = PBXFileReference; fileEncoding = 4; lastKnownFileType = sourcecode.cpp.cpp; path = NCClassInstance.cpp; sourceTree = "<group>"; };
		ED2040351F77A6D300734821 /* NCClassInstance.hpp */ = {isa = PBXFileReference; fileEncoding = 4; lastKnownFileType = sourcecode.cpp.h; path = NCClassInstance.hpp; sourceTree = "<group>"; };
		ED219C9B1F6D15CB0015293A /* NaiveC.app */ = {isa = PBXFileReference; explicitFileType = wrapper.application; includeInIndex = 0; path = NaiveC.app; sourceTree = BUILT_PRODUCTS_DIR; };
		ED219C9F1F6D15CB0015293A /* main.m */ = {isa = PBXFileReference; lastKnownFileType = sourcecode.c.objc; path = main.m; sourceTree = "<group>"; };
		ED219CA11F6D15CB0015293A /* AppDelegate.h */ = {isa = PBXFileReference; lastKnownFileType = sourcecode.c.h; path = AppDelegate.h; sourceTree = "<group>"; };
		ED219CA21F6D15CB0015293A /* AppDelegate.m */ = {isa = PBXFileReference; lastKnownFileType = sourcecode.c.objc; path = AppDelegate.m; sourceTree = "<group>"; };
		ED219CA41F6D15CB0015293A /* NCEditorViewController.h */ = {isa = PBXFileReference; lastKnownFileType = sourcecode.c.h; path = NCEditorViewController.h; sourceTree = "<group>"; };
		ED219CA51F6D15CB0015293A /* NCEditorViewController.mm */ = {isa = PBXFileReference; lastKnownFileType = sourcecode.cpp.objcpp; path = NCEditorViewController.mm; sourceTree = "<group>"; };
		ED219CA81F6D15CB0015293A /* Base */ = {isa = PBXFileReference; lastKnownFileType = file.storyboard; name = Base; path = Base.lproj/Main.storyboard; sourceTree = "<group>"; };
		ED219CAA1F6D15CB0015293A /* Assets.xcassets */ = {isa = PBXFileReference; lastKnownFileType = folder.assetcatalog; path = Assets.xcassets; sourceTree = "<group>"; };
		ED219CAD1F6D15CB0015293A /* Base */ = {isa = PBXFileReference; lastKnownFileType = file.storyboard; name = Base; path = Base.lproj/LaunchScreen.storyboard; sourceTree = "<group>"; };
		ED219CAF1F6D15CB0015293A /* Info.plist */ = {isa = PBXFileReference; lastKnownFileType = text.plist.xml; path = Info.plist; sourceTree = "<group>"; };
		ED219CB41F6D15CB0015293A /* NaiveCTests.xctest */ = {isa = PBXFileReference; explicitFileType = wrapper.cfbundle; includeInIndex = 0; path = NaiveCTests.xctest; sourceTree = BUILT_PRODUCTS_DIR; };
		ED219CB81F6D15CB0015293A /* NaiveCTests.m */ = {isa = PBXFileReference; lastKnownFileType = sourcecode.c.objc; path = NaiveCTests.m; sourceTree = "<group>"; };
		ED219CBA1F6D15CB0015293A /* Info.plist */ = {isa = PBXFileReference; lastKnownFileType = text.plist.xml; path = Info.plist; sourceTree = "<group>"; };
		ED219CC51F6D16370015293A /* NCAST.cpp */ = {isa = PBXFileReference; fileEncoding = 4; lastKnownFileType = sourcecode.cpp.cpp; path = NCAST.cpp; sourceTree = "<group>"; };
		ED219CC61F6D16370015293A /* NCAST.hpp */ = {isa = PBXFileReference; fileEncoding = 4; lastKnownFileType = sourcecode.cpp.h; path = NCAST.hpp; sourceTree = "<group>"; };
		ED219CC71F6D16370015293A /* NCParser.cpp */ = {isa = PBXFileReference; fileEncoding = 4; lastKnownFileType = sourcecode.cpp.cpp; path = NCParser.cpp; sourceTree = "<group>"; };
		ED219CC81F6D16370015293A /* NCParser.hpp */ = {isa = PBXFileReference; fileEncoding = 4; lastKnownFileType = sourcecode.cpp.h; path = NCParser.hpp; sourceTree = "<group>"; };
		ED219CC91F6D16370015293A /* NCTokenizer.cpp */ = {isa = PBXFileReference; fileEncoding = 4; lastKnownFileType = sourcecode.cpp.cpp; path = NCTokenizer.cpp; sourceTree = "<group>"; };
		ED219CCA1F6D16370015293A /* NCTokenizer.hpp */ = {isa = PBXFileReference; fileEncoding = 4; lastKnownFileType = sourcecode.cpp.h; path = NCTokenizer.hpp; sourceTree = "<group>"; };
		ED219CCC1F6D16370015293A /* NCBuiltinFunction.hpp */ = {isa = PBXFileReference; fileEncoding = 4; lastKnownFileType = sourcecode.cpp.h; path = NCBuiltinFunction.hpp; sourceTree = "<group>"; };
		ED219CCD1F6D16370015293A /* NCBuiltinFunction.mm */ = {isa = PBXFileReference; fileEncoding = 4; lastKnownFileType = sourcecode.cpp.objcpp; path = NCBuiltinFunction.mm; sourceTree = "<group>"; };
		ED219CCE1F6D16370015293A /* NCCode.cpp */ = {isa = PBXFileReference; fileEncoding = 4; lastKnownFileType = sourcecode.cpp.cpp; path = NCCode.cpp; sourceTree = "<group>"; };
		ED219CCF1F6D16370015293A /* NCCode.hpp */ = {isa = PBXFileReference; fileEncoding = 4; lastKnownFileType = sourcecode.cpp.h; path = NCCode.hpp; sourceTree = "<group>"; };
		ED219CD01F6D16370015293A /* NCInterpreter.cpp */ = {isa = PBXFileReference; fileEncoding = 4; lastKnownFileType = sourcecode.cpp.cpp; path = NCInterpreter.cpp; sourceTree = "<group>"; };
		ED219CD11F6D16370015293A /* NCInterpreter.hpp */ = {isa = PBXFileReference; fileEncoding = 4; lastKnownFileType = sourcecode.cpp.h; path = NCInterpreter.hpp; sourceTree = "<group>"; };
		ED219CD21F6D16370015293A /* NCStackElement.cpp */ = {isa = PBXFileReference; fileEncoding = 4; lastKnownFileType = sourcecode.cpp.cpp; path = NCStackElement.cpp; sourceTree = "<group>"; };
		ED219CD31F6D16370015293A /* NCStackElement.hpp */ = {isa = PBXFileReference; fileEncoding = 4; lastKnownFileType = sourcecode.cpp.h; path = NCStackElement.hpp; sourceTree = "<group>"; };
		ED219CDF1F6D1B610015293A /* CodeTestX */ = {isa = PBXFileReference; fileEncoding = 4; lastKnownFileType = text; path = CodeTestX; sourceTree = "<group>"; };
		EDBB6D2B1FEF62FD003CB5C5 /* NCDataSource.h */ = {isa = PBXFileReference; lastKnownFileType = sourcecode.c.h; path = NCDataSource.h; sourceTree = "<group>"; };
		EDBB6D2C1FEF62FD003CB5C5 /* NCDataSource.m */ = {isa = PBXFileReference; lastKnownFileType = sourcecode.c.objc; path = NCDataSource.m; sourceTree = "<group>"; };
		EDBB6D2E1FEF64E0003CB5C5 /* NCTextManager.h */ = {isa = PBXFileReference; lastKnownFileType = sourcecode.c.h; path = NCTextManager.h; sourceTree = "<group>"; };
		EDBB6D2F1FEF64E0003CB5C5 /* NCTextManager.mm */ = {isa = PBXFileReference; lastKnownFileType = sourcecode.cpp.objcpp; path = NCTextManager.mm; sourceTree = "<group>"; };
/* End PBXFileReference section */

/* Begin PBXFrameworksBuildPhase section */
		ED219C981F6D15CB0015293A /* Frameworks */ = {
			isa = PBXFrameworksBuildPhase;
			buildActionMask = 2147483647;
			files = (
			);
			runOnlyForDeploymentPostprocessing = 0;
		};
		ED219CB11F6D15CB0015293A /* Frameworks */ = {
			isa = PBXFrameworksBuildPhase;
			buildActionMask = 2147483647;
			files = (
			);
			runOnlyForDeploymentPostprocessing = 0;
		};
/* End PBXFrameworksBuildPhase section */

/* Begin PBXGroup section */
		D4716E661FF1E98A000797B1 /* Coding */ = {
			isa = PBXGroup;
			children = (
				D4716E6A1FF3980A000797B1 /* NCCodeTemplate.h */,
				D4716E6B1FF3980A000797B1 /* NCCodeTemplate.m */,
				D4716E631FF1E97C000797B1 /* NCConsole.h */,
				D4716E641FF1E97C000797B1 /* NCConsole.m */,
				D4716E601FF11269000797B1 /* NCInterpreterController.h */,
				D4716E611FF11269000797B1 /* NCInterpreterController.mm */,
				EDBB6D2E1FEF64E0003CB5C5 /* NCTextManager.h */,
				EDBB6D2F1FEF64E0003CB5C5 /* NCTextManager.mm */,
				EDBB6D2B1FEF62FD003CB5C5 /* NCDataSource.h */,
				EDBB6D2C1FEF62FD003CB5C5 /* NCDataSource.m */,
			);
			name = Coding;
			sourceTree = "<group>";
		};
		ED08CCFF1FF9098B001A02FB /* UI */ = {
			isa = PBXGroup;
			children = (
				ED08CD0D1FF9E041001A02FB /* NCProjectTableViewCell.h */,
				ED08CD0E1FF9E041001A02FB /* NCProjectTableViewCell.m */,
				ED08CD001FF90A40001A02FB /* NCProjectContentViewController.h */,
				ED08CD011FF90A40001A02FB /* NCProjectContentViewController.m */,
				ED08CD101FF9E550001A02FB /* NCAddNewFileViewController.h */,
				ED08CD111FF9E550001A02FB /* NCAddNewFileViewController.m */,
				ED219CA41F6D15CB0015293A /* NCEditorViewController.h */,
				ED219CA51F6D15CB0015293A /* NCEditorViewController.mm */,
				ED219CA71F6D15CB0015293A /* Main.storyboard */,
				ED08CD151FFA050D001A02FB /* UIViewController+NCExtension.h */,
				ED08CD161FFA050D001A02FB /* UIViewController+NCExtension.m */,
			);
			name = UI;
			sourceTree = "<group>";
		};
		ED08CD031FF90ADB001A02FB /* Model */ = {
			isa = PBXGroup;
			children = (
				ED08CD0A1FF91277001A02FB /* NCProject.h */,
				ED08CD0B1FF91277001A02FB /* NCProject.m */,
				ED08CD071FF91262001A02FB /* NCProjectManager.h */,
				ED08CD081FF91262001A02FB /* NCProjectManager.m */,
			);
			name = Model;
			sourceTree = "<group>";
		};
		ED219C921F6D15CB0015293A = {
			isa = PBXGroup;
			children = (
				D4716E681FF26F24000797B1 /* CodeTest */,
				ED219CDF1F6D1B610015293A /* CodeTestX */,
				ED219CC41F6D16370015293A /* frontend */,
				ED219CCB1F6D16370015293A /* VM */,
				ED219C9D1F6D15CB0015293A /* iOS */,
				ED219CB71F6D15CB0015293A /* NaiveCTests */,
				ED219C9C1F6D15CB0015293A /* Products */,
			);
			sourceTree = "<group>";
		};
		ED219C9C1F6D15CB0015293A /* Products */ = {
			isa = PBXGroup;
			children = (
				ED219C9B1F6D15CB0015293A /* NaiveC.app */,
				ED219CB41F6D15CB0015293A /* NaiveCTests.xctest */,
			);
			name = Products;
			sourceTree = "<group>";
		};
		ED219C9D1F6D15CB0015293A /* iOS */ = {
			isa = PBXGroup;
			children = (
				ED08CD031FF90ADB001A02FB /* Model */,
				ED08CCFF1FF9098B001A02FB /* UI */,
				D4716E661FF1E98A000797B1 /* Coding */,
				ED219CA11F6D15CB0015293A /* AppDelegate.h */,
				ED219CA21F6D15CB0015293A /* AppDelegate.m */,
				D4716E671FF1EDBE000797B1 /* Common.h */,
				ED08CD131FF9F99F001A02FB /* Common.mm */,
				D4716E6D1FF3C231000797B1 /* image.xcassets */,
				ED219CAA1F6D15CB0015293A /* Assets.xcassets */,
				ED219CAC1F6D15CB0015293A /* LaunchScreen.storyboard */,
				ED219CAF1F6D15CB0015293A /* Info.plist */,
				ED219C9E1F6D15CB0015293A /* Supporting Files */,
			);
			name = iOS;
			path = NaiveC;
			sourceTree = "<group>";
		};
		ED219C9E1F6D15CB0015293A /* Supporting Files */ = {
			isa = PBXGroup;
			children = (
				ED219C9F1F6D15CB0015293A /* main.m */,
			);
			name = "Supporting Files";
			sourceTree = "<group>";
		};
		ED219CB71F6D15CB0015293A /* NaiveCTests */ = {
			isa = PBXGroup;
			children = (
				ED219CB81F6D15CB0015293A /* NaiveCTests.m */,
				ED219CBA1F6D15CB0015293A /* Info.plist */,
			);
			path = NaiveCTests;
			sourceTree = "<group>";
		};
		ED219CC41F6D16370015293A /* frontend */ = {
			isa = PBXGroup;
			children = (
				ED219CC51F6D16370015293A /* NCAST.cpp */,
				ED219CC61F6D16370015293A /* NCAST.hpp */,
				ED219CC71F6D16370015293A /* NCParser.cpp */,
				ED219CC81F6D16370015293A /* NCParser.hpp */,
				ED219CC91F6D16370015293A /* NCTokenizer.cpp */,
				ED219CCA1F6D16370015293A /* NCTokenizer.hpp */,
			);
			path = frontend;
			sourceTree = "<group>";
		};
		ED219CCB1F6D16370015293A /* VM */ = {
			isa = PBXGroup;
			children = (
				ED219CCC1F6D16370015293A /* NCBuiltinFunction.hpp */,
				ED219CCD1F6D16370015293A /* NCBuiltinFunction.mm */,
				ED219CCE1F6D16370015293A /* NCCode.cpp */,
				ED219CCF1F6D16370015293A /* NCCode.hpp */,
				ED219CD01F6D16370015293A /* NCInterpreter.cpp */,
				ED219CD11F6D16370015293A /* NCInterpreter.hpp */,
				ED219CD21F6D16370015293A /* NCStackElement.cpp */,
				ED219CD31F6D16370015293A /* NCStackElement.hpp */,
				ED2040341F77A6D300734821 /* NCClassInstance.cpp */,
				ED2040351F77A6D300734821 /* NCClassInstance.hpp */,
			);
			path = VM;
			sourceTree = "<group>";
		};
/* End PBXGroup section */

/* Begin PBXNativeTarget section */
		ED219C9A1F6D15CB0015293A /* NaiveC */ = {
			isa = PBXNativeTarget;
			buildConfigurationList = ED219CBD1F6D15CB0015293A /* Build configuration list for PBXNativeTarget "NaiveC" */;
			buildPhases = (
				ED219C971F6D15CB0015293A /* Sources */,
				ED219C981F6D15CB0015293A /* Frameworks */,
				ED219C991F6D15CB0015293A /* Resources */,
			);
			buildRules = (
			);
			dependencies = (
			);
			name = NaiveC;
			productName = NaiveC;
			productReference = ED219C9B1F6D15CB0015293A /* NaiveC.app */;
			productType = "com.apple.product-type.application";
		};
		ED219CB31F6D15CB0015293A /* NaiveCTests */ = {
			isa = PBXNativeTarget;
			buildConfigurationList = ED219CC01F6D15CB0015293A /* Build configuration list for PBXNativeTarget "NaiveCTests" */;
			buildPhases = (
				ED219CB01F6D15CB0015293A /* Sources */,
				ED219CB11F6D15CB0015293A /* Frameworks */,
				ED219CB21F6D15CB0015293A /* Resources */,
			);
			buildRules = (
			);
			dependencies = (
				ED219CB61F6D15CB0015293A /* PBXTargetDependency */,
			);
			name = NaiveCTests;
			productName = NaiveCTests;
			productReference = ED219CB41F6D15CB0015293A /* NaiveCTests.xctest */;
			productType = "com.apple.product-type.bundle.unit-test";
		};
/* End PBXNativeTarget section */

/* Begin PBXProject section */
		ED219C931F6D15CB0015293A /* Project object */ = {
			isa = PBXProject;
			attributes = {
				LastUpgradeCheck = 0830;
				ORGANIZATIONNAME = Ogreaxe;
				TargetAttributes = {
					ED219C9A1F6D15CB0015293A = {
						CreatedOnToolsVersion = 8.3.3;
						DevelopmentTeam = 6FY57Y255B;
						ProvisioningStyle = Automatic;
					};
					ED219CB31F6D15CB0015293A = {
						CreatedOnToolsVersion = 8.3.3;
						ProvisioningStyle = Automatic;
						TestTargetID = ED219C9A1F6D15CB0015293A;
					};
				};
			};
			buildConfigurationList = ED219C961F6D15CB0015293A /* Build configuration list for PBXProject "NaiveC" */;
			compatibilityVersion = "Xcode 3.2";
			developmentRegion = English;
			hasScannedForEncodings = 0;
			knownRegions = (
				en,
				Base,
			);
			mainGroup = ED219C921F6D15CB0015293A;
			productRefGroup = ED219C9C1F6D15CB0015293A /* Products */;
			projectDirPath = "";
			projectRoot = "";
			targets = (
				ED219C9A1F6D15CB0015293A /* NaiveC */,
				ED219CB31F6D15CB0015293A /* NaiveCTests */,
			);
		};
/* End PBXProject section */

/* Begin PBXResourcesBuildPhase section */
		ED219C991F6D15CB0015293A /* Resources */ = {
			isa = PBXResourcesBuildPhase;
			buildActionMask = 2147483647;
			files = (
				ED219CAE1F6D15CB0015293A /* LaunchScreen.storyboard in Resources */,
				ED219CAB1F6D15CB0015293A /* Assets.xcassets in Resources */,
				D4716E691FF26F24000797B1 /* CodeTest in Resources */,
				D4716E6E1FF3C231000797B1 /* image.xcassets in Resources */,
				ED219CA91F6D15CB0015293A /* Main.storyboard in Resources */,
				ED219CE01F6D1B610015293A /* CodeTestX in Resources */,
			);
			runOnlyForDeploymentPostprocessing = 0;
		};
		ED219CB21F6D15CB0015293A /* Resources */ = {
			isa = PBXResourcesBuildPhase;
			buildActionMask = 2147483647;
			files = (
			);
			runOnlyForDeploymentPostprocessing = 0;
		};
/* End PBXResourcesBuildPhase section */

/* Begin PBXSourcesBuildPhase section */
		ED219C971F6D15CB0015293A /* Sources */ = {
			isa = PBXSourcesBuildPhase;
			buildActionMask = 2147483647;
			files = (
				ED08CD141FF9F99F001A02FB /* Common.mm in Sources */,
				D4716E651FF1E97C000797B1 /* NCConsole.m in Sources */,
				ED219CD61F6D16370015293A /* NCTokenizer.cpp in Sources */,
				ED219CA61F6D15CB0015293A /* NCEditorViewController.mm in Sources */,
				D4716E6C1FF3980A000797B1 /* NCCodeTemplate.m in Sources */,
				ED2040361F77A6D300734821 /* NCClassInstance.cpp in Sources */,
				ED219CA31F6D15CB0015293A /* AppDelegate.m in Sources */,
				ED219CA01F6D15CB0015293A /* main.m in Sources */,
				ED219CD71F6D16370015293A /* NCBuiltinFunction.mm in Sources */,
				EDBB6D2D1FEF62FD003CB5C5 /* NCDataSource.m in Sources */,
				ED08CD171FFA050D001A02FB /* UIViewController+NCExtension.m in Sources */,
				ED08CD091FF91262001A02FB /* NCProjectManager.m in Sources */,
				ED08CD0F1FF9E041001A02FB /* NCProjectTableViewCell.m in Sources */,
				ED08CD0C1FF91277001A02FB /* NCProject.m in Sources */,
				ED08CD021FF90A40001A02FB /* NCProjectContentViewController.m in Sources */,
				ED219CD51F6D16370015293A /* NCParser.cpp in Sources */,
				ED219CDA1F6D16370015293A /* NCStackElement.cpp in Sources */,
				EDBB6D301FEF64E0003CB5C5 /* NCTextManager.mm in Sources */,
				ED219CD91F6D16370015293A /* NCInterpreter.cpp in Sources */,
				ED219CD41F6D16370015293A /* NCAST.cpp in Sources */,
				ED219CD81F6D16370015293A /* NCCode.cpp in Sources */,
				ED08CD121FF9E550001A02FB /* NCAddNewFileViewController.m in Sources */,
				D4716E621FF11269000797B1 /* NCInterpreterController.mm in Sources */,
			);
			runOnlyForDeploymentPostprocessing = 0;
		};
		ED219CB01F6D15CB0015293A /* Sources */ = {
			isa = PBXSourcesBuildPhase;
			buildActionMask = 2147483647;
			files = (
				ED219CB91F6D15CB0015293A /* NaiveCTests.m in Sources */,
			);
			runOnlyForDeploymentPostprocessing = 0;
		};
/* End PBXSourcesBuildPhase section */

/* Begin PBXTargetDependency section */
		ED219CB61F6D15CB0015293A /* PBXTargetDependency */ = {
			isa = PBXTargetDependency;
			target = ED219C9A1F6D15CB0015293A /* NaiveC */;
			targetProxy = ED219CB51F6D15CB0015293A /* PBXContainerItemProxy */;
		};
/* End PBXTargetDependency section */

/* Begin PBXVariantGroup section */
		ED219CA71F6D15CB0015293A /* Main.storyboard */ = {
			isa = PBXVariantGroup;
			children = (
				ED219CA81F6D15CB0015293A /* Base */,
			);
			name = Main.storyboard;
			sourceTree = "<group>";
		};
		ED219CAC1F6D15CB0015293A /* LaunchScreen.storyboard */ = {
			isa = PBXVariantGroup;
			children = (
				ED219CAD1F6D15CB0015293A /* Base */,
			);
			name = LaunchScreen.storyboard;
			sourceTree = "<group>";
		};
/* End PBXVariantGroup section */

/* Begin XCBuildConfiguration section */
		ED219CBB1F6D15CB0015293A /* Debug */ = {
			isa = XCBuildConfiguration;
			buildSettings = {
				ALWAYS_SEARCH_USER_PATHS = NO;
				CLANG_ANALYZER_NONNULL = YES;
				CLANG_ANALYZER_NUMBER_OBJECT_CONVERSION = YES_AGGRESSIVE;
				CLANG_CXX_LANGUAGE_STANDARD = "gnu++0x";
				CLANG_CXX_LIBRARY = "libc++";
				CLANG_ENABLE_MODULES = YES;
				CLANG_ENABLE_OBJC_ARC = YES;
				CLANG_WARN_BOOL_CONVERSION = YES;
				CLANG_WARN_CONSTANT_CONVERSION = YES;
				CLANG_WARN_DIRECT_OBJC_ISA_USAGE = YES_ERROR;
				CLANG_WARN_DOCUMENTATION_COMMENTS = YES;
				CLANG_WARN_EMPTY_BODY = YES;
				CLANG_WARN_ENUM_CONVERSION = YES;
				CLANG_WARN_INFINITE_RECURSION = YES;
				CLANG_WARN_INT_CONVERSION = YES;
				CLANG_WARN_OBJC_ROOT_CLASS = YES_ERROR;
				CLANG_WARN_SUSPICIOUS_MOVE = YES;
				CLANG_WARN_UNREACHABLE_CODE = YES;
				CLANG_WARN__DUPLICATE_METHOD_MATCH = YES;
				"CODE_SIGN_IDENTITY[sdk=iphoneos*]" = "iPhone Developer";
				COPY_PHASE_STRIP = NO;
				DEBUG_INFORMATION_FORMAT = dwarf;
				ENABLE_STRICT_OBJC_MSGSEND = YES;
				ENABLE_TESTABILITY = YES;
				GCC_C_LANGUAGE_STANDARD = gnu99;
				GCC_DYNAMIC_NO_PIC = NO;
				GCC_NO_COMMON_BLOCKS = YES;
				GCC_OPTIMIZATION_LEVEL = 0;
				GCC_PREPROCESSOR_DEFINITIONS = (
					"DEBUG=1",
					"$(inherited)",
				);
				GCC_WARN_64_TO_32_BIT_CONVERSION = YES;
				GCC_WARN_ABOUT_RETURN_TYPE = YES_ERROR;
				GCC_WARN_UNDECLARED_SELECTOR = YES;
				GCC_WARN_UNINITIALIZED_AUTOS = YES_AGGRESSIVE;
				GCC_WARN_UNUSED_FUNCTION = YES;
				GCC_WARN_UNUSED_VARIABLE = YES;
				IPHONEOS_DEPLOYMENT_TARGET = 10.3;
				MTL_ENABLE_DEBUG_INFO = YES;
				ONLY_ACTIVE_ARCH = YES;
				SDKROOT = iphoneos;
				TARGETED_DEVICE_FAMILY = "1,2";
			};
			name = Debug;
		};
		ED219CBC1F6D15CB0015293A /* Release */ = {
			isa = XCBuildConfiguration;
			buildSettings = {
				ALWAYS_SEARCH_USER_PATHS = NO;
				CLANG_ANALYZER_NONNULL = YES;
				CLANG_ANALYZER_NUMBER_OBJECT_CONVERSION = YES_AGGRESSIVE;
				CLANG_CXX_LANGUAGE_STANDARD = "gnu++0x";
				CLANG_CXX_LIBRARY = "libc++";
				CLANG_ENABLE_MODULES = YES;
				CLANG_ENABLE_OBJC_ARC = YES;
				CLANG_WARN_BOOL_CONVERSION = YES;
				CLANG_WARN_CONSTANT_CONVERSION = YES;
				CLANG_WARN_DIRECT_OBJC_ISA_USAGE = YES_ERROR;
				CLANG_WARN_DOCUMENTATION_COMMENTS = YES;
				CLANG_WARN_EMPTY_BODY = YES;
				CLANG_WARN_ENUM_CONVERSION = YES;
				CLANG_WARN_INFINITE_RECURSION = YES;
				CLANG_WARN_INT_CONVERSION = YES;
				CLANG_WARN_OBJC_ROOT_CLASS = YES_ERROR;
				CLANG_WARN_SUSPICIOUS_MOVE = YES;
				CLANG_WARN_UNREACHABLE_CODE = YES;
				CLANG_WARN__DUPLICATE_METHOD_MATCH = YES;
				"CODE_SIGN_IDENTITY[sdk=iphoneos*]" = "iPhone Developer";
				COPY_PHASE_STRIP = NO;
				DEBUG_INFORMATION_FORMAT = "dwarf-with-dsym";
				ENABLE_NS_ASSERTIONS = NO;
				ENABLE_STRICT_OBJC_MSGSEND = YES;
				GCC_C_LANGUAGE_STANDARD = gnu99;
				GCC_NO_COMMON_BLOCKS = YES;
				GCC_WARN_64_TO_32_BIT_CONVERSION = YES;
				GCC_WARN_ABOUT_RETURN_TYPE = YES_ERROR;
				GCC_WARN_UNDECLARED_SELECTOR = YES;
				GCC_WARN_UNINITIALIZED_AUTOS = YES_AGGRESSIVE;
				GCC_WARN_UNUSED_FUNCTION = YES;
				GCC_WARN_UNUSED_VARIABLE = YES;
				IPHONEOS_DEPLOYMENT_TARGET = 10.3;
				MTL_ENABLE_DEBUG_INFO = NO;
				SDKROOT = iphoneos;
				TARGETED_DEVICE_FAMILY = "1,2";
				VALIDATE_PRODUCT = YES;
			};
			name = Release;
		};
		ED219CBE1F6D15CB0015293A /* Debug */ = {
			isa = XCBuildConfiguration;
			buildSettings = {
				ASSETCATALOG_COMPILER_APPICON_NAME = AppIcon;
				"CODE_SIGN_IDENTITY[sdk=iphoneos*]" = "iPhone Developer";
				CODE_SIGN_STYLE = Automatic;
				DEVELOPMENT_TEAM = 6FY57Y255B;
				GCC_C_LANGUAGE_STANDARD = gnu99;
				GCC_INPUT_FILETYPE = automatic;
				INFOPLIST_FILE = NaiveC/Info.plist;
				LD_RUNPATH_SEARCH_PATHS = "$(inherited) @executable_path/Frameworks";
				OTHER_LDFLAGS = "";
				PRODUCT_BUNDLE_IDENTIFIER = Ogreaxe.NaiveC;
				PRODUCT_NAME = "$(TARGET_NAME)";
				PROVISIONING_PROFILE = "";
				PROVISIONING_PROFILE_SPECIFIER = "";
			};
			name = Debug;
		};
		ED219CBF1F6D15CB0015293A /* Release */ = {
			isa = XCBuildConfiguration;
			buildSettings = {
				ASSETCATALOG_COMPILER_APPICON_NAME = AppIcon;
				"CODE_SIGN_IDENTITY[sdk=iphoneos*]" = "iPhone Developer";
				CODE_SIGN_STYLE = Automatic;
				DEVELOPMENT_TEAM = 6FY57Y255B;
				GCC_C_LANGUAGE_STANDARD = gnu99;
				GCC_INPUT_FILETYPE = automatic;
				INFOPLIST_FILE = NaiveC/Info.plist;
				LD_RUNPATH_SEARCH_PATHS = "$(inherited) @executable_path/Frameworks";
				OTHER_LDFLAGS = "";
				PRODUCT_BUNDLE_IDENTIFIER = Ogreaxe.NaiveC;
				PRODUCT_NAME = "$(TARGET_NAME)";
				PROVISIONING_PROFILE_SPECIFIER = "";
			};
			name = Release;
		};
		ED219CC11F6D15CB0015293A /* Debug */ = {
			isa = XCBuildConfiguration;
			buildSettings = {
				BUNDLE_LOADER = "$(TEST_HOST)";
				INFOPLIST_FILE = NaiveCTests/Info.plist;
				LD_RUNPATH_SEARCH_PATHS = "$(inherited) @executable_path/Frameworks @loader_path/Frameworks";
				PRODUCT_BUNDLE_IDENTIFIER = Ogreaxe.NaiveCTests;
				PRODUCT_NAME = "$(TARGET_NAME)";
				TEST_HOST = "$(BUILT_PRODUCTS_DIR)/NaiveC.app/NaiveC";
			};
			name = Debug;
		};
		ED219CC21F6D15CB0015293A /* Release */ = {
			isa = XCBuildConfiguration;
			buildSettings = {
				BUNDLE_LOADER = "$(TEST_HOST)";
				INFOPLIST_FILE = NaiveCTests/Info.plist;
				LD_RUNPATH_SEARCH_PATHS = "$(inherited) @executable_path/Frameworks @loader_path/Frameworks";
				PRODUCT_BUNDLE_IDENTIFIER = Ogreaxe.NaiveCTests;
				PRODUCT_NAME = "$(TARGET_NAME)";
				TEST_HOST = "$(BUILT_PRODUCTS_DIR)/NaiveC.app/NaiveC";
			};
			name = Release;
		};
/* End XCBuildConfiguration section */

/* Begin XCConfigurationList section */
		ED219C961F6D15CB0015293A /* Build configuration list for PBXProject "NaiveC" */ = {
			isa = XCConfigurationList;
			buildConfigurations = (
				ED219CBB1F6D15CB0015293A /* Debug */,
				ED219CBC1F6D15CB0015293A /* Release */,
			);
			defaultConfigurationIsVisible = 0;
			defaultConfigurationName = Release;
		};
		ED219CBD1F6D15CB0015293A /* Build configuration list for PBXNativeTarget "NaiveC" */ = {
			isa = XCConfigurationList;
			buildConfigurations = (
				ED219CBE1F6D15CB0015293A /* Debug */,
				ED219CBF1F6D15CB0015293A /* Release */,
			);
			defaultConfigurationIsVisible = 0;
			defaultConfigurationName = Release;
		};
		ED219CC01F6D15CB0015293A /* Build configuration list for PBXNativeTarget "NaiveCTests" */ = {
			isa = XCConfigurationList;
			buildConfigurations = (
				ED219CC11F6D15CB0015293A /* Debug */,
				ED219CC21F6D15CB0015293A /* Release */,
			);
			defaultConfigurationIsVisible = 0;
			defaultConfigurationName = Release;
		};
/* End XCConfigurationList section */
	};
	rootObject = ED219C931F6D15CB0015293A /* Project object */;
}
